// !$*UTF8*$!
{
	archiveVersion = 1;
	classes = {
	};
	objectVersion = 54;
	objects = {

/* Begin PBXBuildFile section */
		7F62EA7929056C3600FCD97F /* GalleryAppTests.swift in Sources */ = {isa = PBXBuildFile; fileRef = 7F62EA7829056C3600FCD97F /* GalleryAppTests.swift */; };
		7F88ED8A2BE56BA5000C0FE0 /* UICheckBoxButton.swift in Sources */ = {isa = PBXBuildFile; fileRef = 7F88ED1C2BE56BA5000C0FE0 /* UICheckBoxButton.swift */; };
		7F88ED8B2BE56BA5000C0FE0 /* PersistanceManager.swift in Sources */ = {isa = PBXBuildFile; fileRef = 7F88ED1E2BE56BA5000C0FE0 /* PersistanceManager.swift */; };
		7F88ED8C2BE56BA5000C0FE0 /* PersistanceManagerImplForRealm.swift in Sources */ = {isa = PBXBuildFile; fileRef = 7F88ED202BE56BA5000C0FE0 /* PersistanceManagerImplForRealm.swift */; };
		7F88ED8D2BE56BA5000C0FE0 /* AlbumIndex.swift in Sources */ = {isa = PBXBuildFile; fileRef = 7F88ED222BE56BA5000C0FE0 /* AlbumIndex.swift */; };
		7F88ED8E2BE56BA5000C0FE0 /* GalleryImage.swift in Sources */ = {isa = PBXBuildFile; fileRef = 7F88ED232BE56BA5000C0FE0 /* GalleryImage.swift */; };
		7F88ED8F2BE56BA5000C0FE0 /* GalleryIndex.swift in Sources */ = {isa = PBXBuildFile; fileRef = 7F88ED242BE56BA5000C0FE0 /* GalleryIndex.swift */; };
		7F88ED912BE56BA5000C0FE0 /* DomainModelConvertible.swift in Sources */ = {isa = PBXBuildFile; fileRef = 7F88ED272BE56BA5000C0FE0 /* DomainModelConvertible.swift */; };
		7F88ED922BE56BA5000C0FE0 /* PersistableModelConvertible.swift in Sources */ = {isa = PBXBuildFile; fileRef = 7F88ED282BE56BA5000C0FE0 /* PersistableModelConvertible.swift */; };
		7F88ED932BE56BA5000C0FE0 /* en.xcloc in Resources */ = {isa = PBXBuildFile; fileRef = 7F88ED2D2BE56BA5000C0FE0 /* en.xcloc */; };
		7F88ED952BE56BA5000C0FE0 /* AlbumListRouter.swift in Sources */ = {isa = PBXBuildFile; fileRef = 7F88ED312BE56BA5000C0FE0 /* AlbumListRouter.swift */; };
		7F88ED962BE56BA5000C0FE0 /* AlbumListViewControllerDelegate.swift in Sources */ = {isa = PBXBuildFile; fileRef = 7F88ED322BE56BA5000C0FE0 /* AlbumListViewControllerDelegate.swift */; };
		7F88ED972BE56BA5000C0FE0 /* AlbumsListView.swift in Sources */ = {isa = PBXBuildFile; fileRef = 7F88ED332BE56BA5000C0FE0 /* AlbumsListView.swift */; };
		7F88ED982BE56BA5000C0FE0 /* AlbumsListViewController.swift in Sources */ = {isa = PBXBuildFile; fileRef = 7F88ED342BE56BA5000C0FE0 /* AlbumsListViewController.swift */; };
		7F88ED992BE56BA5000C0FE0 /* AlbumsListViewModel.swift in Sources */ = {isa = PBXBuildFile; fileRef = 7F88ED352BE56BA5000C0FE0 /* AlbumsListViewModel.swift */; };
		7F88ED9A2BE56BA5000C0FE0 /* AlbumScreenCell.swift in Sources */ = {isa = PBXBuildFile; fileRef = 7F88ED372BE56BA5000C0FE0 /* AlbumScreenCell.swift */; };
		7F88ED9B2BE56BA5000C0FE0 /* AlbumScreenModel.swift in Sources */ = {isa = PBXBuildFile; fileRef = 7F88ED382BE56BA5000C0FE0 /* AlbumScreenModel.swift */; };
		7F88ED9C2BE56BA5000C0FE0 /* AlbumScreenRouter.swift in Sources */ = {isa = PBXBuildFile; fileRef = 7F88ED392BE56BA5000C0FE0 /* AlbumScreenRouter.swift */; };
		7F88ED9D2BE56BA5000C0FE0 /* AlbumScreenSectionModel.swift in Sources */ = {isa = PBXBuildFile; fileRef = 7F88ED3A2BE56BA5000C0FE0 /* AlbumScreenSectionModel.swift */; };
		7F88ED9E2BE56BA5000C0FE0 /* AlbumScreenView.swift in Sources */ = {isa = PBXBuildFile; fileRef = 7F88ED3B2BE56BA5000C0FE0 /* AlbumScreenView.swift */; };
		7F88ED9F2BE56BA5000C0FE0 /* AlbumScreenViewController.swift in Sources */ = {isa = PBXBuildFile; fileRef = 7F88ED3C2BE56BA5000C0FE0 /* AlbumScreenViewController.swift */; };
		7F88EDA02BE56BA5000C0FE0 /* AlbumScreenViewModel.swift in Sources */ = {isa = PBXBuildFile; fileRef = 7F88ED3D2BE56BA5000C0FE0 /* AlbumScreenViewModel.swift */; };
		7F88EDA12BE56BA5000C0FE0 /* PhotoDetailCollectionViewCell.swift in Sources */ = {isa = PBXBuildFile; fileRef = 7F88ED402BE56BA5000C0FE0 /* PhotoDetailCollectionViewCell.swift */; };
		7F88EDA22BE56BA5000C0FE0 /* PhotoDetailModel.swift in Sources */ = {isa = PBXBuildFile; fileRef = 7F88ED412BE56BA5000C0FE0 /* PhotoDetailModel.swift */; };
		7F88EDA32BE56BA5000C0FE0 /* PhotoDetailView.swift in Sources */ = {isa = PBXBuildFile; fileRef = 7F88ED422BE56BA5000C0FE0 /* PhotoDetailView.swift */; };
		7F88EDA42BE56BA5000C0FE0 /* PhotoDetailViewController.swift in Sources */ = {isa = PBXBuildFile; fileRef = 7F88ED432BE56BA5000C0FE0 /* PhotoDetailViewController.swift */; };
		7F88EDA52BE56BA5000C0FE0 /* PhotoDetailViewModel.swift in Sources */ = {isa = PBXBuildFile; fileRef = 7F88ED442BE56BA5000C0FE0 /* PhotoDetailViewModel.swift */; };
		7F88EDA62BE56BA5000C0FE0 /* PhotoPropertiesView.swift in Sources */ = {isa = PBXBuildFile; fileRef = 7F88ED462BE56BA5000C0FE0 /* PhotoPropertiesView.swift */; };
		7F88EDA72BE56BA5000C0FE0 /* PhotoPropertiesViewController.swift in Sources */ = {isa = PBXBuildFile; fileRef = 7F88ED472BE56BA5000C0FE0 /* PhotoPropertiesViewController.swift */; };
		7F88EDA82BE56BA5000C0FE0 /* PhotoPropertiesViewModel.swift in Sources */ = {isa = PBXBuildFile; fileRef = 7F88ED482BE56BA5000C0FE0 /* PhotoPropertiesViewModel.swift */; };
		7F88EDA92BE56BA5000C0FE0 /* SelectLibraryAnimatableSectionModel.swift in Sources */ = {isa = PBXBuildFile; fileRef = 7F88ED4A2BE56BA5000C0FE0 /* SelectLibraryAnimatableSectionModel.swift */; };
		7F88EDAA2BE56BA5000C0FE0 /* SelectLibraryCell.swift in Sources */ = {isa = PBXBuildFile; fileRef = 7F88ED4C2BE56BA5000C0FE0 /* SelectLibraryCell.swift */; };
		7F88EDAB2BE56BA5000C0FE0 /* SelectLibraryView.swift in Sources */ = {isa = PBXBuildFile; fileRef = 7F88ED4D2BE56BA5000C0FE0 /* SelectLibraryView.swift */; };
		7F88EDAC2BE56BA5000C0FE0 /* SelectLibraryViewController.swift in Sources */ = {isa = PBXBuildFile; fileRef = 7F88ED4E2BE56BA5000C0FE0 /* SelectLibraryViewController.swift */; };
		7F88EDAD2BE56BA5000C0FE0 /* SelectLibraryViewModel.swift in Sources */ = {isa = PBXBuildFile; fileRef = 7F88ED4F2BE56BA5000C0FE0 /* SelectLibraryViewModel.swift */; };
		7F88EDAE2BE56BA5000C0FE0 /* SidebarItem.swift in Sources */ = {isa = PBXBuildFile; fileRef = 7F88ED512BE56BA5000C0FE0 /* SidebarItem.swift */; };
		7F88EDAF2BE56BA5000C0FE0 /* SidebarSectionCategory.swift in Sources */ = {isa = PBXBuildFile; fileRef = 7F88ED522BE56BA5000C0FE0 /* SidebarSectionCategory.swift */; };
		7F88EDB02BE56BA5000C0FE0 /* SidebarSectionModel.swift in Sources */ = {isa = PBXBuildFile; fileRef = 7F88ED532BE56BA5000C0FE0 /* SidebarSectionModel.swift */; };
		7F88EDB12BE56BA5000C0FE0 /* SidebarRouter.swift in Sources */ = {isa = PBXBuildFile; fileRef = 7F88ED552BE56BA5000C0FE0 /* SidebarRouter.swift */; };
		7F88EDB22BE56BA5000C0FE0 /* SidebarView.swift in Sources */ = {isa = PBXBuildFile; fileRef = 7F88ED562BE56BA5000C0FE0 /* SidebarView.swift */; };
		7F88EDB32BE56BA5000C0FE0 /* SidebarViewCell.swift in Sources */ = {isa = PBXBuildFile; fileRef = 7F88ED572BE56BA5000C0FE0 /* SidebarViewCell.swift */; };
		7F88EDB42BE56BA5000C0FE0 /* SidebarViewController.swift in Sources */ = {isa = PBXBuildFile; fileRef = 7F88ED582BE56BA5000C0FE0 /* SidebarViewController.swift */; };
		7F88EDB52BE56BA5000C0FE0 /* SidebarViewModel.swift in Sources */ = {isa = PBXBuildFile; fileRef = 7F88ED592BE56BA5000C0FE0 /* SidebarViewModel.swift */; };
		7F88EDB62BE56BA5000C0FE0 /* SplitViewController.swift in Sources */ = {isa = PBXBuildFile; fileRef = 7F88ED5C2BE56BA5000C0FE0 /* SplitViewController.swift */; };
		7F88EDB72BE56BA5000C0FE0 /* SettingsKey.swift in Sources */ = {isa = PBXBuildFile; fileRef = 7F88ED5F2BE56BA5000C0FE0 /* SettingsKey.swift */; };
		7F88EDB82BE56BA5000C0FE0 /* GalleryManagerImpl.swift in Sources */ = {isa = PBXBuildFile; fileRef = 7F88ED612BE56BA5000C0FE0 /* GalleryManagerImpl.swift */; };
		7F88EDB92BE56BA5000C0FE0 /* GalleryManager.swift in Sources */ = {isa = PBXBuildFile; fileRef = 7F88ED632BE56BA5000C0FE0 /* GalleryManager.swift */; };
		7F88EDBA2BE56BA5000C0FE0 /* SettingsManager.swift in Sources */ = {isa = PBXBuildFile; fileRef = 7F88ED642BE56BA5000C0FE0 /* SettingsManager.swift */; };
		7F88EDBB2BE56BA5000C0FE0 /* GalleryManagerError.swift in Sources */ = {isa = PBXBuildFile; fileRef = 7F88ED662BE56BA5000C0FE0 /* GalleryManagerError.swift */; };
		7F88EDBC2BE56BA5000C0FE0 /* PathResolver.swift in Sources */ = {isa = PBXBuildFile; fileRef = 7F88ED672BE56BA5000C0FE0 /* PathResolver.swift */; };
		7F88EDBD2BE56BA5000C0FE0 /* PersistanceModelsForRealm.swift in Sources */ = {isa = PBXBuildFile; fileRef = 7F88ED682BE56BA5000C0FE0 /* PersistanceModelsForRealm.swift */; };
		7F88EDBE2BE56BA5000C0FE0 /* SettingsManagerImpl.swift in Sources */ = {isa = PBXBuildFile; fileRef = 7F88ED692BE56BA5000C0FE0 /* SettingsManagerImpl.swift */; };
		7F88EDBF2BE56BA5000C0FE0 /* UnsecureStorage.swift in Sources */ = {isa = PBXBuildFile; fileRef = 7F88ED6A2BE56BA5000C0FE0 /* UnsecureStorage.swift */; };
		7F88EDC02BE56BA5000C0FE0 /* Assets.xcassets in Resources */ = {isa = PBXBuildFile; fileRef = 7F88ED6C2BE56BA5000C0FE0 /* Assets.xcassets */; };
		7F88EDC12BE56BA5000C0FE0 /* Localizable.strings in Resources */ = {isa = PBXBuildFile; fileRef = 7F88ED6E2BE56BA5000C0FE0 /* Localizable.strings */; };
		7F88EDC22BE56BA5000C0FE0 /* Localizable.strings in Resources */ = {isa = PBXBuildFile; fileRef = 7F88ED702BE56BA5000C0FE0 /* Localizable.strings */; };
		7F88EDC32BE56BA5000C0FE0 /* ArrayExtension.swift in Sources */ = {isa = PBXBuildFile; fileRef = 7F88ED722BE56BA5000C0FE0 /* ArrayExtension.swift */; };
		7F88EDC42BE56BA5000C0FE0 /* Average.swift in Sources */ = {isa = PBXBuildFile; fileRef = 7F88ED732BE56BA5000C0FE0 /* Average.swift */; };
		7F88EDC52BE56BA5000C0FE0 /* BehaviourSubject+toggle.swift in Sources */ = {isa = PBXBuildFile; fileRef = 7F88ED742BE56BA5000C0FE0 /* BehaviourSubject+toggle.swift */; };
		7F88EDC62BE56BA5000C0FE0 /* Constants.swift in Sources */ = {isa = PBXBuildFile; fileRef = 7F88ED752BE56BA5000C0FE0 /* Constants.swift */; };
		7F88EDC72BE56BA5000C0FE0 /* ContainerBuilder.swift in Sources */ = {isa = PBXBuildFile; fileRef = 7F88ED762BE56BA5000C0FE0 /* ContainerBuilder.swift */; };
		7F88EDC82BE56BA5000C0FE0 /* EdgeInsets.swift in Sources */ = {isa = PBXBuildFile; fileRef = 7F88ED772BE56BA5000C0FE0 /* EdgeInsets.swift */; };
		7F88EDC92BE56BA5000C0FE0 /* ImageResizer.swift in Sources */ = {isa = PBXBuildFile; fileRef = 7F88ED782BE56BA5000C0FE0 /* ImageResizer.swift */; };
		7F88EDCA2BE56BA5000C0FE0 /* ImageView+BlurEffect.swift in Sources */ = {isa = PBXBuildFile; fileRef = 7F88ED792BE56BA5000C0FE0 /* ImageView+BlurEffect.swift */; };
		7F88EDCB2BE56BA5000C0FE0 /* MutableProgress.swift in Sources */ = {isa = PBXBuildFile; fileRef = 7F88ED7A2BE56BA5000C0FE0 /* MutableProgress.swift */; };
		7F88EDCC2BE56BA5000C0FE0 /* PanZoomImageView.swift in Sources */ = {isa = PBXBuildFile; fileRef = 7F88ED7B2BE56BA5000C0FE0 /* PanZoomImageView.swift */; };
		7F88EDCD2BE56BA5000C0FE0 /* TopMostNavigationController.swift in Sources */ = {isa = PBXBuildFile; fileRef = 7F88ED7C2BE56BA5000C0FE0 /* TopMostNavigationController.swift */; };
		7F88EDCE2BE56BA5000C0FE0 /* UIColor+randomColor.swift in Sources */ = {isa = PBXBuildFile; fileRef = 7F88ED7D2BE56BA5000C0FE0 /* UIColor+randomColor.swift */; };
		7F88EDCF2BE56BA5000C0FE0 /* UIImage+imageWidth.swift in Sources */ = {isa = PBXBuildFile; fileRef = 7F88ED7E2BE56BA5000C0FE0 /* UIImage+imageWidth.swift */; };
		7F88EDD02BE56BA5000C0FE0 /* UIImage+roundedImage.swift in Sources */ = {isa = PBXBuildFile; fileRef = 7F88ED7F2BE56BA5000C0FE0 /* UIImage+roundedImage.swift */; };
		7F88EDD12BE56BA5000C0FE0 /* UIImageView+contentClippingRect.swift in Sources */ = {isa = PBXBuildFile; fileRef = 7F88ED802BE56BA5000C0FE0 /* UIImageView+contentClippingRect.swift */; };
		7F88EDD22BE56BA5000C0FE0 /* UIStackView+addArrangedSubviews.swift in Sources */ = {isa = PBXBuildFile; fileRef = 7F88ED812BE56BA5000C0FE0 /* UIStackView+addArrangedSubviews.swift */; };
		7F88EDD32BE56BA5000C0FE0 /* UIView+addSubviews.swift in Sources */ = {isa = PBXBuildFile; fileRef = 7F88ED822BE56BA5000C0FE0 /* UIView+addSubviews.swift */; };
		7F88EDD42BE56BA5000C0FE0 /* UIViewController+Child.swift in Sources */ = {isa = PBXBuildFile; fileRef = 7F88ED832BE56BA5000C0FE0 /* UIViewController+Child.swift */; };
		7F88EDD52BE56BA5000C0FE0 /* UIWindow+isLandscape.swift in Sources */ = {isa = PBXBuildFile; fileRef = 7F88ED842BE56BA5000C0FE0 /* UIWindow+isLandscape.swift */; };
		7F88EDD62BE56BA5000C0FE0 /* UUID+empty.swift in Sources */ = {isa = PBXBuildFile; fileRef = 7F88ED852BE56BA5000C0FE0 /* UUID+empty.swift */; };
		7F88EDD72BE56BA5000C0FE0 /* AppDelegate.swift in Sources */ = {isa = PBXBuildFile; fileRef = 7F88ED872BE56BA5000C0FE0 /* AppDelegate.swift */; };
		7F88EDD82BE56BA5000C0FE0 /* SceneDelegate.swift in Sources */ = {isa = PBXBuildFile; fileRef = 7F88ED882BE56BA5000C0FE0 /* SceneDelegate.swift */; };
		7F8B7D7E2AF82A9C0013950B /* Algorithms in Frameworks */ = {isa = PBXBuildFile; productRef = 7F8B7D7D2AF82A9C0013950B /* Algorithms */; };
		7FEDEA93284CD8AD001F40C0 /* SnapKit in Frameworks */ = {isa = PBXBuildFile; productRef = 7FEDEA92284CD8AD001F40C0 /* SnapKit */; };
		7FF5C07A2A9D2C65001CA982 /* LaunchScreen.storyboard in Resources */ = {isa = PBXBuildFile; fileRef = 7FF5C0272A9D2C65001CA982 /* LaunchScreen.storyboard */; };
		C5E31A5B29CA458A2ECFBB84 /* Pods_GalleryApp.framework in Frameworks */ = {isa = PBXBuildFile; fileRef = 3EA12F2563EC62F83C49EBB5 /* Pods_GalleryApp.framework */; };
/* End PBXBuildFile section */

/* Begin PBXContainerItemProxy section */
		7F62EA7A29056C3600FCD97F /* PBXContainerItemProxy */ = {
			isa = PBXContainerItemProxy;
			containerPortal = 7F235DF22585B73C007BD075 /* Project object */;
			proxyType = 1;
			remoteGlobalIDString = 7F235DF92585B73C007BD075;
			remoteInfo = GalleryApp;
		};
/* End PBXContainerItemProxy section */

/* Begin PBXFileReference section */
		216BD55F45C4FA5F78C2B2DB /* Pods-GalleryApp.debug.xcconfig */ = {isa = PBXFileReference; includeInIndex = 1; lastKnownFileType = text.xcconfig; name = "Pods-GalleryApp.debug.xcconfig"; path = "Target Support Files/Pods-GalleryApp/Pods-GalleryApp.debug.xcconfig"; sourceTree = "<group>"; };
		3EA12F2563EC62F83C49EBB5 /* Pods_GalleryApp.framework */ = {isa = PBXFileReference; explicitFileType = wrapper.framework; includeInIndex = 0; path = Pods_GalleryApp.framework; sourceTree = BUILT_PRODUCTS_DIR; };
		7F235DFA2585B73C007BD075 /* GalleryApp.app */ = {isa = PBXFileReference; explicitFileType = wrapper.application; includeInIndex = 0; path = GalleryApp.app; sourceTree = BUILT_PRODUCTS_DIR; };
		7F62EA7629056C3600FCD97F /* GalleryAppTests.xctest */ = {isa = PBXFileReference; explicitFileType = wrapper.cfbundle; includeInIndex = 0; path = GalleryAppTests.xctest; sourceTree = BUILT_PRODUCTS_DIR; };
		7F62EA7829056C3600FCD97F /* GalleryAppTests.swift */ = {isa = PBXFileReference; lastKnownFileType = sourcecode.swift; path = GalleryAppTests.swift; sourceTree = "<group>"; };
		7F88ED1C2BE56BA5000C0FE0 /* UICheckBoxButton.swift */ = {isa = PBXFileReference; fileEncoding = 4; lastKnownFileType = sourcecode.swift; path = UICheckBoxButton.swift; sourceTree = "<group>"; };
		7F88ED1E2BE56BA5000C0FE0 /* PersistanceManager.swift */ = {isa = PBXFileReference; fileEncoding = 4; lastKnownFileType = sourcecode.swift; path = PersistanceManager.swift; sourceTree = "<group>"; };
		7F88ED202BE56BA5000C0FE0 /* PersistanceManagerImplForRealm.swift */ = {isa = PBXFileReference; fileEncoding = 4; lastKnownFileType = sourcecode.swift; path = PersistanceManagerImplForRealm.swift; sourceTree = "<group>"; };
		7F88ED222BE56BA5000C0FE0 /* AlbumIndex.swift */ = {isa = PBXFileReference; fileEncoding = 4; lastKnownFileType = sourcecode.swift; path = AlbumIndex.swift; sourceTree = "<group>"; };
		7F88ED232BE56BA5000C0FE0 /* GalleryImage.swift */ = {isa = PBXFileReference; fileEncoding = 4; lastKnownFileType = sourcecode.swift; path = GalleryImage.swift; sourceTree = "<group>"; };
		7F88ED242BE56BA5000C0FE0 /* GalleryIndex.swift */ = {isa = PBXFileReference; fileEncoding = 4; lastKnownFileType = sourcecode.swift; path = GalleryIndex.swift; sourceTree = "<group>"; };
		7F88ED272BE56BA5000C0FE0 /* DomainModelConvertible.swift */ = {isa = PBXFileReference; fileEncoding = 4; lastKnownFileType = sourcecode.swift; path = DomainModelConvertible.swift; sourceTree = "<group>"; };
		7F88ED282BE56BA5000C0FE0 /* PersistableModelConvertible.swift */ = {isa = PBXFileReference; fileEncoding = 4; lastKnownFileType = sourcecode.swift; path = PersistableModelConvertible.swift; sourceTree = "<group>"; };
		7F88ED2B2BE56BA5000C0FE0 /* GalleryApp.entitlements */ = {isa = PBXFileReference; fileEncoding = 4; lastKnownFileType = text.plist.entitlements; path = GalleryApp.entitlements; sourceTree = "<group>"; };
		7F88ED2D2BE56BA5000C0FE0 /* en.xcloc */ = {isa = PBXFileReference; lastKnownFileType = wrapper; path = en.xcloc; sourceTree = "<group>"; };
		7F88ED2F2BE56BA5000C0FE0 /* Info.plist */ = {isa = PBXFileReference; fileEncoding = 4; lastKnownFileType = text.plist.xml; path = Info.plist; sourceTree = "<group>"; };
		7F88ED312BE56BA5000C0FE0 /* AlbumListRouter.swift */ = {isa = PBXFileReference; fileEncoding = 4; lastKnownFileType = sourcecode.swift; path = AlbumListRouter.swift; sourceTree = "<group>"; };
		7F88ED322BE56BA5000C0FE0 /* AlbumListViewControllerDelegate.swift */ = {isa = PBXFileReference; fileEncoding = 4; lastKnownFileType = sourcecode.swift; path = AlbumListViewControllerDelegate.swift; sourceTree = "<group>"; };
		7F88ED332BE56BA5000C0FE0 /* AlbumsListView.swift */ = {isa = PBXFileReference; fileEncoding = 4; lastKnownFileType = sourcecode.swift; path = AlbumsListView.swift; sourceTree = "<group>"; };
		7F88ED342BE56BA5000C0FE0 /* AlbumsListViewController.swift */ = {isa = PBXFileReference; fileEncoding = 4; lastKnownFileType = sourcecode.swift; path = AlbumsListViewController.swift; sourceTree = "<group>"; };
		7F88ED352BE56BA5000C0FE0 /* AlbumsListViewModel.swift */ = {isa = PBXFileReference; fileEncoding = 4; lastKnownFileType = sourcecode.swift; path = AlbumsListViewModel.swift; sourceTree = "<group>"; };
		7F88ED372BE56BA5000C0FE0 /* AlbumScreenCell.swift */ = {isa = PBXFileReference; fileEncoding = 4; lastKnownFileType = sourcecode.swift; path = AlbumScreenCell.swift; sourceTree = "<group>"; };
		7F88ED382BE56BA5000C0FE0 /* AlbumScreenModel.swift */ = {isa = PBXFileReference; fileEncoding = 4; lastKnownFileType = sourcecode.swift; path = AlbumScreenModel.swift; sourceTree = "<group>"; };
		7F88ED392BE56BA5000C0FE0 /* AlbumScreenRouter.swift */ = {isa = PBXFileReference; fileEncoding = 4; lastKnownFileType = sourcecode.swift; path = AlbumScreenRouter.swift; sourceTree = "<group>"; };
		7F88ED3A2BE56BA5000C0FE0 /* AlbumScreenSectionModel.swift */ = {isa = PBXFileReference; fileEncoding = 4; lastKnownFileType = sourcecode.swift; path = AlbumScreenSectionModel.swift; sourceTree = "<group>"; };
		7F88ED3B2BE56BA5000C0FE0 /* AlbumScreenView.swift */ = {isa = PBXFileReference; fileEncoding = 4; lastKnownFileType = sourcecode.swift; path = AlbumScreenView.swift; sourceTree = "<group>"; };
		7F88ED3C2BE56BA5000C0FE0 /* AlbumScreenViewController.swift */ = {isa = PBXFileReference; fileEncoding = 4; lastKnownFileType = sourcecode.swift; path = AlbumScreenViewController.swift; sourceTree = "<group>"; };
		7F88ED3D2BE56BA5000C0FE0 /* AlbumScreenViewModel.swift */ = {isa = PBXFileReference; fileEncoding = 4; lastKnownFileType = sourcecode.swift; path = AlbumScreenViewModel.swift; sourceTree = "<group>"; };
		7F88ED402BE56BA5000C0FE0 /* PhotoDetailCollectionViewCell.swift */ = {isa = PBXFileReference; fileEncoding = 4; lastKnownFileType = sourcecode.swift; path = PhotoDetailCollectionViewCell.swift; sourceTree = "<group>"; };
		7F88ED412BE56BA5000C0FE0 /* PhotoDetailModel.swift */ = {isa = PBXFileReference; fileEncoding = 4; lastKnownFileType = sourcecode.swift; path = PhotoDetailModel.swift; sourceTree = "<group>"; };
		7F88ED422BE56BA5000C0FE0 /* PhotoDetailView.swift */ = {isa = PBXFileReference; fileEncoding = 4; lastKnownFileType = sourcecode.swift; path = PhotoDetailView.swift; sourceTree = "<group>"; };
		7F88ED432BE56BA5000C0FE0 /* PhotoDetailViewController.swift */ = {isa = PBXFileReference; fileEncoding = 4; lastKnownFileType = sourcecode.swift; path = PhotoDetailViewController.swift; sourceTree = "<group>"; };
		7F88ED442BE56BA5000C0FE0 /* PhotoDetailViewModel.swift */ = {isa = PBXFileReference; fileEncoding = 4; lastKnownFileType = sourcecode.swift; path = PhotoDetailViewModel.swift; sourceTree = "<group>"; };
		7F88ED462BE56BA5000C0FE0 /* PhotoPropertiesView.swift */ = {isa = PBXFileReference; fileEncoding = 4; lastKnownFileType = sourcecode.swift; path = PhotoPropertiesView.swift; sourceTree = "<group>"; };
		7F88ED472BE56BA5000C0FE0 /* PhotoPropertiesViewController.swift */ = {isa = PBXFileReference; fileEncoding = 4; lastKnownFileType = sourcecode.swift; path = PhotoPropertiesViewController.swift; sourceTree = "<group>"; };
		7F88ED482BE56BA5000C0FE0 /* PhotoPropertiesViewModel.swift */ = {isa = PBXFileReference; fileEncoding = 4; lastKnownFileType = sourcecode.swift; path = PhotoPropertiesViewModel.swift; sourceTree = "<group>"; };
		7F88ED4A2BE56BA5000C0FE0 /* SelectLibraryAnimatableSectionModel.swift */ = {isa = PBXFileReference; fileEncoding = 4; lastKnownFileType = sourcecode.swift; path = SelectLibraryAnimatableSectionModel.swift; sourceTree = "<group>"; };
		7F88ED4C2BE56BA5000C0FE0 /* SelectLibraryCell.swift */ = {isa = PBXFileReference; fileEncoding = 4; lastKnownFileType = sourcecode.swift; path = SelectLibraryCell.swift; sourceTree = "<group>"; };
		7F88ED4D2BE56BA5000C0FE0 /* SelectLibraryView.swift */ = {isa = PBXFileReference; fileEncoding = 4; lastKnownFileType = sourcecode.swift; path = SelectLibraryView.swift; sourceTree = "<group>"; };
		7F88ED4E2BE56BA5000C0FE0 /* SelectLibraryViewController.swift */ = {isa = PBXFileReference; fileEncoding = 4; lastKnownFileType = sourcecode.swift; path = SelectLibraryViewController.swift; sourceTree = "<group>"; };
		7F88ED4F2BE56BA5000C0FE0 /* SelectLibraryViewModel.swift */ = {isa = PBXFileReference; fileEncoding = 4; lastKnownFileType = sourcecode.swift; path = SelectLibraryViewModel.swift; sourceTree = "<group>"; };
		7F88ED512BE56BA5000C0FE0 /* SidebarItem.swift */ = {isa = PBXFileReference; fileEncoding = 4; lastKnownFileType = sourcecode.swift; path = SidebarItem.swift; sourceTree = "<group>"; };
		7F88ED522BE56BA5000C0FE0 /* SidebarSectionCategory.swift */ = {isa = PBXFileReference; fileEncoding = 4; lastKnownFileType = sourcecode.swift; path = SidebarSectionCategory.swift; sourceTree = "<group>"; };
		7F88ED532BE56BA5000C0FE0 /* SidebarSectionModel.swift */ = {isa = PBXFileReference; fileEncoding = 4; lastKnownFileType = sourcecode.swift; path = SidebarSectionModel.swift; sourceTree = "<group>"; };
		7F88ED552BE56BA5000C0FE0 /* SidebarRouter.swift */ = {isa = PBXFileReference; fileEncoding = 4; lastKnownFileType = sourcecode.swift; path = SidebarRouter.swift; sourceTree = "<group>"; };
		7F88ED562BE56BA5000C0FE0 /* SidebarView.swift */ = {isa = PBXFileReference; fileEncoding = 4; lastKnownFileType = sourcecode.swift; path = SidebarView.swift; sourceTree = "<group>"; };
		7F88ED572BE56BA5000C0FE0 /* SidebarViewCell.swift */ = {isa = PBXFileReference; fileEncoding = 4; lastKnownFileType = sourcecode.swift; path = SidebarViewCell.swift; sourceTree = "<group>"; };
		7F88ED582BE56BA5000C0FE0 /* SidebarViewController.swift */ = {isa = PBXFileReference; fileEncoding = 4; lastKnownFileType = sourcecode.swift; path = SidebarViewController.swift; sourceTree = "<group>"; };
		7F88ED592BE56BA5000C0FE0 /* SidebarViewModel.swift */ = {isa = PBXFileReference; fileEncoding = 4; lastKnownFileType = sourcecode.swift; path = SidebarViewModel.swift; sourceTree = "<group>"; };
		7F88ED5C2BE56BA5000C0FE0 /* SplitViewController.swift */ = {isa = PBXFileReference; fileEncoding = 4; lastKnownFileType = sourcecode.swift; path = SplitViewController.swift; sourceTree = "<group>"; };
		7F88ED5F2BE56BA5000C0FE0 /* SettingsKey.swift */ = {isa = PBXFileReference; fileEncoding = 4; lastKnownFileType = sourcecode.swift; path = SettingsKey.swift; sourceTree = "<group>"; };
		7F88ED612BE56BA5000C0FE0 /* GalleryManagerImpl.swift */ = {isa = PBXFileReference; fileEncoding = 4; lastKnownFileType = sourcecode.swift; path = GalleryManagerImpl.swift; sourceTree = "<group>"; };
		7F88ED632BE56BA5000C0FE0 /* GalleryManager.swift */ = {isa = PBXFileReference; fileEncoding = 4; lastKnownFileType = sourcecode.swift; path = GalleryManager.swift; sourceTree = "<group>"; };
		7F88ED642BE56BA5000C0FE0 /* SettingsManager.swift */ = {isa = PBXFileReference; fileEncoding = 4; lastKnownFileType = sourcecode.swift; path = SettingsManager.swift; sourceTree = "<group>"; };
		7F88ED662BE56BA5000C0FE0 /* GalleryManagerError.swift */ = {isa = PBXFileReference; fileEncoding = 4; lastKnownFileType = sourcecode.swift; path = GalleryManagerError.swift; sourceTree = "<group>"; };
		7F88ED672BE56BA5000C0FE0 /* PathResolver.swift */ = {isa = PBXFileReference; fileEncoding = 4; lastKnownFileType = sourcecode.swift; path = PathResolver.swift; sourceTree = "<group>"; };
		7F88ED682BE56BA5000C0FE0 /* PersistanceModelsForRealm.swift */ = {isa = PBXFileReference; fileEncoding = 4; lastKnownFileType = sourcecode.swift; path = PersistanceModelsForRealm.swift; sourceTree = "<group>"; };
		7F88ED692BE56BA5000C0FE0 /* SettingsManagerImpl.swift */ = {isa = PBXFileReference; fileEncoding = 4; lastKnownFileType = sourcecode.swift; path = SettingsManagerImpl.swift; sourceTree = "<group>"; };
		7F88ED6A2BE56BA5000C0FE0 /* UnsecureStorage.swift */ = {isa = PBXFileReference; fileEncoding = 4; lastKnownFileType = sourcecode.swift; path = UnsecureStorage.swift; sourceTree = "<group>"; };
		7F88ED6C2BE56BA5000C0FE0 /* Assets.xcassets */ = {isa = PBXFileReference; lastKnownFileType = folder.assetcatalog; path = Assets.xcassets; sourceTree = "<group>"; };
		7F88ED6D2BE56BA5000C0FE0 /* en */ = {isa = PBXFileReference; lastKnownFileType = text.plist.strings; name = en; path = en.lproj/Localizable.strings; sourceTree = "<group>"; };
		7F88ED6F2BE56BA5000C0FE0 /* cs */ = {isa = PBXFileReference; lastKnownFileType = text.plist.strings; name = cs; path = cs.lproj/Localizable.strings; sourceTree = "<group>"; };
		7F88ED722BE56BA5000C0FE0 /* ArrayExtension.swift */ = {isa = PBXFileReference; fileEncoding = 4; lastKnownFileType = sourcecode.swift; path = ArrayExtension.swift; sourceTree = "<group>"; };
		7F88ED732BE56BA5000C0FE0 /* Average.swift */ = {isa = PBXFileReference; fileEncoding = 4; lastKnownFileType = sourcecode.swift; path = Average.swift; sourceTree = "<group>"; };
		7F88ED742BE56BA5000C0FE0 /* BehaviourSubject+toggle.swift */ = {isa = PBXFileReference; fileEncoding = 4; lastKnownFileType = sourcecode.swift; path = "BehaviourSubject+toggle.swift"; sourceTree = "<group>"; };
		7F88ED752BE56BA5000C0FE0 /* Constants.swift */ = {isa = PBXFileReference; fileEncoding = 4; lastKnownFileType = sourcecode.swift; path = Constants.swift; sourceTree = "<group>"; };
		7F88ED762BE56BA5000C0FE0 /* ContainerBuilder.swift */ = {isa = PBXFileReference; fileEncoding = 4; lastKnownFileType = sourcecode.swift; path = ContainerBuilder.swift; sourceTree = "<group>"; };
		7F88ED772BE56BA5000C0FE0 /* EdgeInsets.swift */ = {isa = PBXFileReference; fileEncoding = 4; lastKnownFileType = sourcecode.swift; path = EdgeInsets.swift; sourceTree = "<group>"; };
		7F88ED782BE56BA5000C0FE0 /* ImageResizer.swift */ = {isa = PBXFileReference; fileEncoding = 4; lastKnownFileType = sourcecode.swift; path = ImageResizer.swift; sourceTree = "<group>"; };
		7F88ED792BE56BA5000C0FE0 /* ImageView+BlurEffect.swift */ = {isa = PBXFileReference; fileEncoding = 4; lastKnownFileType = sourcecode.swift; path = "ImageView+BlurEffect.swift"; sourceTree = "<group>"; };
		7F88ED7A2BE56BA5000C0FE0 /* MutableProgress.swift */ = {isa = PBXFileReference; fileEncoding = 4; lastKnownFileType = sourcecode.swift; path = MutableProgress.swift; sourceTree = "<group>"; };
		7F88ED7B2BE56BA5000C0FE0 /* PanZoomImageView.swift */ = {isa = PBXFileReference; fileEncoding = 4; lastKnownFileType = sourcecode.swift; path = PanZoomImageView.swift; sourceTree = "<group>"; };
		7F88ED7C2BE56BA5000C0FE0 /* TopMostNavigationController.swift */ = {isa = PBXFileReference; fileEncoding = 4; lastKnownFileType = sourcecode.swift; path = TopMostNavigationController.swift; sourceTree = "<group>"; };
		7F88ED7D2BE56BA5000C0FE0 /* UIColor+randomColor.swift */ = {isa = PBXFileReference; fileEncoding = 4; lastKnownFileType = sourcecode.swift; path = "UIColor+randomColor.swift"; sourceTree = "<group>"; };
		7F88ED7E2BE56BA5000C0FE0 /* UIImage+imageWidth.swift */ = {isa = PBXFileReference; fileEncoding = 4; lastKnownFileType = sourcecode.swift; path = "UIImage+imageWidth.swift"; sourceTree = "<group>"; };
		7F88ED7F2BE56BA5000C0FE0 /* UIImage+roundedImage.swift */ = {isa = PBXFileReference; fileEncoding = 4; lastKnownFileType = sourcecode.swift; path = "UIImage+roundedImage.swift"; sourceTree = "<group>"; };
		7F88ED802BE56BA5000C0FE0 /* UIImageView+contentClippingRect.swift */ = {isa = PBXFileReference; fileEncoding = 4; lastKnownFileType = sourcecode.swift; path = "UIImageView+contentClippingRect.swift"; sourceTree = "<group>"; };
		7F88ED812BE56BA5000C0FE0 /* UIStackView+addArrangedSubviews.swift */ = {isa = PBXFileReference; fileEncoding = 4; lastKnownFileType = sourcecode.swift; path = "UIStackView+addArrangedSubviews.swift"; sourceTree = "<group>"; };
		7F88ED822BE56BA5000C0FE0 /* UIView+addSubviews.swift */ = {isa = PBXFileReference; fileEncoding = 4; lastKnownFileType = sourcecode.swift; path = "UIView+addSubviews.swift"; sourceTree = "<group>"; };
		7F88ED832BE56BA5000C0FE0 /* UIViewController+Child.swift */ = {isa = PBXFileReference; fileEncoding = 4; lastKnownFileType = sourcecode.swift; path = "UIViewController+Child.swift"; sourceTree = "<group>"; };
		7F88ED842BE56BA5000C0FE0 /* UIWindow+isLandscape.swift */ = {isa = PBXFileReference; fileEncoding = 4; lastKnownFileType = sourcecode.swift; path = "UIWindow+isLandscape.swift"; sourceTree = "<group>"; };
		7F88ED852BE56BA5000C0FE0 /* UUID+empty.swift */ = {isa = PBXFileReference; fileEncoding = 4; lastKnownFileType = sourcecode.swift; path = "UUID+empty.swift"; sourceTree = "<group>"; };
		7F88ED872BE56BA5000C0FE0 /* AppDelegate.swift */ = {isa = PBXFileReference; fileEncoding = 4; lastKnownFileType = sourcecode.swift; path = AppDelegate.swift; sourceTree = "<group>"; };
		7F88ED882BE56BA5000C0FE0 /* SceneDelegate.swift */ = {isa = PBXFileReference; fileEncoding = 4; lastKnownFileType = sourcecode.swift; path = SceneDelegate.swift; sourceTree = "<group>"; };
		7FAD8D942BD2D9B200F86BE0 /* cs */ = {isa = PBXFileReference; lastKnownFileType = text.plist.strings; name = cs; path = cs.lproj/LaunchScreen.strings; sourceTree = "<group>"; };
		7FF5C0282A9D2C65001CA982 /* Base */ = {isa = PBXFileReference; lastKnownFileType = file.storyboard; name = Base; path = Base.lproj/LaunchScreen.storyboard; sourceTree = "<group>"; };
		C35CCA50700D68FAECF69CA8 /* Pods-GalleryApp.release.xcconfig */ = {isa = PBXFileReference; includeInIndex = 1; lastKnownFileType = text.xcconfig; name = "Pods-GalleryApp.release.xcconfig"; path = "Target Support Files/Pods-GalleryApp/Pods-GalleryApp.release.xcconfig"; sourceTree = "<group>"; };
/* End PBXFileReference section */

/* Begin PBXFrameworksBuildPhase section */
		7F235DF72585B73C007BD075 /* Frameworks */ = {
			isa = PBXFrameworksBuildPhase;
			buildActionMask = 2147483647;
			files = (
				7F8B7D7E2AF82A9C0013950B /* Algorithms in Frameworks */,
				7FEDEA93284CD8AD001F40C0 /* SnapKit in Frameworks */,
				C5E31A5B29CA458A2ECFBB84 /* Pods_GalleryApp.framework in Frameworks */,
			);
			runOnlyForDeploymentPostprocessing = 0;
		};
		7F62EA7329056C3600FCD97F /* Frameworks */ = {
			isa = PBXFrameworksBuildPhase;
			buildActionMask = 2147483647;
			files = (
			);
			runOnlyForDeploymentPostprocessing = 0;
		};
/* End PBXFrameworksBuildPhase section */

/* Begin PBXGroup section */
		58EE590C8CD4A31706325B59 /* Pods */ = {
			isa = PBXGroup;
			children = (
				216BD55F45C4FA5F78C2B2DB /* Pods-GalleryApp.debug.xcconfig */,
				C35CCA50700D68FAECF69CA8 /* Pods-GalleryApp.release.xcconfig */,
			);
			path = Pods;
			sourceTree = "<group>";
		};
		7F235DF12585B73C007BD075 = {
			isa = PBXGroup;
			children = (
				7F88ED892BE56BA5000C0FE0 /* GalleryApp */,
				7FF5C0272A9D2C65001CA982 /* LaunchScreen.storyboard */,
				7F62EA7729056C3600FCD97F /* GalleryAppTests */,
				7F235DFB2585B73C007BD075 /* Products */,
				58EE590C8CD4A31706325B59 /* Pods */,
				83154EAAB38E5A1F9C9057F7 /* Frameworks */,
			);
			sourceTree = "<group>";
		};
		7F235DFB2585B73C007BD075 /* Products */ = {
			isa = PBXGroup;
			children = (
				7F235DFA2585B73C007BD075 /* GalleryApp.app */,
				7F62EA7629056C3600FCD97F /* GalleryAppTests.xctest */,
			);
			name = Products;
			sourceTree = "<group>";
		};
		7F62EA7729056C3600FCD97F /* GalleryAppTests */ = {
			isa = PBXGroup;
			children = (
				7F62EA7829056C3600FCD97F /* GalleryAppTests.swift */,
			);
			path = GalleryAppTests;
			sourceTree = "<group>";
		};
		7F88ED1D2BE56BA5000C0FE0 /* Custom Views */ = {
			isa = PBXGroup;
			children = (
				7F88ED1C2BE56BA5000C0FE0 /* UICheckBoxButton.swift */,
			);
			path = "Custom Views";
			sourceTree = "<group>";
		};
		7F88ED1F2BE56BA5000C0FE0 /* Protocols */ = {
			isa = PBXGroup;
			children = (
				7F88ED1E2BE56BA5000C0FE0 /* PersistanceManager.swift */,
			);
			path = Protocols;
			sourceTree = "<group>";
		};
		7F88ED212BE56BA5000C0FE0 /* Data */ = {
			isa = PBXGroup;
			children = (
				7F88ED1F2BE56BA5000C0FE0 /* Protocols */,
				7F88ED202BE56BA5000C0FE0 /* PersistanceManagerImplForRealm.swift */,
			);
			path = Data;
			sourceTree = "<group>";
		};
		7F88ED262BE56BA5000C0FE0 /* Models */ = {
			isa = PBXGroup;
			children = (
				7F88ED222BE56BA5000C0FE0 /* AlbumIndex.swift */,
				7F88ED232BE56BA5000C0FE0 /* GalleryImage.swift */,
				7F88ED242BE56BA5000C0FE0 /* GalleryIndex.swift */,
			);
			path = Models;
			sourceTree = "<group>";
		};
		7F88ED292BE56BA5000C0FE0 /* Protocols */ = {
			isa = PBXGroup;
			children = (
				7F88ED272BE56BA5000C0FE0 /* DomainModelConvertible.swift */,
				7F88ED282BE56BA5000C0FE0 /* PersistableModelConvertible.swift */,
			);
			path = Protocols;
			sourceTree = "<group>";
		};
		7F88ED2A2BE56BA5000C0FE0 /* Domain */ = {
			isa = PBXGroup;
			children = (
				7F88ED262BE56BA5000C0FE0 /* Models */,
				7F88ED292BE56BA5000C0FE0 /* Protocols */,
			);
			path = Domain;
			sourceTree = "<group>";
		};
		7F88ED2C2BE56BA5000C0FE0 /* Entitlements */ = {
			isa = PBXGroup;
			children = (
				7F88ED2B2BE56BA5000C0FE0 /* GalleryApp.entitlements */,
			);
			path = Entitlements;
			sourceTree = "<group>";
		};
		7F88ED2E2BE56BA5000C0FE0 /* GalleryApp Localizations */ = {
			isa = PBXGroup;
			children = (
				7F88ED2D2BE56BA5000C0FE0 /* en.xcloc */,
			);
			path = "GalleryApp Localizations";
			sourceTree = "<group>";
		};
		7F88ED302BE56BA5000C0FE0 /* Plists */ = {
			isa = PBXGroup;
			children = (
				7F88ED2F2BE56BA5000C0FE0 /* Info.plist */,
			);
			path = Plists;
			sourceTree = "<group>";
		};
		7F88ED362BE56BA5000C0FE0 /* Albums */ = {
			isa = PBXGroup;
			children = (
				7F88ED312BE56BA5000C0FE0 /* AlbumListRouter.swift */,
				7F88ED322BE56BA5000C0FE0 /* AlbumListViewControllerDelegate.swift */,
				7F88ED332BE56BA5000C0FE0 /* AlbumsListView.swift */,
				7F88ED342BE56BA5000C0FE0 /* AlbumsListViewController.swift */,
				7F88ED352BE56BA5000C0FE0 /* AlbumsListViewModel.swift */,
			);
			path = Albums;
			sourceTree = "<group>";
		};
		7F88ED3E2BE56BA5000C0FE0 /* AlbumScreen */ = {
			isa = PBXGroup;
			children = (
				7F88ED372BE56BA5000C0FE0 /* AlbumScreenCell.swift */,
				7F88ED382BE56BA5000C0FE0 /* AlbumScreenModel.swift */,
				7F88ED392BE56BA5000C0FE0 /* AlbumScreenRouter.swift */,
				7F88ED3A2BE56BA5000C0FE0 /* AlbumScreenSectionModel.swift */,
				7F88ED3B2BE56BA5000C0FE0 /* AlbumScreenView.swift */,
				7F88ED3C2BE56BA5000C0FE0 /* AlbumScreenViewController.swift */,
				7F88ED3D2BE56BA5000C0FE0 /* AlbumScreenViewModel.swift */,
			);
			path = AlbumScreen;
			sourceTree = "<group>";
		};
		7F88ED3F2BE56BA5000C0FE0 /* MainSidebar */ = {
			isa = PBXGroup;
			children = (
			);
			path = MainSidebar;
			sourceTree = "<group>";
		};
		7F88ED452BE56BA5000C0FE0 /* PhotoDetail */ = {
			isa = PBXGroup;
			children = (
				7F88ED402BE56BA5000C0FE0 /* PhotoDetailCollectionViewCell.swift */,
				7F88ED412BE56BA5000C0FE0 /* PhotoDetailModel.swift */,
				7F88ED422BE56BA5000C0FE0 /* PhotoDetailView.swift */,
				7F88ED432BE56BA5000C0FE0 /* PhotoDetailViewController.swift */,
				7F88ED442BE56BA5000C0FE0 /* PhotoDetailViewModel.swift */,
			);
			path = PhotoDetail;
			sourceTree = "<group>";
		};
		7F88ED492BE56BA5000C0FE0 /* PhotoProperties */ = {
			isa = PBXGroup;
			children = (
				7F88ED462BE56BA5000C0FE0 /* PhotoPropertiesView.swift */,
				7F88ED472BE56BA5000C0FE0 /* PhotoPropertiesViewController.swift */,
				7F88ED482BE56BA5000C0FE0 /* PhotoPropertiesViewModel.swift */,
			);
			path = PhotoProperties;
			sourceTree = "<group>";
		};
		7F88ED4B2BE56BA5000C0FE0 /* Models */ = {
			isa = PBXGroup;
			children = (
				7F88ED4A2BE56BA5000C0FE0 /* SelectLibraryAnimatableSectionModel.swift */,
			);
			path = Models;
			sourceTree = "<group>";
		};
		7F88ED502BE56BA5000C0FE0 /* SelectLibrary */ = {
			isa = PBXGroup;
			children = (
				7F88ED4B2BE56BA5000C0FE0 /* Models */,
				7F88ED4C2BE56BA5000C0FE0 /* SelectLibraryCell.swift */,
				7F88ED4D2BE56BA5000C0FE0 /* SelectLibraryView.swift */,
				7F88ED4E2BE56BA5000C0FE0 /* SelectLibraryViewController.swift */,
				7F88ED4F2BE56BA5000C0FE0 /* SelectLibraryViewModel.swift */,
			);
			path = SelectLibrary;
			sourceTree = "<group>";
		};
		7F88ED542BE56BA5000C0FE0 /* Models */ = {
			isa = PBXGroup;
			children = (
				7F88ED512BE56BA5000C0FE0 /* SidebarItem.swift */,
				7F88ED522BE56BA5000C0FE0 /* SidebarSectionCategory.swift */,
				7F88ED532BE56BA5000C0FE0 /* SidebarSectionModel.swift */,
			);
			path = Models;
			sourceTree = "<group>";
		};
		7F88ED5A2BE56BA5000C0FE0 /* Presentation */ = {
			isa = PBXGroup;
			children = (
				7F88ED552BE56BA5000C0FE0 /* SidebarRouter.swift */,
				7F88ED562BE56BA5000C0FE0 /* SidebarView.swift */,
				7F88ED572BE56BA5000C0FE0 /* SidebarViewCell.swift */,
				7F88ED582BE56BA5000C0FE0 /* SidebarViewController.swift */,
				7F88ED592BE56BA5000C0FE0 /* SidebarViewModel.swift */,
			);
			path = Presentation;
			sourceTree = "<group>";
		};
		7F88ED5B2BE56BA5000C0FE0 /* Sidebar */ = {
			isa = PBXGroup;
			children = (
				7F88ED542BE56BA5000C0FE0 /* Models */,
				7F88ED5A2BE56BA5000C0FE0 /* Presentation */,
			);
			path = Sidebar;
			sourceTree = "<group>";
		};
		7F88ED5D2BE56BA5000C0FE0 /* SplitView */ = {
			isa = PBXGroup;
			children = (
				7F88ED5C2BE56BA5000C0FE0 /* SplitViewController.swift */,
			);
			path = SplitView;
			sourceTree = "<group>";
		};
		7F88ED5E2BE56BA5000C0FE0 /* Presentation */ = {
			isa = PBXGroup;
			children = (
				7F88ED362BE56BA5000C0FE0 /* Albums */,
				7F88ED3E2BE56BA5000C0FE0 /* AlbumScreen */,
				7F88ED3F2BE56BA5000C0FE0 /* MainSidebar */,
				7F88ED452BE56BA5000C0FE0 /* PhotoDetail */,
				7F88ED492BE56BA5000C0FE0 /* PhotoProperties */,
				7F88ED502BE56BA5000C0FE0 /* SelectLibrary */,
				7F88ED5B2BE56BA5000C0FE0 /* Sidebar */,
				7F88ED5D2BE56BA5000C0FE0 /* SplitView */,
			);
			path = Presentation;
			sourceTree = "<group>";
		};
		7F88ED602BE56BA5000C0FE0 /* Enums */ = {
			isa = PBXGroup;
			children = (
				7F88ED5F2BE56BA5000C0FE0 /* SettingsKey.swift */,
			);
			path = Enums;
			sourceTree = "<group>";
		};
		7F88ED622BE56BA5000C0FE0 /* Implementations */ = {
			isa = PBXGroup;
			children = (
				7F88ED612BE56BA5000C0FE0 /* GalleryManagerImpl.swift */,
			);
			path = Implementations;
			sourceTree = "<group>";
		};
		7F88ED652BE56BA5000C0FE0 /* Protocols */ = {
			isa = PBXGroup;
			children = (
				7F88ED632BE56BA5000C0FE0 /* GalleryManager.swift */,
				7F88ED642BE56BA5000C0FE0 /* SettingsManager.swift */,
			);
			path = Protocols;
			sourceTree = "<group>";
		};
		7F88ED6B2BE56BA5000C0FE0 /* Repositories */ = {
			isa = PBXGroup;
			children = (
				7F88ED602BE56BA5000C0FE0 /* Enums */,
				7F88ED622BE56BA5000C0FE0 /* Implementations */,
				7F88ED652BE56BA5000C0FE0 /* Protocols */,
				7F88ED662BE56BA5000C0FE0 /* GalleryManagerError.swift */,
				7F88ED672BE56BA5000C0FE0 /* PathResolver.swift */,
				7F88ED682BE56BA5000C0FE0 /* PersistanceModelsForRealm.swift */,
				7F88ED692BE56BA5000C0FE0 /* SettingsManagerImpl.swift */,
				7F88ED6A2BE56BA5000C0FE0 /* UnsecureStorage.swift */,
			);
			path = Repositories;
			sourceTree = "<group>";
		};
		7F88ED712BE56BA5000C0FE0 /* Resources */ = {
			isa = PBXGroup;
			children = (
				7F88ED6C2BE56BA5000C0FE0 /* Assets.xcassets */,
				7F88ED6E2BE56BA5000C0FE0 /* Localizable.strings */,
				7F88ED702BE56BA5000C0FE0 /* Localizable.strings */,
			);
			path = Resources;
			sourceTree = "<group>";
		};
		7F88ED862BE56BA5000C0FE0 /* Utilites */ = {
			isa = PBXGroup;
			children = (
				7F88ED722BE56BA5000C0FE0 /* ArrayExtension.swift */,
				7F88ED732BE56BA5000C0FE0 /* Average.swift */,
				7F88ED742BE56BA5000C0FE0 /* BehaviourSubject+toggle.swift */,
				7F88ED752BE56BA5000C0FE0 /* Constants.swift */,
				7F88ED762BE56BA5000C0FE0 /* ContainerBuilder.swift */,
				7F88ED772BE56BA5000C0FE0 /* EdgeInsets.swift */,
				7F88ED782BE56BA5000C0FE0 /* ImageResizer.swift */,
				7F88ED792BE56BA5000C0FE0 /* ImageView+BlurEffect.swift */,
				7F88ED7A2BE56BA5000C0FE0 /* MutableProgress.swift */,
				7F88ED7B2BE56BA5000C0FE0 /* PanZoomImageView.swift */,
				7F88ED7C2BE56BA5000C0FE0 /* TopMostNavigationController.swift */,
				7F88ED7D2BE56BA5000C0FE0 /* UIColor+randomColor.swift */,
				7F88ED7E2BE56BA5000C0FE0 /* UIImage+imageWidth.swift */,
				7F88ED7F2BE56BA5000C0FE0 /* UIImage+roundedImage.swift */,
				7F88ED802BE56BA5000C0FE0 /* UIImageView+contentClippingRect.swift */,
				7F88ED812BE56BA5000C0FE0 /* UIStackView+addArrangedSubviews.swift */,
				7F88ED822BE56BA5000C0FE0 /* UIView+addSubviews.swift */,
				7F88ED832BE56BA5000C0FE0 /* UIViewController+Child.swift */,
				7F88ED842BE56BA5000C0FE0 /* UIWindow+isLandscape.swift */,
				7F88ED852BE56BA5000C0FE0 /* UUID+empty.swift */,
			);
			path = Utilites;
			sourceTree = "<group>";
		};
		7F88ED892BE56BA5000C0FE0 /* GalleryApp */ = {
			isa = PBXGroup;
			children = (
				7F88ED872BE56BA5000C0FE0 /* AppDelegate.swift */,
				7F88ED882BE56BA5000C0FE0 /* SceneDelegate.swift */,
				7F88ED1D2BE56BA5000C0FE0 /* Custom Views */,
				7F88ED212BE56BA5000C0FE0 /* Data */,
				7F88ED2A2BE56BA5000C0FE0 /* Domain */,
				7F88ED2C2BE56BA5000C0FE0 /* Entitlements */,
				7F88ED2E2BE56BA5000C0FE0 /* GalleryApp Localizations */,
				7F88ED302BE56BA5000C0FE0 /* Plists */,
				7F88ED5E2BE56BA5000C0FE0 /* Presentation */,
				7F88ED6B2BE56BA5000C0FE0 /* Repositories */,
				7F88ED712BE56BA5000C0FE0 /* Resources */,
				7F88ED862BE56BA5000C0FE0 /* Utilites */,
			);
			path = GalleryApp;
			sourceTree = "<group>";
		};
		83154EAAB38E5A1F9C9057F7 /* Frameworks */ = {
			isa = PBXGroup;
			children = (
				3EA12F2563EC62F83C49EBB5 /* Pods_GalleryApp.framework */,
			);
			name = Frameworks;
			sourceTree = "<group>";
		};
/* End PBXGroup section */

/* Begin PBXNativeTarget section */
		7F235DF92585B73C007BD075 /* GalleryApp */ = {
			isa = PBXNativeTarget;
			buildConfigurationList = 7F235E0E2585B73F007BD075 /* Build configuration list for PBXNativeTarget "GalleryApp" */;
			buildPhases = (
				3553003874EC3B5C4A207E41 /* [CP] Check Pods Manifest.lock */,
				7F6F67282818B01A000AA747 /* [CP] Swiftlint */,
				7F235DF62585B73C007BD075 /* Sources */,
				7F235DF72585B73C007BD075 /* Frameworks */,
				7F235DF82585B73C007BD075 /* Resources */,
				095108081B29003A334EAB30 /* [CP] Embed Pods Frameworks */,
			);
			buildRules = (
			);
			dependencies = (
			);
			name = GalleryApp;
			packageProductDependencies = (
				7FEDEA92284CD8AD001F40C0 /* SnapKit */,
				7F8B7D7D2AF82A9C0013950B /* Algorithms */,
			);
			productName = GalleryApp;
			productReference = 7F235DFA2585B73C007BD075 /* GalleryApp.app */;
			productType = "com.apple.product-type.application";
		};
		7F62EA7529056C3600FCD97F /* GalleryAppTests */ = {
			isa = PBXNativeTarget;
			buildConfigurationList = 7F62EA7C29056C3600FCD97F /* Build configuration list for PBXNativeTarget "GalleryAppTests" */;
			buildPhases = (
				7F62EA7229056C3600FCD97F /* Sources */,
				7F62EA7329056C3600FCD97F /* Frameworks */,
				7F62EA7429056C3600FCD97F /* Resources */,
			);
			buildRules = (
			);
			dependencies = (
				7F62EA7B29056C3600FCD97F /* PBXTargetDependency */,
			);
			name = GalleryAppTests;
			productName = GalleryAppTests;
			productReference = 7F62EA7629056C3600FCD97F /* GalleryAppTests.xctest */;
			productType = "com.apple.product-type.bundle.unit-test";
		};
/* End PBXNativeTarget section */

/* Begin PBXProject section */
		7F235DF22585B73C007BD075 /* Project object */ = {
			isa = PBXProject;
			attributes = {
				BuildIndependentTargetsInParallel = YES;
				LastSwiftUpdateCheck = 1400;
				LastUpgradeCheck = 1530;
				TargetAttributes = {
					7F235DF92585B73C007BD075 = {
						CreatedOnToolsVersion = 12.2;
					};
					7F62EA7529056C3600FCD97F = {
						CreatedOnToolsVersion = 14.0.1;
						TestTargetID = 7F235DF92585B73C007BD075;
					};
				};
			};
			buildConfigurationList = 7F235DF52585B73C007BD075 /* Build configuration list for PBXProject "GalleryApp" */;
			compatibilityVersion = "Xcode 9.3";
			developmentRegion = en;
			hasScannedForEncodings = 0;
			knownRegions = (
				en,
				Base,
				cs,
			);
			mainGroup = 7F235DF12585B73C007BD075;
			packageReferences = (
				7FEDEA91284CD8AD001F40C0 /* XCRemoteSwiftPackageReference "SnapKit" */,
				7F8B7D7C2AF82A9C0013950B /* XCRemoteSwiftPackageReference "swift-algorithms" */,
			);
			productRefGroup = 7F235DFB2585B73C007BD075 /* Products */;
			projectDirPath = "";
			projectRoot = "";
			targets = (
				7F235DF92585B73C007BD075 /* GalleryApp */,
				7F62EA7529056C3600FCD97F /* GalleryAppTests */,
			);
		};
/* End PBXProject section */

/* Begin PBXResourcesBuildPhase section */
		7F235DF82585B73C007BD075 /* Resources */ = {
			isa = PBXResourcesBuildPhase;
			buildActionMask = 2147483647;
			files = (
				7F88EDC12BE56BA5000C0FE0 /* Localizable.strings in Resources */,
				7F88EDC22BE56BA5000C0FE0 /* Localizable.strings in Resources */,
				7F88ED932BE56BA5000C0FE0 /* en.xcloc in Resources */,
				7FF5C07A2A9D2C65001CA982 /* LaunchScreen.storyboard in Resources */,
				7F88EDC02BE56BA5000C0FE0 /* Assets.xcassets in Resources */,
			);
			runOnlyForDeploymentPostprocessing = 0;
		};
		7F62EA7429056C3600FCD97F /* Resources */ = {
			isa = PBXResourcesBuildPhase;
			buildActionMask = 2147483647;
			files = (
			);
			runOnlyForDeploymentPostprocessing = 0;
		};
/* End PBXResourcesBuildPhase section */

/* Begin PBXShellScriptBuildPhase section */
		095108081B29003A334EAB30 /* [CP] Embed Pods Frameworks */ = {
			isa = PBXShellScriptBuildPhase;
			buildActionMask = 2147483647;
			files = (
			);
			inputFileListPaths = (
				"${PODS_ROOT}/Target Support Files/Pods-GalleryApp/Pods-GalleryApp-frameworks-${CONFIGURATION}-input-files.xcfilelist",
			);
			name = "[CP] Embed Pods Frameworks";
			outputFileListPaths = (
				"${PODS_ROOT}/Target Support Files/Pods-GalleryApp/Pods-GalleryApp-frameworks-${CONFIGURATION}-output-files.xcfilelist",
			);
			runOnlyForDeploymentPostprocessing = 0;
			shellPath = /bin/sh;
			shellScript = "\"${PODS_ROOT}/Target Support Files/Pods-GalleryApp/Pods-GalleryApp-frameworks.sh\"\n";
			showEnvVarsInLog = 0;
		};
		3553003874EC3B5C4A207E41 /* [CP] Check Pods Manifest.lock */ = {
			isa = PBXShellScriptBuildPhase;
			buildActionMask = 2147483647;
			files = (
			);
			inputFileListPaths = (
			);
			inputPaths = (
				"${PODS_PODFILE_DIR_PATH}/Podfile.lock",
				"${PODS_ROOT}/Manifest.lock",
			);
			name = "[CP] Check Pods Manifest.lock";
			outputFileListPaths = (
			);
			outputPaths = (
				"$(DERIVED_FILE_DIR)/Pods-GalleryApp-checkManifestLockResult.txt",
			);
			runOnlyForDeploymentPostprocessing = 0;
			shellPath = /bin/sh;
			shellScript = "diff \"${PODS_PODFILE_DIR_PATH}/Podfile.lock\" \"${PODS_ROOT}/Manifest.lock\" > /dev/null\nif [ $? != 0 ] ; then\n    # print error to STDERR\n    echo \"error: The sandbox is not in sync with the Podfile.lock. Run 'pod install' or update your CocoaPods installation.\" >&2\n    exit 1\nfi\n# This output is used by Xcode 'outputs' to avoid re-running this script phase.\necho \"SUCCESS\" > \"${SCRIPT_OUTPUT_FILE_0}\"\n";
			showEnvVarsInLog = 0;
		};
		7F6F67282818B01A000AA747 /* [CP] Swiftlint */ = {
			isa = PBXShellScriptBuildPhase;
			buildActionMask = 2147483647;
			files = (
			);
			inputFileListPaths = (
			);
			inputPaths = (
			);
			name = "[CP] Swiftlint";
			outputFileListPaths = (
			);
			outputPaths = (
			);
			runOnlyForDeploymentPostprocessing = 0;
			shellPath = /bin/sh;
			shellScript = "# ${PODS_ROOT}/SwiftLint/swiftlint\n";
		};
/* End PBXShellScriptBuildPhase section */

/* Begin PBXSourcesBuildPhase section */
		7F235DF62585B73C007BD075 /* Sources */ = {
			isa = PBXSourcesBuildPhase;
			buildActionMask = 2147483647;
			files = (
				7F88EDCD2BE56BA5000C0FE0 /* TopMostNavigationController.swift in Sources */,
				7F88EDA12BE56BA5000C0FE0 /* PhotoDetailCollectionViewCell.swift in Sources */,
				7F88EDBC2BE56BA5000C0FE0 /* PathResolver.swift in Sources */,
				7F88ED9C2BE56BA5000C0FE0 /* AlbumScreenRouter.swift in Sources */,
				7F88EDD52BE56BA5000C0FE0 /* UIWindow+isLandscape.swift in Sources */,
				7F88EDCC2BE56BA5000C0FE0 /* PanZoomImageView.swift in Sources */,
				7F88EDD02BE56BA5000C0FE0 /* UIImage+roundedImage.swift in Sources */,
				7F88EDB72BE56BA5000C0FE0 /* SettingsKey.swift in Sources */,
				7F88EDAD2BE56BA5000C0FE0 /* SelectLibraryViewModel.swift in Sources */,
				7F88EDC92BE56BA5000C0FE0 /* ImageResizer.swift in Sources */,
				7F88EDB92BE56BA5000C0FE0 /* GalleryManager.swift in Sources */,
				7F88EDAB2BE56BA5000C0FE0 /* SelectLibraryView.swift in Sources */,
				7F88EDAF2BE56BA5000C0FE0 /* SidebarSectionCategory.swift in Sources */,
				7F88EDC82BE56BA5000C0FE0 /* EdgeInsets.swift in Sources */,
				7F88EDB02BE56BA5000C0FE0 /* SidebarSectionModel.swift in Sources */,
				7F88ED8D2BE56BA5000C0FE0 /* AlbumIndex.swift in Sources */,
				7F88EDCF2BE56BA5000C0FE0 /* UIImage+imageWidth.swift in Sources */,
				7F88EDBB2BE56BA5000C0FE0 /* GalleryManagerError.swift in Sources */,
				7F88EDAC2BE56BA5000C0FE0 /* SelectLibraryViewController.swift in Sources */,
				7F88EDA92BE56BA5000C0FE0 /* SelectLibraryAnimatableSectionModel.swift in Sources */,
				7F88EDA42BE56BA5000C0FE0 /* PhotoDetailViewController.swift in Sources */,
				7F88ED8C2BE56BA5000C0FE0 /* PersistanceManagerImplForRealm.swift in Sources */,
				7F88EDCB2BE56BA5000C0FE0 /* MutableProgress.swift in Sources */,
				7F88EDB22BE56BA5000C0FE0 /* SidebarView.swift in Sources */,
				7F88ED992BE56BA5000C0FE0 /* AlbumsListViewModel.swift in Sources */,
				7F88EDB62BE56BA5000C0FE0 /* SplitViewController.swift in Sources */,
				7F88ED9B2BE56BA5000C0FE0 /* AlbumScreenModel.swift in Sources */,
				7F88EDAA2BE56BA5000C0FE0 /* SelectLibraryCell.swift in Sources */,
				7F88EDC52BE56BA5000C0FE0 /* BehaviourSubject+toggle.swift in Sources */,
				7F88EDCA2BE56BA5000C0FE0 /* ImageView+BlurEffect.swift in Sources */,
				7F88ED8E2BE56BA5000C0FE0 /* GalleryImage.swift in Sources */,
				7F88EDA32BE56BA5000C0FE0 /* PhotoDetailView.swift in Sources */,
				7F88EDD12BE56BA5000C0FE0 /* UIImageView+contentClippingRect.swift in Sources */,
				7F88EDD72BE56BA5000C0FE0 /* AppDelegate.swift in Sources */,
				7F88ED9E2BE56BA5000C0FE0 /* AlbumScreenView.swift in Sources */,
				7F88ED982BE56BA5000C0FE0 /* AlbumsListViewController.swift in Sources */,
				7F88EDBE2BE56BA5000C0FE0 /* SettingsManagerImpl.swift in Sources */,
				7F88EDBA2BE56BA5000C0FE0 /* SettingsManager.swift in Sources */,
				7F88EDC42BE56BA5000C0FE0 /* Average.swift in Sources */,
				7F88EDA72BE56BA5000C0FE0 /* PhotoPropertiesViewController.swift in Sources */,
				7F88EDAE2BE56BA5000C0FE0 /* SidebarItem.swift in Sources */,
				7F88EDA02BE56BA5000C0FE0 /* AlbumScreenViewModel.swift in Sources */,
				7F88ED962BE56BA5000C0FE0 /* AlbumListViewControllerDelegate.swift in Sources */,
				7F88ED952BE56BA5000C0FE0 /* AlbumListRouter.swift in Sources */,
				7F88EDD62BE56BA5000C0FE0 /* UUID+empty.swift in Sources */,
				7F88EDC72BE56BA5000C0FE0 /* ContainerBuilder.swift in Sources */,
				7F88ED972BE56BA5000C0FE0 /* AlbumsListView.swift in Sources */,
				7F88ED8A2BE56BA5000C0FE0 /* UICheckBoxButton.swift in Sources */,
				7F88EDB82BE56BA5000C0FE0 /* GalleryManagerImpl.swift in Sources */,
				7F88EDA82BE56BA5000C0FE0 /* PhotoPropertiesViewModel.swift in Sources */,
				7F88EDC32BE56BA5000C0FE0 /* ArrayExtension.swift in Sources */,
				7F88EDC62BE56BA5000C0FE0 /* Constants.swift in Sources */,
				7F88ED9A2BE56BA5000C0FE0 /* AlbumScreenCell.swift in Sources */,
				7F88EDA62BE56BA5000C0FE0 /* PhotoPropertiesView.swift in Sources */,
				7F88ED912BE56BA5000C0FE0 /* DomainModelConvertible.swift in Sources */,
				7F88ED922BE56BA5000C0FE0 /* PersistableModelConvertible.swift in Sources */,
				7F88EDBD2BE56BA5000C0FE0 /* PersistanceModelsForRealm.swift in Sources */,
				7F88ED8B2BE56BA5000C0FE0 /* PersistanceManager.swift in Sources */,
				7F88EDB42BE56BA5000C0FE0 /* SidebarViewController.swift in Sources */,
				7F88ED8F2BE56BA5000C0FE0 /* GalleryIndex.swift in Sources */,
				7F88EDD82BE56BA5000C0FE0 /* SceneDelegate.swift in Sources */,
				7F88ED9F2BE56BA5000C0FE0 /* AlbumScreenViewController.swift in Sources */,
				7F88EDD22BE56BA5000C0FE0 /* UIStackView+addArrangedSubviews.swift in Sources */,
				7F88EDD32BE56BA5000C0FE0 /* UIView+addSubviews.swift in Sources */,
				7F88EDA22BE56BA5000C0FE0 /* PhotoDetailModel.swift in Sources */,
				7F88EDA52BE56BA5000C0FE0 /* PhotoDetailViewModel.swift in Sources */,
				7F88EDB32BE56BA5000C0FE0 /* SidebarViewCell.swift in Sources */,
				7F88EDB52BE56BA5000C0FE0 /* SidebarViewModel.swift in Sources */,
				7F88EDD42BE56BA5000C0FE0 /* UIViewController+Child.swift in Sources */,
				7F88EDCE2BE56BA5000C0FE0 /* UIColor+randomColor.swift in Sources */,
				7F88ED9D2BE56BA5000C0FE0 /* AlbumScreenSectionModel.swift in Sources */,
				7F88EDB12BE56BA5000C0FE0 /* SidebarRouter.swift in Sources */,
				7F88EDBF2BE56BA5000C0FE0 /* UnsecureStorage.swift in Sources */,
			);
			runOnlyForDeploymentPostprocessing = 0;
		};
		7F62EA7229056C3600FCD97F /* Sources */ = {
			isa = PBXSourcesBuildPhase;
			buildActionMask = 2147483647;
			files = (
				7F62EA7929056C3600FCD97F /* GalleryAppTests.swift in Sources */,
			);
			runOnlyForDeploymentPostprocessing = 0;
		};
/* End PBXSourcesBuildPhase section */

/* Begin PBXTargetDependency section */
		7F62EA7B29056C3600FCD97F /* PBXTargetDependency */ = {
			isa = PBXTargetDependency;
			target = 7F235DF92585B73C007BD075 /* GalleryApp */;
			targetProxy = 7F62EA7A29056C3600FCD97F /* PBXContainerItemProxy */;
		};
/* End PBXTargetDependency section */

/* Begin PBXVariantGroup section */
		7F88ED6E2BE56BA5000C0FE0 /* Localizable.strings */ = {
			isa = PBXVariantGroup;
			children = (
				7F88ED6D2BE56BA5000C0FE0 /* en */,
			);
			name = Localizable.strings;
			sourceTree = "<group>";
		};
		7F88ED702BE56BA5000C0FE0 /* Localizable.strings */ = {
			isa = PBXVariantGroup;
			children = (
				7F88ED6F2BE56BA5000C0FE0 /* cs */,
			);
			name = Localizable.strings;
			sourceTree = "<group>";
		};
		7FF5C0272A9D2C65001CA982 /* LaunchScreen.storyboard */ = {
			isa = PBXVariantGroup;
			children = (
				7FF5C0282A9D2C65001CA982 /* Base */,
				7FAD8D942BD2D9B200F86BE0 /* cs */,
			);
			name = LaunchScreen.storyboard;
			sourceTree = "<group>";
		};
/* End PBXVariantGroup section */

/* Begin XCBuildConfiguration section */
		7F235E0C2585B73F007BD075 /* Debug */ = {
			isa = XCBuildConfiguration;
			buildSettings = {
				ALWAYS_SEARCH_USER_PATHS = NO;
				CLANG_ANALYZER_LOCALIZABILITY_NONLOCALIZED = YES;
				CLANG_ANALYZER_NONNULL = YES;
				CLANG_ANALYZER_NUMBER_OBJECT_CONVERSION = YES_AGGRESSIVE;
				CLANG_CXX_LANGUAGE_STANDARD = "gnu++14";
				CLANG_CXX_LIBRARY = "libc++";
				CLANG_ENABLE_MODULES = YES;
				CLANG_ENABLE_OBJC_ARC = YES;
				CLANG_ENABLE_OBJC_WEAK = YES;
				CLANG_WARN_BLOCK_CAPTURE_AUTORELEASING = YES;
				CLANG_WARN_BOOL_CONVERSION = YES;
				CLANG_WARN_COMMA = YES;
				CLANG_WARN_CONSTANT_CONVERSION = YES;
				CLANG_WARN_DEPRECATED_OBJC_IMPLEMENTATIONS = YES;
				CLANG_WARN_DIRECT_OBJC_ISA_USAGE = YES_ERROR;
				CLANG_WARN_DOCUMENTATION_COMMENTS = YES;
				CLANG_WARN_EMPTY_BODY = YES;
				CLANG_WARN_ENUM_CONVERSION = YES;
				CLANG_WARN_INFINITE_RECURSION = YES;
				CLANG_WARN_INT_CONVERSION = YES;
				CLANG_WARN_NON_LITERAL_NULL_CONVERSION = YES;
				CLANG_WARN_OBJC_IMPLICIT_RETAIN_SELF = YES;
				CLANG_WARN_OBJC_LITERAL_CONVERSION = YES;
				CLANG_WARN_OBJC_ROOT_CLASS = YES_ERROR;
				CLANG_WARN_QUOTED_INCLUDE_IN_FRAMEWORK_HEADER = YES;
				CLANG_WARN_RANGE_LOOP_ANALYSIS = YES;
				CLANG_WARN_STRICT_PROTOTYPES = YES;
				CLANG_WARN_SUSPICIOUS_MOVE = YES;
				CLANG_WARN_UNGUARDED_AVAILABILITY = YES_AGGRESSIVE;
				CLANG_WARN_UNREACHABLE_CODE = YES;
				CLANG_WARN__DUPLICATE_METHOD_MATCH = YES;
				COPY_PHASE_STRIP = NO;
				DEBUG_INFORMATION_FORMAT = dwarf;
				ENABLE_STRICT_OBJC_MSGSEND = YES;
				ENABLE_TESTABILITY = YES;
				ENABLE_USER_SCRIPT_SANDBOXING = YES;
				GCC_C_LANGUAGE_STANDARD = gnu11;
				GCC_DYNAMIC_NO_PIC = NO;
				GCC_NO_COMMON_BLOCKS = YES;
				GCC_OPTIMIZATION_LEVEL = 0;
				GCC_PREPROCESSOR_DEFINITIONS = (
					"DEBUG=1",
					"$(inherited)",
				);
				GCC_WARN_64_TO_32_BIT_CONVERSION = YES;
				GCC_WARN_ABOUT_RETURN_TYPE = YES_ERROR;
				GCC_WARN_UNDECLARED_SELECTOR = YES;
				GCC_WARN_UNINITIALIZED_AUTOS = YES_AGGRESSIVE;
				GCC_WARN_UNUSED_FUNCTION = YES;
				GCC_WARN_UNUSED_VARIABLE = YES;
				IPHONEOS_DEPLOYMENT_TARGET = 15.0;
				MTL_ENABLE_DEBUG_INFO = INCLUDE_SOURCE;
				MTL_FAST_MATH = YES;
				ONLY_ACTIVE_ARCH = YES;
				SDKROOT = iphoneos;
				SWIFT_ACTIVE_COMPILATION_CONDITIONS = DEBUG;
				SWIFT_OPTIMIZATION_LEVEL = "-Onone";
				SWIFT_VERSION = "";
			};
			name = Debug;
		};
		7F235E0D2585B73F007BD075 /* Release */ = {
			isa = XCBuildConfiguration;
			buildSettings = {
				ALWAYS_SEARCH_USER_PATHS = NO;
				CLANG_ANALYZER_LOCALIZABILITY_NONLOCALIZED = YES;
				CLANG_ANALYZER_NONNULL = YES;
				CLANG_ANALYZER_NUMBER_OBJECT_CONVERSION = YES_AGGRESSIVE;
				CLANG_CXX_LANGUAGE_STANDARD = "gnu++14";
				CLANG_CXX_LIBRARY = "libc++";
				CLANG_ENABLE_MODULES = YES;
				CLANG_ENABLE_OBJC_ARC = YES;
				CLANG_ENABLE_OBJC_WEAK = YES;
				CLANG_WARN_BLOCK_CAPTURE_AUTORELEASING = YES;
				CLANG_WARN_BOOL_CONVERSION = YES;
				CLANG_WARN_COMMA = YES;
				CLANG_WARN_CONSTANT_CONVERSION = YES;
				CLANG_WARN_DEPRECATED_OBJC_IMPLEMENTATIONS = YES;
				CLANG_WARN_DIRECT_OBJC_ISA_USAGE = YES_ERROR;
				CLANG_WARN_DOCUMENTATION_COMMENTS = YES;
				CLANG_WARN_EMPTY_BODY = YES;
				CLANG_WARN_ENUM_CONVERSION = YES;
				CLANG_WARN_INFINITE_RECURSION = YES;
				CLANG_WARN_INT_CONVERSION = YES;
				CLANG_WARN_NON_LITERAL_NULL_CONVERSION = YES;
				CLANG_WARN_OBJC_IMPLICIT_RETAIN_SELF = YES;
				CLANG_WARN_OBJC_LITERAL_CONVERSION = YES;
				CLANG_WARN_OBJC_ROOT_CLASS = YES_ERROR;
				CLANG_WARN_QUOTED_INCLUDE_IN_FRAMEWORK_HEADER = YES;
				CLANG_WARN_RANGE_LOOP_ANALYSIS = YES;
				CLANG_WARN_STRICT_PROTOTYPES = YES;
				CLANG_WARN_SUSPICIOUS_MOVE = YES;
				CLANG_WARN_UNGUARDED_AVAILABILITY = YES_AGGRESSIVE;
				CLANG_WARN_UNREACHABLE_CODE = YES;
				CLANG_WARN__DUPLICATE_METHOD_MATCH = YES;
				COPY_PHASE_STRIP = NO;
				DEBUG_INFORMATION_FORMAT = "dwarf-with-dsym";
				ENABLE_NS_ASSERTIONS = NO;
				ENABLE_STRICT_OBJC_MSGSEND = YES;
				ENABLE_USER_SCRIPT_SANDBOXING = YES;
				GCC_C_LANGUAGE_STANDARD = gnu11;
				GCC_NO_COMMON_BLOCKS = YES;
				GCC_WARN_64_TO_32_BIT_CONVERSION = YES;
				GCC_WARN_ABOUT_RETURN_TYPE = YES_ERROR;
				GCC_WARN_UNDECLARED_SELECTOR = YES;
				GCC_WARN_UNINITIALIZED_AUTOS = YES_AGGRESSIVE;
				GCC_WARN_UNUSED_FUNCTION = YES;
				GCC_WARN_UNUSED_VARIABLE = YES;
				IPHONEOS_DEPLOYMENT_TARGET = 15.0;
				MTL_ENABLE_DEBUG_INFO = NO;
				MTL_FAST_MATH = YES;
				SDKROOT = iphoneos;
				SWIFT_COMPILATION_MODE = wholemodule;
				SWIFT_OPTIMIZATION_LEVEL = "-O";
				SWIFT_VERSION = "";
				VALIDATE_PRODUCT = YES;
			};
			name = Release;
		};
		7F235E0F2585B73F007BD075 /* Debug */ = {
			isa = XCBuildConfiguration;
			baseConfigurationReference = 216BD55F45C4FA5F78C2B2DB /* Pods-GalleryApp.debug.xcconfig */;
			buildSettings = {
				ASSETCATALOG_COMPILER_APPICON_NAME = AppIcon;
				ASSETCATALOG_COMPILER_GLOBAL_ACCENT_COLOR_NAME = AccentColor;
				ASSETCATALOG_COMPILER_INCLUDE_ALL_APPICON_ASSETS = YES;
				CODE_SIGN_ENTITLEMENTS = GalleryApp/Entitlements/GalleryApp.entitlements;
				CODE_SIGN_STYLE = Automatic;
				DEVELOPMENT_TEAM = 3HV23S92WL;
				ENABLE_USER_SCRIPT_SANDBOXING = NO;
				FRAMEWORK_SEARCH_PATHS = (
					"$(inherited)",
					"$(PROJECT_DIR)",
				);
				INFOPLIST_FILE = GalleryApp/Plists/Info.plist;
				INFOPLIST_KEY_CFBundleDisplayName = iGallery;
				IPHONEOS_DEPLOYMENT_TARGET = 17.0;
				LD_RUNPATH_SEARCH_PATHS = (
					"$(inherited)",
					"@executable_path/Frameworks",
				);
				MARKETING_VERSION = 0.1;
				PRODUCT_BUNDLE_IDENTIFIER = com.pazderka.GalleryApp;
				PRODUCT_NAME = "$(TARGET_NAME)";
				SUPPORTED_PLATFORMS = "iphoneos iphonesimulator";
				SUPPORTS_MACCATALYST = NO;
				SUPPORTS_MAC_DESIGNED_FOR_IPHONE_IPAD = YES;
				SWIFT_VERSION = 5.0;
				TARGETED_DEVICE_FAMILY = "1,2";
			};
			name = Debug;
		};
		7F235E102585B73F007BD075 /* Release */ = {
			isa = XCBuildConfiguration;
			baseConfigurationReference = C35CCA50700D68FAECF69CA8 /* Pods-GalleryApp.release.xcconfig */;
			buildSettings = {
				ASSETCATALOG_COMPILER_APPICON_NAME = AppIcon;
				ASSETCATALOG_COMPILER_GLOBAL_ACCENT_COLOR_NAME = AccentColor;
				ASSETCATALOG_COMPILER_INCLUDE_ALL_APPICON_ASSETS = YES;
				CODE_SIGN_ENTITLEMENTS = GalleryApp/Entitlements/GalleryApp.entitlements;
				CODE_SIGN_STYLE = Automatic;
				DEVELOPMENT_TEAM = 3HV23S92WL;
				ENABLE_USER_SCRIPT_SANDBOXING = NO;
				FRAMEWORK_SEARCH_PATHS = (
					"$(inherited)",
					"$(PROJECT_DIR)",
				);
				INFOPLIST_FILE = GalleryApp/Plists/Info.plist;
				INFOPLIST_KEY_CFBundleDisplayName = iGallery;
				IPHONEOS_DEPLOYMENT_TARGET = 17.0;
				LD_RUNPATH_SEARCH_PATHS = (
					"$(inherited)",
					"@executable_path/Frameworks",
				);
				MARKETING_VERSION = 0.1;
				PRODUCT_BUNDLE_IDENTIFIER = com.pazderka.GalleryApp;
				PRODUCT_NAME = "$(TARGET_NAME)";
				SUPPORTED_PLATFORMS = "iphoneos iphonesimulator";
				SUPPORTS_MACCATALYST = NO;
				SUPPORTS_MAC_DESIGNED_FOR_IPHONE_IPAD = YES;
				SWIFT_VERSION = 5.0;
				TARGETED_DEVICE_FAMILY = "1,2";
			};
			name = Release;
		};
		7F62EA7D29056C3600FCD97F /* Debug */ = {
			isa = XCBuildConfiguration;
			buildSettings = {
				ALWAYS_EMBED_SWIFT_STANDARD_LIBRARIES = YES;
				BUNDLE_LOADER = "$(TEST_HOST)";
				CLANG_CXX_LANGUAGE_STANDARD = "gnu++20";
				CODE_SIGN_STYLE = Automatic;
				CURRENT_PROJECT_VERSION = 1;
				DEAD_CODE_STRIPPING = YES;
				DEVELOPMENT_TEAM = 3HV23S92WL;
				FRAMEWORK_SEARCH_PATHS = (
					"$(inherited)",
					"$(PROJECT_DIR)",
				);
				GENERATE_INFOPLIST_FILE = YES;
				IPHONEOS_DEPLOYMENT_TARGET = 16.0;
				MACOSX_DEPLOYMENT_TARGET = 12.3;
				MARKETING_VERSION = 1.0;
				PRODUCT_BUNDLE_IDENTIFIER = com.pazderka.GalleryAppTests;
				PRODUCT_NAME = "$(TARGET_NAME)";
				SDKROOT = auto;
				SUPPORTED_PLATFORMS = "iphoneos iphonesimulator macosx";
				SWIFT_EMIT_LOC_STRINGS = NO;
				SWIFT_VERSION = 5.0;
				TARGETED_DEVICE_FAMILY = "1,2";
				TEST_HOST = "$(BUILT_PRODUCTS_DIR)/GalleryApp.app/$(BUNDLE_EXECUTABLE_FOLDER_PATH)/GalleryApp";
			};
			name = Debug;
		};
		7F62EA7E29056C3600FCD97F /* Release */ = {
			isa = XCBuildConfiguration;
			buildSettings = {
				ALWAYS_EMBED_SWIFT_STANDARD_LIBRARIES = YES;
				BUNDLE_LOADER = "$(TEST_HOST)";
				CLANG_CXX_LANGUAGE_STANDARD = "gnu++20";
				CODE_SIGN_STYLE = Automatic;
				CURRENT_PROJECT_VERSION = 1;
				DEAD_CODE_STRIPPING = YES;
				DEVELOPMENT_TEAM = 3HV23S92WL;
				FRAMEWORK_SEARCH_PATHS = (
					"$(inherited)",
					"$(PROJECT_DIR)",
				);
				GENERATE_INFOPLIST_FILE = YES;
				IPHONEOS_DEPLOYMENT_TARGET = 16.0;
				MACOSX_DEPLOYMENT_TARGET = 12.3;
				MARKETING_VERSION = 1.0;
				PRODUCT_BUNDLE_IDENTIFIER = com.pazderka.GalleryAppTests;
				PRODUCT_NAME = "$(TARGET_NAME)";
				SDKROOT = auto;
				SUPPORTED_PLATFORMS = "iphoneos iphonesimulator macosx";
				SWIFT_EMIT_LOC_STRINGS = NO;
				SWIFT_VERSION = 5.0;
				TARGETED_DEVICE_FAMILY = "1,2";
				TEST_HOST = "$(BUILT_PRODUCTS_DIR)/GalleryApp.app/$(BUNDLE_EXECUTABLE_FOLDER_PATH)/GalleryApp";
			};
			name = Release;
		};
/* End XCBuildConfiguration section */

/* Begin XCConfigurationList section */
		7F235DF52585B73C007BD075 /* Build configuration list for PBXProject "GalleryApp" */ = {
			isa = XCConfigurationList;
			buildConfigurations = (
				7F235E0C2585B73F007BD075 /* Debug */,
				7F235E0D2585B73F007BD075 /* Release */,
			);
			defaultConfigurationIsVisible = 0;
			defaultConfigurationName = Release;
		};
		7F235E0E2585B73F007BD075 /* Build configuration list for PBXNativeTarget "GalleryApp" */ = {
			isa = XCConfigurationList;
			buildConfigurations = (
				7F235E0F2585B73F007BD075 /* Debug */,
				7F235E102585B73F007BD075 /* Release */,
			);
			defaultConfigurationIsVisible = 0;
			defaultConfigurationName = Release;
		};
		7F62EA7C29056C3600FCD97F /* Build configuration list for PBXNativeTarget "GalleryAppTests" */ = {
			isa = XCConfigurationList;
			buildConfigurations = (
				7F62EA7D29056C3600FCD97F /* Debug */,
				7F62EA7E29056C3600FCD97F /* Release */,
			);
			defaultConfigurationIsVisible = 0;
			defaultConfigurationName = Release;
		};
/* End XCConfigurationList section */

/* Begin XCRemoteSwiftPackageReference section */
		7F8B7D7C2AF82A9C0013950B /* XCRemoteSwiftPackageReference "swift-algorithms" */ = {
			isa = XCRemoteSwiftPackageReference;
			repositoryURL = "https://github.com/apple/swift-algorithms.git";
			requirement = {
				kind = upToNextMajorVersion;
				minimumVersion = 1.1.0;
			};
		};
		7FEDEA91284CD8AD001F40C0 /* XCRemoteSwiftPackageReference "SnapKit" */ = {
			isa = XCRemoteSwiftPackageReference;
			repositoryURL = "https://github.com/SnapKit/SnapKit.git";
			requirement = {
				branch = develop;
				kind = branch;
			};
		};
/* End XCRemoteSwiftPackageReference section */

/* Begin XCSwiftPackageProductDependency section */
		7F8B7D7D2AF82A9C0013950B /* Algorithms */ = {
			isa = XCSwiftPackageProductDependency;
			package = 7F8B7D7C2AF82A9C0013950B /* XCRemoteSwiftPackageReference "swift-algorithms" */;
			productName = Algorithms;
		};
		7FEDEA92284CD8AD001F40C0 /* SnapKit */ = {
			isa = XCSwiftPackageProductDependency;
			package = 7FEDEA91284CD8AD001F40C0 /* XCRemoteSwiftPackageReference "SnapKit" */;
			productName = SnapKit;
		};
/* End XCSwiftPackageProductDependency section */
	};
	rootObject = 7F235DF22585B73C007BD075 /* Project object */;
}
