// !$*UTF8*$!
{
	archiveVersion = 1;
	classes = {
	};
	objectVersion = 51;
	objects = {

/* Begin PBXBuildFile section */
		30AF65B96F180EE2B9EA1465 /* Pods_GalleryApp.framework in Frameworks */ = {isa = PBXBuildFile; fileRef = 078E9AD563EAE53193BA9BDC /* Pods_GalleryApp.framework */; };
		7F0031CE25B7A21B00D93B75 /* ImageView+BlurEffect.swift in Sources */ = {isa = PBXBuildFile; fileRef = 7F0031CD25B7A21B00D93B75 /* ImageView+BlurEffect.swift */; };
		7F0031D125B7AC7400D93B75 /* UIWindow+isLandscape.swift in Sources */ = {isa = PBXBuildFile; fileRef = 7F0031D025B7AC7400D93B75 /* UIWindow+isLandscape.swift */; };
		7F0E0AC625FEC87900961256 /* GalleryIndex.swift in Sources */ = {isa = PBXBuildFile; fileRef = 7F0E0AC525FEC87900961256 /* GalleryIndex.swift */; };
		7F10F362258EA59E000B6075 /* PhotoDetailViewController.swift in Sources */ = {isa = PBXBuildFile; fileRef = 7F10F360258EA59E000B6075 /* PhotoDetailViewController.swift */; };
		7F10F363258EA59E000B6075 /* PhotoDetailViewController.xib in Resources */ = {isa = PBXBuildFile; fileRef = 7F10F361258EA59E000B6075 /* PhotoDetailViewController.xib */; };
		7F235DFE2585B73C007BD075 /* AppDelegate.swift in Sources */ = {isa = PBXBuildFile; fileRef = 7F235DFD2585B73C007BD075 /* AppDelegate.swift */; };
		7F235E002585B73C007BD075 /* SceneDelegate.swift in Sources */ = {isa = PBXBuildFile; fileRef = 7F235DFF2585B73C007BD075 /* SceneDelegate.swift */; };
		7F235E072585B73F007BD075 /* Assets.xcassets in Resources */ = {isa = PBXBuildFile; fileRef = 7F235E062585B73F007BD075 /* Assets.xcassets */; };
		7F235E0A2585B73F007BD075 /* LaunchScreen.storyboard in Resources */ = {isa = PBXBuildFile; fileRef = 7F235E082585B73F007BD075 /* LaunchScreen.storyboard */; };
		7F235E142585B856007BD075 /* SidebarViewController.swift in Sources */ = {isa = PBXBuildFile; fileRef = 7F235E122585B856007BD075 /* SidebarViewController.swift */; };
		7F2CF04D2586A52E009A459D /* AllPhotos.swift in Sources */ = {isa = PBXBuildFile; fileRef = 7F2CF04B2586A52E009A459D /* AllPhotos.swift */; };
		7F2CF04E2586A52E009A459D /* AllPhotos.xib in Resources */ = {isa = PBXBuildFile; fileRef = 7F2CF04C2586A52E009A459D /* AllPhotos.xib */; };
		7F479F1725B64963005AFB97 /* InteractiveImageViewCell.swift in Sources */ = {isa = PBXBuildFile; fileRef = 7F479F1625B64963005AFB97 /* InteractiveImageViewCell.swift */; };
		7F479F1A25B6496F005AFB97 /* InteractiveImageViewCell.xib in Resources */ = {isa = PBXBuildFile; fileRef = 7F479F1925B6496E005AFB97 /* InteractiveImageViewCell.xib */; };
		7F4BFCCE2602AB3B0058C051 /* ImageResizer.swift in Sources */ = {isa = PBXBuildFile; fileRef = 7F4BFCCD2602AB3B0058C051 /* ImageResizer.swift */; };
		7F67EFDE25B502FA00435148 /* GalleryManager.swift in Sources */ = {isa = PBXBuildFile; fileRef = 7F67EFDD25B502FA00435148 /* GalleryManager.swift */; };
		7F67EFE225B50BEE00435148 /* ListsImages.swift in Sources */ = {isa = PBXBuildFile; fileRef = 7F67EFE125B50BEE00435148 /* ListsImages.swift */; };
		7F86A6F525B5DD0700428F92 /* CheckBox.swift in Sources */ = {isa = PBXBuildFile; fileRef = 7F86A6F425B5DD0700428F92 /* CheckBox.swift */; };
		7FC5503B258EE7C2000290F6 /* GalleryPicture.swift in Sources */ = {isa = PBXBuildFile; fileRef = 7FC5503A258EE7C2000290F6 /* GalleryPicture.swift */; };
		7FC55041258F24F3000290F6 /* Localizable.strings in Resources */ = {isa = PBXBuildFile; fileRef = 7FC55043258F24F3000290F6 /* Localizable.strings */; };
/* End PBXBuildFile section */

/* Begin PBXFileReference section */
		078E9AD563EAE53193BA9BDC /* Pods_GalleryApp.framework */ = {isa = PBXFileReference; explicitFileType = wrapper.framework; includeInIndex = 0; path = Pods_GalleryApp.framework; sourceTree = BUILT_PRODUCTS_DIR; };
		7F0031CD25B7A21B00D93B75 /* ImageView+BlurEffect.swift */ = {isa = PBXFileReference; lastKnownFileType = sourcecode.swift; path = "ImageView+BlurEffect.swift"; sourceTree = "<group>"; };
		7F0031D025B7AC7400D93B75 /* UIWindow+isLandscape.swift */ = {isa = PBXFileReference; lastKnownFileType = sourcecode.swift; path = "UIWindow+isLandscape.swift"; sourceTree = "<group>"; };
		7F0E0AC525FEC87900961256 /* GalleryIndex.swift */ = {isa = PBXFileReference; lastKnownFileType = sourcecode.swift; path = GalleryIndex.swift; sourceTree = "<group>"; };
		7F10F360258EA59E000B6075 /* PhotoDetailViewController.swift */ = {isa = PBXFileReference; lastKnownFileType = sourcecode.swift; path = PhotoDetailViewController.swift; sourceTree = "<group>"; wrapsLines = 0; };
		7F10F361258EA59E000B6075 /* PhotoDetailViewController.xib */ = {isa = PBXFileReference; lastKnownFileType = file.xib; path = PhotoDetailViewController.xib; sourceTree = "<group>"; };
		7F10F365258EA938000B6075 /* GalleryApp.entitlements */ = {isa = PBXFileReference; lastKnownFileType = text.plist.entitlements; path = GalleryApp.entitlements; sourceTree = "<group>"; };
		7F235DFA2585B73C007BD075 /* GalleryApp.app */ = {isa = PBXFileReference; explicitFileType = wrapper.application; includeInIndex = 0; path = GalleryApp.app; sourceTree = BUILT_PRODUCTS_DIR; };
		7F235DFD2585B73C007BD075 /* AppDelegate.swift */ = {isa = PBXFileReference; lastKnownFileType = sourcecode.swift; path = AppDelegate.swift; sourceTree = "<group>"; };
		7F235DFF2585B73C007BD075 /* SceneDelegate.swift */ = {isa = PBXFileReference; lastKnownFileType = sourcecode.swift; path = SceneDelegate.swift; sourceTree = "<group>"; };
		7F235E062585B73F007BD075 /* Assets.xcassets */ = {isa = PBXFileReference; lastKnownFileType = folder.assetcatalog; path = Assets.xcassets; sourceTree = "<group>"; };
		7F235E092585B73F007BD075 /* Base */ = {isa = PBXFileReference; lastKnownFileType = file.storyboard; name = Base; path = Base.lproj/LaunchScreen.storyboard; sourceTree = "<group>"; };
		7F235E0B2585B73F007BD075 /* Info.plist */ = {isa = PBXFileReference; lastKnownFileType = text.plist.xml; path = Info.plist; sourceTree = "<group>"; };
		7F235E122585B856007BD075 /* SidebarViewController.swift */ = {isa = PBXFileReference; lastKnownFileType = sourcecode.swift; path = SidebarViewController.swift; sourceTree = "<group>"; };
		7F2CF04B2586A52E009A459D /* AllPhotos.swift */ = {isa = PBXFileReference; lastKnownFileType = sourcecode.swift; path = AllPhotos.swift; sourceTree = "<group>"; };
		7F2CF04C2586A52E009A459D /* AllPhotos.xib */ = {isa = PBXFileReference; lastKnownFileType = file.xib; path = AllPhotos.xib; sourceTree = "<group>"; };
		7F479F1625B64963005AFB97 /* InteractiveImageViewCell.swift */ = {isa = PBXFileReference; lastKnownFileType = sourcecode.swift; path = InteractiveImageViewCell.swift; sourceTree = "<group>"; wrapsLines = 1; };
		7F479F1925B6496E005AFB97 /* InteractiveImageViewCell.xib */ = {isa = PBXFileReference; lastKnownFileType = file.xib; path = InteractiveImageViewCell.xib; sourceTree = "<group>"; };
		7F4BFCCD2602AB3B0058C051 /* ImageResizer.swift */ = {isa = PBXFileReference; lastKnownFileType = sourcecode.swift; path = ImageResizer.swift; sourceTree = "<group>"; };
		7F67EFDD25B502FA00435148 /* GalleryManager.swift */ = {isa = PBXFileReference; lastKnownFileType = sourcecode.swift; path = GalleryManager.swift; sourceTree = "<group>"; };
		7F67EFE125B50BEE00435148 /* ListsImages.swift */ = {isa = PBXFileReference; lastKnownFileType = sourcecode.swift; path = ListsImages.swift; sourceTree = "<group>"; };
		7F86A6F425B5DD0700428F92 /* CheckBox.swift */ = {isa = PBXFileReference; lastKnownFileType = sourcecode.swift; path = CheckBox.swift; sourceTree = "<group>"; };
		7FC5503A258EE7C2000290F6 /* GalleryPicture.swift */ = {isa = PBXFileReference; lastKnownFileType = sourcecode.swift; path = GalleryPicture.swift; sourceTree = "<group>"; };
		7FC55042258F24F3000290F6 /* en */ = {isa = PBXFileReference; lastKnownFileType = text.plist.strings; name = en; path = en.lproj/Localizable.strings; sourceTree = "<group>"; };
		A376C1977261135FB0336E84 /* Pods-GalleryApp.debug.xcconfig */ = {isa = PBXFileReference; includeInIndex = 1; lastKnownFileType = text.xcconfig; name = "Pods-GalleryApp.debug.xcconfig"; path = "Target Support Files/Pods-GalleryApp/Pods-GalleryApp.debug.xcconfig"; sourceTree = "<group>"; };
		C244A4C5C4777768A21588A6 /* Pods-GalleryApp.release.xcconfig */ = {isa = PBXFileReference; includeInIndex = 1; lastKnownFileType = text.xcconfig; name = "Pods-GalleryApp.release.xcconfig"; path = "Target Support Files/Pods-GalleryApp/Pods-GalleryApp.release.xcconfig"; sourceTree = "<group>"; };
/* End PBXFileReference section */

/* Begin PBXFrameworksBuildPhase section */
		7F235DF72585B73C007BD075 /* Frameworks */ = {
			isa = PBXFrameworksBuildPhase;
			buildActionMask = 2147483647;
			files = (
				30AF65B96F180EE2B9EA1465 /* Pods_GalleryApp.framework in Frameworks */,
			);
			runOnlyForDeploymentPostprocessing = 0;
		};
/* End PBXFrameworksBuildPhase section */

/* Begin PBXGroup section */
		58EE590C8CD4A31706325B59 /* Pods */ = {
			isa = PBXGroup;
			children = (
				A376C1977261135FB0336E84 /* Pods-GalleryApp.debug.xcconfig */,
				C244A4C5C4777768A21588A6 /* Pods-GalleryApp.release.xcconfig */,
			);
			path = Pods;
			sourceTree = "<group>";
		};
		7F235DF12585B73C007BD075 = {
			isa = PBXGroup;
			children = (
				7F4BFCCD2602AB3B0058C051 /* ImageResizer.swift */,
				7F235DFC2585B73C007BD075 /* GalleryApp */,
				7F235DFB2585B73C007BD075 /* Products */,
				58EE590C8CD4A31706325B59 /* Pods */,
				AAEB3BEC983888C56C2A2EEA /* Frameworks */,
			);
			sourceTree = "<group>";
		};
		7F235DFB2585B73C007BD075 /* Products */ = {
			isa = PBXGroup;
			children = (
				7F235DFA2585B73C007BD075 /* GalleryApp.app */,
			);
			name = Products;
			sourceTree = "<group>";
		};
		7F235DFC2585B73C007BD075 /* GalleryApp */ = {
			isa = PBXGroup;
			children = (
				7FCB40B925FAF1AC007ADF35 /* SubScreens */,
				7F10F365258EA938000B6075 /* GalleryApp.entitlements */,
				7F235DFD2585B73C007BD075 /* AppDelegate.swift */,
				7F235DFF2585B73C007BD075 /* SceneDelegate.swift */,
				7F235E062585B73F007BD075 /* Assets.xcassets */,
				7F235E082585B73F007BD075 /* LaunchScreen.storyboard */,
				7F235E0B2585B73F007BD075 /* Info.plist */,
				7F235E122585B856007BD075 /* SidebarViewController.swift */,
				7FC5503A258EE7C2000290F6 /* GalleryPicture.swift */,
				7FC55043258F24F3000290F6 /* Localizable.strings */,
				7F67EFDD25B502FA00435148 /* GalleryManager.swift */,
				7F67EFE125B50BEE00435148 /* ListsImages.swift */,
				7F86A6F425B5DD0700428F92 /* CheckBox.swift */,
				7F479F1625B64963005AFB97 /* InteractiveImageViewCell.swift */,
				7F479F1925B6496E005AFB97 /* InteractiveImageViewCell.xib */,
				7F0031CD25B7A21B00D93B75 /* ImageView+BlurEffect.swift */,
				7F0031D025B7AC7400D93B75 /* UIWindow+isLandscape.swift */,
				7F0E0AC525FEC87900961256 /* GalleryIndex.swift */,
			);
			path = GalleryApp;
			sourceTree = "<group>";
		};
		7FCB40B925FAF1AC007ADF35 /* SubScreens */ = {
			isa = PBXGroup;
			children = (
				7FCB40BC25FAF1C1007ADF35 /* PhotoDetail */,
				7FCB40BA25FAF1BC007ADF35 /* AllPhotos */,
			);
			path = SubScreens;
			sourceTree = "<group>";
		};
		7FCB40BA25FAF1BC007ADF35 /* AllPhotos */ = {
			isa = PBXGroup;
			children = (
				7F2CF04B2586A52E009A459D /* AllPhotos.swift */,
				7F2CF04C2586A52E009A459D /* AllPhotos.xib */,
			);
			path = AllPhotos;
			sourceTree = "<group>";
		};
		7FCB40BC25FAF1C1007ADF35 /* PhotoDetail */ = {
			isa = PBXGroup;
			children = (
				7F10F360258EA59E000B6075 /* PhotoDetailViewController.swift */,
				7F10F361258EA59E000B6075 /* PhotoDetailViewController.xib */,
			);
			path = PhotoDetail;
			sourceTree = "<group>";
		};
		AAEB3BEC983888C56C2A2EEA /* Frameworks */ = {
			isa = PBXGroup;
			children = (
				078E9AD563EAE53193BA9BDC /* Pods_GalleryApp.framework */,
			);
			name = Frameworks;
			sourceTree = "<group>";
		};
/* End PBXGroup section */

/* Begin PBXNativeTarget section */
		7F235DF92585B73C007BD075 /* GalleryApp */ = {
			isa = PBXNativeTarget;
			buildConfigurationList = 7F235E0E2585B73F007BD075 /* Build configuration list for PBXNativeTarget "GalleryApp" */;
			buildPhases = (
				933DEF5289DEA46FB4A3248C /* [CP] Check Pods Manifest.lock */,
				7F235DF62585B73C007BD075 /* Sources */,
				7F235DF72585B73C007BD075 /* Frameworks */,
				7F235DF82585B73C007BD075 /* Resources */,
				F47D7A4044A2F5BAB75623DB /* [CP] Embed Pods Frameworks */,
			);
			buildRules = (
			);
			dependencies = (
			);
			name = GalleryApp;
			productName = GalleryApp;
			productReference = 7F235DFA2585B73C007BD075 /* GalleryApp.app */;
			productType = "com.apple.product-type.application";
		};
/* End PBXNativeTarget section */

/* Begin PBXProject section */
		7F235DF22585B73C007BD075 /* Project object */ = {
			isa = PBXProject;
			attributes = {
				LastSwiftUpdateCheck = 1220;
				LastUpgradeCheck = 1220;
				TargetAttributes = {
					7F235DF92585B73C007BD075 = {
						CreatedOnToolsVersion = 12.2;
					};
				};
			};
			buildConfigurationList = 7F235DF52585B73C007BD075 /* Build configuration list for PBXProject "GalleryApp" */;
			compatibilityVersion = "Xcode 9.3";
			developmentRegion = en;
			hasScannedForEncodings = 0;
			knownRegions = (
				en,
				Base,
			);
			mainGroup = 7F235DF12585B73C007BD075;
			productRefGroup = 7F235DFB2585B73C007BD075 /* Products */;
			projectDirPath = "";
			projectRoot = "";
			targets = (
				7F235DF92585B73C007BD075 /* GalleryApp */,
			);
		};
/* End PBXProject section */

/* Begin PBXResourcesBuildPhase section */
		7F235DF82585B73C007BD075 /* Resources */ = {
			isa = PBXResourcesBuildPhase;
			buildActionMask = 2147483647;
			files = (
				7F10F363258EA59E000B6075 /* PhotoDetailViewController.xib in Resources */,
				7FC55041258F24F3000290F6 /* Localizable.strings in Resources */,
				7F235E0A2585B73F007BD075 /* LaunchScreen.storyboard in Resources */,
				7F235E072585B73F007BD075 /* Assets.xcassets in Resources */,
				7F479F1A25B6496F005AFB97 /* InteractiveImageViewCell.xib in Resources */,
				7F2CF04E2586A52E009A459D /* AllPhotos.xib in Resources */,
			);
			runOnlyForDeploymentPostprocessing = 0;
		};
/* End PBXResourcesBuildPhase section */

/* Begin PBXShellScriptBuildPhase section */
		933DEF5289DEA46FB4A3248C /* [CP] Check Pods Manifest.lock */ = {
			isa = PBXShellScriptBuildPhase;
			buildActionMask = 2147483647;
			files = (
			);
			inputFileListPaths = (
			);
			inputPaths = (
				"${PODS_PODFILE_DIR_PATH}/Podfile.lock",
				"${PODS_ROOT}/Manifest.lock",
			);
			name = "[CP] Check Pods Manifest.lock";
			outputFileListPaths = (
			);
			outputPaths = (
				"$(DERIVED_FILE_DIR)/Pods-GalleryApp-checkManifestLockResult.txt",
			);
			runOnlyForDeploymentPostprocessing = 0;
			shellPath = /bin/sh;
			shellScript = "diff \"${PODS_PODFILE_DIR_PATH}/Podfile.lock\" \"${PODS_ROOT}/Manifest.lock\" > /dev/null\nif [ $? != 0 ] ; then\n    # print error to STDERR\n    echo \"error: The sandbox is not in sync with the Podfile.lock. Run 'pod install' or update your CocoaPods installation.\" >&2\n    exit 1\nfi\n# This output is used by Xcode 'outputs' to avoid re-running this script phase.\necho \"SUCCESS\" > \"${SCRIPT_OUTPUT_FILE_0}\"\n";
			showEnvVarsInLog = 0;
		};
		F47D7A4044A2F5BAB75623DB /* [CP] Embed Pods Frameworks */ = {
			isa = PBXShellScriptBuildPhase;
			buildActionMask = 2147483647;
			files = (
			);
			inputFileListPaths = (
				"${PODS_ROOT}/Target Support Files/Pods-GalleryApp/Pods-GalleryApp-frameworks-${CONFIGURATION}-input-files.xcfilelist",
			);
			name = "[CP] Embed Pods Frameworks";
			outputFileListPaths = (
				"${PODS_ROOT}/Target Support Files/Pods-GalleryApp/Pods-GalleryApp-frameworks-${CONFIGURATION}-output-files.xcfilelist",
			);
			runOnlyForDeploymentPostprocessing = 0;
			shellPath = /bin/sh;
			shellScript = "\"${PODS_ROOT}/Target Support Files/Pods-GalleryApp/Pods-GalleryApp-frameworks.sh\"\n";
			showEnvVarsInLog = 0;
		};
/* End PBXShellScriptBuildPhase section */

/* Begin PBXSourcesBuildPhase section */
		7F235DF62585B73C007BD075 /* Sources */ = {
			isa = PBXSourcesBuildPhase;
			buildActionMask = 2147483647;
			files = (
				7F235DFE2585B73C007BD075 /* AppDelegate.swift in Sources */,
				7F67EFE225B50BEE00435148 /* ListsImages.swift in Sources */,
				7F4BFCCE2602AB3B0058C051 /* ImageResizer.swift in Sources */,
				7F86A6F525B5DD0700428F92 /* CheckBox.swift in Sources */,
				7F235E002585B73C007BD075 /* SceneDelegate.swift in Sources */,
				7F0031CE25B7A21B00D93B75 /* ImageView+BlurEffect.swift in Sources */,
				7F0031D125B7AC7400D93B75 /* UIWindow+isLandscape.swift in Sources */,
				7F67EFDE25B502FA00435148 /* GalleryManager.swift in Sources */,
				7F2CF04D2586A52E009A459D /* AllPhotos.swift in Sources */,
				7F0E0AC625FEC87900961256 /* GalleryIndex.swift in Sources */,
				7FC5503B258EE7C2000290F6 /* GalleryPicture.swift in Sources */,
				7F10F362258EA59E000B6075 /* PhotoDetailViewController.swift in Sources */,
				7F235E142585B856007BD075 /* SidebarViewController.swift in Sources */,
				7F479F1725B64963005AFB97 /* InteractiveImageViewCell.swift in Sources */,
			);
			runOnlyForDeploymentPostprocessing = 0;
		};
/* End PBXSourcesBuildPhase section */

/* Begin PBXVariantGroup section */
		7F235E082585B73F007BD075 /* LaunchScreen.storyboard */ = {
			isa = PBXVariantGroup;
			children = (
				7F235E092585B73F007BD075 /* Base */,
			);
			name = LaunchScreen.storyboard;
			sourceTree = "<group>";
		};
		7FC55043258F24F3000290F6 /* Localizable.strings */ = {
			isa = PBXVariantGroup;
			children = (
				7FC55042258F24F3000290F6 /* en */,
			);
			name = Localizable.strings;
			sourceTree = "<group>";
		};
/* End PBXVariantGroup section */

/* Begin XCBuildConfiguration section */
		7F235E0C2585B73F007BD075 /* Debug */ = {
			isa = XCBuildConfiguration;
			buildSettings = {
				ALWAYS_SEARCH_USER_PATHS = NO;
				CLANG_ANALYZER_NONNULL = YES;
				CLANG_ANALYZER_NUMBER_OBJECT_CONVERSION = YES_AGGRESSIVE;
				CLANG_CXX_LANGUAGE_STANDARD = "gnu++14";
				CLANG_CXX_LIBRARY = "libc++";
				CLANG_ENABLE_MODULES = YES;
				CLANG_ENABLE_OBJC_ARC = YES;
				CLANG_ENABLE_OBJC_WEAK = YES;
				CLANG_WARN_BLOCK_CAPTURE_AUTORELEASING = YES;
				CLANG_WARN_BOOL_CONVERSION = YES;
				CLANG_WARN_COMMA = YES;
				CLANG_WARN_CONSTANT_CONVERSION = YES;
				CLANG_WARN_DEPRECATED_OBJC_IMPLEMENTATIONS = YES;
				CLANG_WARN_DIRECT_OBJC_ISA_USAGE = YES_ERROR;
				CLANG_WARN_DOCUMENTATION_COMMENTS = YES;
				CLANG_WARN_EMPTY_BODY = YES;
				CLANG_WARN_ENUM_CONVERSION = YES;
				CLANG_WARN_INFINITE_RECURSION = YES;
				CLANG_WARN_INT_CONVERSION = YES;
				CLANG_WARN_NON_LITERAL_NULL_CONVERSION = YES;
				CLANG_WARN_OBJC_IMPLICIT_RETAIN_SELF = YES;
				CLANG_WARN_OBJC_LITERAL_CONVERSION = YES;
				CLANG_WARN_OBJC_ROOT_CLASS = YES_ERROR;
				CLANG_WARN_QUOTED_INCLUDE_IN_FRAMEWORK_HEADER = YES;
				CLANG_WARN_RANGE_LOOP_ANALYSIS = YES;
				CLANG_WARN_STRICT_PROTOTYPES = YES;
				CLANG_WARN_SUSPICIOUS_MOVE = YES;
				CLANG_WARN_UNGUARDED_AVAILABILITY = YES_AGGRESSIVE;
				CLANG_WARN_UNREACHABLE_CODE = YES;
				CLANG_WARN__DUPLICATE_METHOD_MATCH = YES;
				COPY_PHASE_STRIP = NO;
				DEBUG_INFORMATION_FORMAT = dwarf;
				ENABLE_STRICT_OBJC_MSGSEND = YES;
				ENABLE_TESTABILITY = YES;
				GCC_C_LANGUAGE_STANDARD = gnu11;
				GCC_DYNAMIC_NO_PIC = NO;
				GCC_NO_COMMON_BLOCKS = YES;
				GCC_OPTIMIZATION_LEVEL = 0;
				GCC_PREPROCESSOR_DEFINITIONS = (
					"DEBUG=1",
					"$(inherited)",
				);
				GCC_WARN_64_TO_32_BIT_CONVERSION = YES;
				GCC_WARN_ABOUT_RETURN_TYPE = YES_ERROR;
				GCC_WARN_UNDECLARED_SELECTOR = YES;
				GCC_WARN_UNINITIALIZED_AUTOS = YES_AGGRESSIVE;
				GCC_WARN_UNUSED_FUNCTION = YES;
				GCC_WARN_UNUSED_VARIABLE = YES;
				IPHONEOS_DEPLOYMENT_TARGET = 14.2;
				MTL_ENABLE_DEBUG_INFO = INCLUDE_SOURCE;
				MTL_FAST_MATH = YES;
				ONLY_ACTIVE_ARCH = YES;
				SDKROOT = iphoneos;
				SWIFT_ACTIVE_COMPILATION_CONDITIONS = DEBUG;
				SWIFT_OPTIMIZATION_LEVEL = "-Onone";
			};
			name = Debug;
		};
		7F235E0D2585B73F007BD075 /* Release */ = {
			isa = XCBuildConfiguration;
			buildSettings = {
				ALWAYS_SEARCH_USER_PATHS = NO;
				CLANG_ANALYZER_NONNULL = YES;
				CLANG_ANALYZER_NUMBER_OBJECT_CONVERSION = YES_AGGRESSIVE;
				CLANG_CXX_LANGUAGE_STANDARD = "gnu++14";
				CLANG_CXX_LIBRARY = "libc++";
				CLANG_ENABLE_MODULES = YES;
				CLANG_ENABLE_OBJC_ARC = YES;
				CLANG_ENABLE_OBJC_WEAK = YES;
				CLANG_WARN_BLOCK_CAPTURE_AUTORELEASING = YES;
				CLANG_WARN_BOOL_CONVERSION = YES;
				CLANG_WARN_COMMA = YES;
				CLANG_WARN_CONSTANT_CONVERSION = YES;
				CLANG_WARN_DEPRECATED_OBJC_IMPLEMENTATIONS = YES;
				CLANG_WARN_DIRECT_OBJC_ISA_USAGE = YES_ERROR;
				CLANG_WARN_DOCUMENTATION_COMMENTS = YES;
				CLANG_WARN_EMPTY_BODY = YES;
				CLANG_WARN_ENUM_CONVERSION = YES;
				CLANG_WARN_INFINITE_RECURSION = YES;
				CLANG_WARN_INT_CONVERSION = YES;
				CLANG_WARN_NON_LITERAL_NULL_CONVERSION = YES;
				CLANG_WARN_OBJC_IMPLICIT_RETAIN_SELF = YES;
				CLANG_WARN_OBJC_LITERAL_CONVERSION = YES;
				CLANG_WARN_OBJC_ROOT_CLASS = YES_ERROR;
				CLANG_WARN_QUOTED_INCLUDE_IN_FRAMEWORK_HEADER = YES;
				CLANG_WARN_RANGE_LOOP_ANALYSIS = YES;
				CLANG_WARN_STRICT_PROTOTYPES = YES;
				CLANG_WARN_SUSPICIOUS_MOVE = YES;
				CLANG_WARN_UNGUARDED_AVAILABILITY = YES_AGGRESSIVE;
				CLANG_WARN_UNREACHABLE_CODE = YES;
				CLANG_WARN__DUPLICATE_METHOD_MATCH = YES;
				COPY_PHASE_STRIP = NO;
				DEBUG_INFORMATION_FORMAT = "dwarf-with-dsym";
				ENABLE_NS_ASSERTIONS = NO;
				ENABLE_STRICT_OBJC_MSGSEND = YES;
				GCC_C_LANGUAGE_STANDARD = gnu11;
				GCC_NO_COMMON_BLOCKS = YES;
				GCC_WARN_64_TO_32_BIT_CONVERSION = YES;
				GCC_WARN_ABOUT_RETURN_TYPE = YES_ERROR;
				GCC_WARN_UNDECLARED_SELECTOR = YES;
				GCC_WARN_UNINITIALIZED_AUTOS = YES_AGGRESSIVE;
				GCC_WARN_UNUSED_FUNCTION = YES;
				GCC_WARN_UNUSED_VARIABLE = YES;
				IPHONEOS_DEPLOYMENT_TARGET = 14.2;
				MTL_ENABLE_DEBUG_INFO = NO;
				MTL_FAST_MATH = YES;
				SDKROOT = iphoneos;
				SWIFT_COMPILATION_MODE = wholemodule;
				SWIFT_OPTIMIZATION_LEVEL = "-O";
				VALIDATE_PRODUCT = YES;
			};
			name = Release;
		};
		7F235E0F2585B73F007BD075 /* Debug */ = {
			isa = XCBuildConfiguration;
			baseConfigurationReference = A376C1977261135FB0336E84 /* Pods-GalleryApp.debug.xcconfig */;
			buildSettings = {
				ASSETCATALOG_COMPILER_APPICON_NAME = AppIcon;
				ASSETCATALOG_COMPILER_GLOBAL_ACCENT_COLOR_NAME = AccentColor;
				CODE_SIGN_ENTITLEMENTS = GalleryApp/GalleryApp.entitlements;
				CODE_SIGN_STYLE = Automatic;
				DEVELOPMENT_TEAM = 3HV23S92WL;
				INFOPLIST_FILE = GalleryApp/Info.plist;
				LD_RUNPATH_SEARCH_PATHS = (
					"$(inherited)",
					"@executable_path/Frameworks",
				);
				PRODUCT_BUNDLE_IDENTIFIER = com.pazderka.GalleryApp;
				PRODUCT_NAME = "$(TARGET_NAME)";
				SUPPORTS_MACCATALYST = YES;
				SWIFT_VERSION = 5.0;
				TARGETED_DEVICE_FAMILY = "1,2";
			};
			name = Debug;
		};
		7F235E102585B73F007BD075 /* Release */ = {
			isa = XCBuildConfiguration;
			baseConfigurationReference = C244A4C5C4777768A21588A6 /* Pods-GalleryApp.release.xcconfig */;
			buildSettings = {
				ASSETCATALOG_COMPILER_APPICON_NAME = AppIcon;
				ASSETCATALOG_COMPILER_GLOBAL_ACCENT_COLOR_NAME = AccentColor;
				CODE_SIGN_ENTITLEMENTS = GalleryApp/GalleryApp.entitlements;
				CODE_SIGN_STYLE = Automatic;
				DEVELOPMENT_TEAM = 3HV23S92WL;
				INFOPLIST_FILE = GalleryApp/Info.plist;
				LD_RUNPATH_SEARCH_PATHS = (
					"$(inherited)",
					"@executable_path/Frameworks",
				);
				PRODUCT_BUNDLE_IDENTIFIER = com.pazderka.GalleryApp;
				PRODUCT_NAME = "$(TARGET_NAME)";
				SUPPORTS_MACCATALYST = YES;
				SWIFT_VERSION = 5.0;
				TARGETED_DEVICE_FAMILY = "1,2";
			};
			name = Release;
		};
/* End XCBuildConfiguration section */

/* Begin XCConfigurationList section */
		7F235DF52585B73C007BD075 /* Build configuration list for PBXProject "GalleryApp" */ = {
			isa = XCConfigurationList;
			buildConfigurations = (
				7F235E0C2585B73F007BD075 /* Debug */,
				7F235E0D2585B73F007BD075 /* Release */,
			);
			defaultConfigurationIsVisible = 0;
			defaultConfigurationName = Release;
		};
		7F235E0E2585B73F007BD075 /* Build configuration list for PBXNativeTarget "GalleryApp" */ = {
			isa = XCConfigurationList;
			buildConfigurations = (
				7F235E0F2585B73F007BD075 /* Debug */,
				7F235E102585B73F007BD075 /* Release */,
			);
			defaultConfigurationIsVisible = 0;
			defaultConfigurationName = Release;
		};
/* End XCConfigurationList section */
	};
	rootObject = 7F235DF22585B73C007BD075 /* Project object */;
}
