// !$*UTF8*$!
{
	archiveVersion = 1;
	classes = {
	};
	objectVersion = 54;
	objects = {

/* Begin PBXBuildFile section */
		0D199F6FF2A10E82F9E22CE5 /* Pods_GalleryApp.framework in Frameworks */ = {isa = PBXBuildFile; fileRef = 63BE12233158C7EF023B0479 /* Pods_GalleryApp.framework */; };
		7F1C9DCF2A7025D70098F407 /* en.xcloc in Resources */ = {isa = PBXBuildFile; fileRef = 7F1C9D7C2A7025D70098F407 /* en.xcloc */; };
		7F1C9DD02A7025D70098F407 /* Constants.swift in Sources */ = {isa = PBXBuildFile; fileRef = 7F1C9D7F2A7025D70098F407 /* Constants.swift */; };
		7F1C9DD12A7025D70098F407 /* UIViewController+Child.swift in Sources */ = {isa = PBXBuildFile; fileRef = 7F1C9D802A7025D70098F407 /* UIViewController+Child.swift */; };
		7F1C9DD22A7025D70098F407 /* UIWindow+isLandscape.swift in Sources */ = {isa = PBXBuildFile; fileRef = 7F1C9D812A7025D70098F407 /* UIWindow+isLandscape.swift */; };
		7F1C9DD32A7025D70098F407 /* UIImage+roundedImage.swift in Sources */ = {isa = PBXBuildFile; fileRef = 7F1C9D822A7025D70098F407 /* UIImage+roundedImage.swift */; };
		7F1C9DD42A7025D70098F407 /* ArrayExtension.swift in Sources */ = {isa = PBXBuildFile; fileRef = 7F1C9D832A7025D70098F407 /* ArrayExtension.swift */; };
		7F1C9DD52A7025D70098F407 /* EdgeInsets.swift in Sources */ = {isa = PBXBuildFile; fileRef = 7F1C9D842A7025D70098F407 /* EdgeInsets.swift */; };
		7F1C9DD62A7025D70098F407 /* UIImage+imageWidth.swift in Sources */ = {isa = PBXBuildFile; fileRef = 7F1C9D852A7025D70098F407 /* UIImage+imageWidth.swift */; };
		7F1C9DD72A7025D70098F407 /* UIView+addSubviews.swift in Sources */ = {isa = PBXBuildFile; fileRef = 7F1C9D862A7025D70098F407 /* UIView+addSubviews.swift */; };
		7F1C9DD82A7025D70098F407 /* TopMostNavigationController.swift in Sources */ = {isa = PBXBuildFile; fileRef = 7F1C9D872A7025D70098F407 /* TopMostNavigationController.swift */; };
		7F1C9DD92A7025D70098F407 /* ContainerBuilder.swift in Sources */ = {isa = PBXBuildFile; fileRef = 7F1C9D882A7025D70098F407 /* ContainerBuilder.swift */; };
		7F1C9DDA2A7025D70098F407 /* Average.swift in Sources */ = {isa = PBXBuildFile; fileRef = 7F1C9D892A7025D70098F407 /* Average.swift */; };
		7F1C9DDB2A7025D70098F407 /* MutableProgress.swift in Sources */ = {isa = PBXBuildFile; fileRef = 7F1C9D8A2A7025D70098F407 /* MutableProgress.swift */; };
		7F1C9DDC2A7025D70098F407 /* ImageView+BlurEffect.swift in Sources */ = {isa = PBXBuildFile; fileRef = 7F1C9D8B2A7025D70098F407 /* ImageView+BlurEffect.swift */; };
		7F1C9DDD2A7025D70098F407 /* ZoomTransitionController.swift in Sources */ = {isa = PBXBuildFile; fileRef = 7F1C9D8D2A7025D70098F407 /* ZoomTransitionController.swift */; };
		7F1C9DDE2A7025D70098F407 /* ZoomDismissalInteractionController.swift in Sources */ = {isa = PBXBuildFile; fileRef = 7F1C9D8E2A7025D70098F407 /* ZoomDismissalInteractionController.swift */; };
		7F1C9DDF2A7025D70098F407 /* ZoomAnimator.swift in Sources */ = {isa = PBXBuildFile; fileRef = 7F1C9D8F2A7025D70098F407 /* ZoomAnimator.swift */; };
		7F1C9DE02A7025D70098F407 /* Assets.xcassets in Resources */ = {isa = PBXBuildFile; fileRef = 7F1C9D902A7025D70098F407 /* Assets.xcassets */; };
		7F1C9DE12A7025D70098F407 /* InteractiveImageViewCell.xib in Resources */ = {isa = PBXBuildFile; fileRef = 7F1C9D912A7025D70098F407 /* InteractiveImageViewCell.xib */; };
		7F1C9DE22A7025D70098F407 /* LaunchScreen.storyboard in Resources */ = {isa = PBXBuildFile; fileRef = 7F1C9D922A7025D70098F407 /* LaunchScreen.storyboard */; };
		7F1C9DE32A7025D70098F407 /* ListsImages.swift in Sources */ = {isa = PBXBuildFile; fileRef = 7F1C9D942A7025D70098F407 /* ListsImages.swift */; };
		7F1C9DE42A7025D70098F407 /* Localizable.strings in Resources */ = {isa = PBXBuildFile; fileRef = 7F1C9D952A7025D70098F407 /* Localizable.strings */; };
		7F1C9DE52A7025D70098F407 /* InteractiveImageViewCell.swift in Sources */ = {isa = PBXBuildFile; fileRef = 7F1C9D962A7025D70098F407 /* InteractiveImageViewCell.swift */; };
		7F1C9DE62A7025D70098F407 /* UICheckBox.swift in Sources */ = {isa = PBXBuildFile; fileRef = 7F1C9D972A7025D70098F407 /* UICheckBox.swift */; };
		7F1C9DE72A7025D70098F407 /* AppDelegate.swift in Sources */ = {isa = PBXBuildFile; fileRef = 7F1C9D982A7025D70098F407 /* AppDelegate.swift */; };
		7F1C9DE82A7025D70098F407 /* PathResolver.swift in Sources */ = {isa = PBXBuildFile; fileRef = 7F1C9D9A2A7025D70098F407 /* PathResolver.swift */; };
		7F1C9DE92A7025D70098F407 /* UnsecureStorage.swift in Sources */ = {isa = PBXBuildFile; fileRef = 7F1C9D9B2A7025D70098F407 /* UnsecureStorage.swift */; };
		7F1C9DEA2A7025D70098F407 /* GalleryManager.swift in Sources */ = {isa = PBXBuildFile; fileRef = 7F1C9D9C2A7025D70098F407 /* GalleryManager.swift */; };
		7F1C9DEB2A7025D70098F407 /* SettingsKey.swift in Sources */ = {isa = PBXBuildFile; fileRef = 7F1C9D9E2A7025D70098F407 /* SettingsKey.swift */; };
		7F1C9DEC2A7025D70098F407 /* SettingsManager.swift in Sources */ = {isa = PBXBuildFile; fileRef = 7F1C9D9F2A7025D70098F407 /* SettingsManager.swift */; };
		7F1C9DED2A7025D70098F407 /* FileScannerManager.swift in Sources */ = {isa = PBXBuildFile; fileRef = 7F1C9DA02A7025D70098F407 /* FileScannerManager.swift */; };
		7F1C9DEE2A7025D70098F407 /* AlbumIndex.swift in Sources */ = {isa = PBXBuildFile; fileRef = 7F1C9DA32A7025D70098F407 /* AlbumIndex.swift */; };
		7F1C9DEF2A7025D70098F407 /* AlbumImage.swift in Sources */ = {isa = PBXBuildFile; fileRef = 7F1C9DA42A7025D70098F407 /* AlbumImage.swift */; };
		7F1C9DF02A7025D70098F407 /* AlbumsMenuIndex.swift in Sources */ = {isa = PBXBuildFile; fileRef = 7F1C9DA52A7025D70098F407 /* AlbumsMenuIndex.swift */; };
		7F1C9DF12A7025D70098F407 /* ImageResizer.swift in Sources */ = {isa = PBXBuildFile; fileRef = 7F1C9DA62A7025D70098F407 /* ImageResizer.swift */; };
		7F1C9DF22A7025D70098F407 /* GalleryIndex.swift in Sources */ = {isa = PBXBuildFile; fileRef = 7F1C9DA72A7025D70098F407 /* GalleryIndex.swift */; };
		7F1C9DF32A7025D70098F407 /* SelectLibraryViewModel.swift in Sources */ = {isa = PBXBuildFile; fileRef = 7F1C9DAA2A7025D70098F407 /* SelectLibraryViewModel.swift */; };
		7F1C9DF42A7025D70098F407 /* SelectLibraryView.swift in Sources */ = {isa = PBXBuildFile; fileRef = 7F1C9DAB2A7025D70098F407 /* SelectLibraryView.swift */; };
		7F1C9DF52A7025D70098F407 /* SelectLibraryViewController.swift in Sources */ = {isa = PBXBuildFile; fileRef = 7F1C9DAC2A7025D70098F407 /* SelectLibraryViewController.swift */; };
		7F1C9DF62A7025D70098F407 /* GalleryCell.swift in Sources */ = {isa = PBXBuildFile; fileRef = 7F1C9DAD2A7025D70098F407 /* GalleryCell.swift */; };
		7F1C9DF72A7025D70098F407 /* AlbumsListView.swift in Sources */ = {isa = PBXBuildFile; fileRef = 7F1C9DAF2A7025D70098F407 /* AlbumsListView.swift */; };
		7F1C9DF82A7025D70098F407 /* AlbumsView.swift in Sources */ = {isa = PBXBuildFile; fileRef = 7F1C9DB02A7025D70098F407 /* AlbumsView.swift */; };
		7F1C9DF92A7025D70098F407 /* PhotoDetailViewController.swift in Sources */ = {isa = PBXBuildFile; fileRef = 7F1C9DB22A7025D70098F407 /* PhotoDetailViewController.swift */; };
		7F1C9DFA2A7025D70098F407 /* PhotoDetailViewControllerSettings.swift in Sources */ = {isa = PBXBuildFile; fileRef = 7F1C9DB32A7025D70098F407 /* PhotoDetailViewControllerSettings.swift */; };
		7F1C9DFB2A7025D70098F407 /* PhotoDetailViewModel.swift in Sources */ = {isa = PBXBuildFile; fileRef = 7F1C9DB42A7025D70098F407 /* PhotoDetailViewModel.swift */; };
		7F1C9DFC2A7025D70098F407 /* PhotoDetailView.swift in Sources */ = {isa = PBXBuildFile; fileRef = 7F1C9DB52A7025D70098F407 /* PhotoDetailView.swift */; };
		7F1C9DFD2A7025D70098F407 /* SidebarSection.swift in Sources */ = {isa = PBXBuildFile; fileRef = 7F1C9DB72A7025D70098F407 /* SidebarSection.swift */; };
		7F1C9DFE2A7025D70098F407 /* SidebarViewModel.swift in Sources */ = {isa = PBXBuildFile; fileRef = 7F1C9DB82A7025D70098F407 /* SidebarViewModel.swift */; };
		7F1C9DFF2A7025D70098F407 /* SidebarItem.swift in Sources */ = {isa = PBXBuildFile; fileRef = 7F1C9DB92A7025D70098F407 /* SidebarItem.swift */; };
		7F1C9E002A7025D70098F407 /* SidebarSections.swift in Sources */ = {isa = PBXBuildFile; fileRef = 7F1C9DBA2A7025D70098F407 /* SidebarSections.swift */; };
		7F1C9E012A7025D70098F407 /* SidebarView.swift in Sources */ = {isa = PBXBuildFile; fileRef = 7F1C9DBB2A7025D70098F407 /* SidebarView.swift */; };
		7F1C9E022A7025D70098F407 /* SidebarRouter.swift in Sources */ = {isa = PBXBuildFile; fileRef = 7F1C9DBC2A7025D70098F407 /* SidebarRouter.swift */; };
		7F1C9E032A7025D70098F407 /* SidebarViewController.swift in Sources */ = {isa = PBXBuildFile; fileRef = 7F1C9DBD2A7025D70098F407 /* SidebarViewController.swift */; };
		7F1C9E042A7025D70098F407 /* PhotoPropertiesViewController.swift in Sources */ = {isa = PBXBuildFile; fileRef = 7F1C9DBF2A7025D70098F407 /* PhotoPropertiesViewController.swift */; };
		7F1C9E052A7025D70098F407 /* PhotoPropertiesViewModel.swift in Sources */ = {isa = PBXBuildFile; fileRef = 7F1C9DC02A7025D70098F407 /* PhotoPropertiesViewModel.swift */; };
		7F1C9E062A7025D70098F407 /* PhotoPropertiesView.swift in Sources */ = {isa = PBXBuildFile; fileRef = 7F1C9DC12A7025D70098F407 /* PhotoPropertiesView.swift */; };
		7F1C9E072A7025D70098F407 /* AlbumScreenRouter.swift in Sources */ = {isa = PBXBuildFile; fileRef = 7F1C9DC32A7025D70098F407 /* AlbumScreenRouter.swift */; };
		7F1C9E082A7025D70098F407 /* AlbumScreenViewModel.swift in Sources */ = {isa = PBXBuildFile; fileRef = 7F1C9DC42A7025D70098F407 /* AlbumScreenViewModel.swift */; };
		7F1C9E092A7025D70098F407 /* AlbumScreenViewController.swift in Sources */ = {isa = PBXBuildFile; fileRef = 7F1C9DC52A7025D70098F407 /* AlbumScreenViewController.swift */; };
		7F1C9E0A2A7025D70098F407 /* AlbumScreenCellFooter.swift in Sources */ = {isa = PBXBuildFile; fileRef = 7F1C9DC62A7025D70098F407 /* AlbumScreenCellFooter.swift */; };
		7F1C9E0B2A7025D70098F407 /* AlbumImageCell.swift in Sources */ = {isa = PBXBuildFile; fileRef = 7F1C9DC72A7025D70098F407 /* AlbumImageCell.swift */; };
		7F1C9E0C2A7025D70098F407 /* AlbumScreenModel.swift in Sources */ = {isa = PBXBuildFile; fileRef = 7F1C9DC82A7025D70098F407 /* AlbumScreenModel.swift */; };
		7F1C9E0D2A7025D70098F407 /* AlbumScreenView.swift in Sources */ = {isa = PBXBuildFile; fileRef = 7F1C9DC92A7025D70098F407 /* AlbumScreenView.swift */; };
		7F1C9E0E2A7025D70098F407 /* AlbumListViewModel.swift in Sources */ = {isa = PBXBuildFile; fileRef = 7F1C9DCB2A7025D70098F407 /* AlbumListViewModel.swift */; };
		7F1C9E0F2A7025D70098F407 /* AlbumsListViewController.swift in Sources */ = {isa = PBXBuildFile; fileRef = 7F1C9DCC2A7025D70098F407 /* AlbumsListViewController.swift */; };
		7F1C9E112A7025D70098F407 /* SceneDelegate.swift in Sources */ = {isa = PBXBuildFile; fileRef = 7F1C9DCE2A7025D70098F407 /* SceneDelegate.swift */; };
		7F62EA7929056C3600FCD97F /* GalleryAppTests.swift in Sources */ = {isa = PBXBuildFile; fileRef = 7F62EA7829056C3600FCD97F /* GalleryAppTests.swift */; };
		7FDCEE732905741C00395F10 /* GalleryManagerTest.swift in Sources */ = {isa = PBXBuildFile; fileRef = 7FDCEE722905741C00395F10 /* GalleryManagerTest.swift */; };
		7FEDEA93284CD8AD001F40C0 /* SnapKit in Frameworks */ = {isa = PBXBuildFile; productRef = 7FEDEA92284CD8AD001F40C0 /* SnapKit */; };
/* End PBXBuildFile section */

/* Begin PBXContainerItemProxy section */
		7F62EA7A29056C3600FCD97F /* PBXContainerItemProxy */ = {
			isa = PBXContainerItemProxy;
			containerPortal = 7F235DF22585B73C007BD075 /* Project object */;
			proxyType = 1;
			remoteGlobalIDString = 7F235DF92585B73C007BD075;
			remoteInfo = GalleryApp;
		};
/* End PBXContainerItemProxy section */

/* Begin PBXFileReference section */
		11F848A477FFC4228499079E /* Pods-GalleryApp.release.xcconfig */ = {isa = PBXFileReference; includeInIndex = 1; lastKnownFileType = text.xcconfig; name = "Pods-GalleryApp.release.xcconfig"; path = "Target Support Files/Pods-GalleryApp/Pods-GalleryApp.release.xcconfig"; sourceTree = "<group>"; };
		63BE12233158C7EF023B0479 /* Pods_GalleryApp.framework */ = {isa = PBXFileReference; explicitFileType = wrapper.framework; includeInIndex = 0; path = Pods_GalleryApp.framework; sourceTree = BUILT_PRODUCTS_DIR; };
		7F1C9D7C2A7025D70098F407 /* en.xcloc */ = {isa = PBXFileReference; lastKnownFileType = wrapper; path = en.xcloc; sourceTree = "<group>"; };
		7F1C9D7D2A7025D70098F407 /* GalleryApp.entitlements */ = {isa = PBXFileReference; fileEncoding = 4; lastKnownFileType = text.plist.entitlements; path = GalleryApp.entitlements; sourceTree = "<group>"; };
		7F1C9D7F2A7025D70098F407 /* Constants.swift */ = {isa = PBXFileReference; fileEncoding = 4; lastKnownFileType = sourcecode.swift; path = Constants.swift; sourceTree = "<group>"; };
		7F1C9D802A7025D70098F407 /* UIViewController+Child.swift */ = {isa = PBXFileReference; fileEncoding = 4; lastKnownFileType = sourcecode.swift; path = "UIViewController+Child.swift"; sourceTree = "<group>"; };
		7F1C9D812A7025D70098F407 /* UIWindow+isLandscape.swift */ = {isa = PBXFileReference; fileEncoding = 4; lastKnownFileType = sourcecode.swift; path = "UIWindow+isLandscape.swift"; sourceTree = "<group>"; };
		7F1C9D822A7025D70098F407 /* UIImage+roundedImage.swift */ = {isa = PBXFileReference; fileEncoding = 4; lastKnownFileType = sourcecode.swift; path = "UIImage+roundedImage.swift"; sourceTree = "<group>"; };
		7F1C9D832A7025D70098F407 /* ArrayExtension.swift */ = {isa = PBXFileReference; fileEncoding = 4; lastKnownFileType = sourcecode.swift; path = ArrayExtension.swift; sourceTree = "<group>"; };
		7F1C9D842A7025D70098F407 /* EdgeInsets.swift */ = {isa = PBXFileReference; fileEncoding = 4; lastKnownFileType = sourcecode.swift; path = EdgeInsets.swift; sourceTree = "<group>"; };
		7F1C9D852A7025D70098F407 /* UIImage+imageWidth.swift */ = {isa = PBXFileReference; fileEncoding = 4; lastKnownFileType = sourcecode.swift; path = "UIImage+imageWidth.swift"; sourceTree = "<group>"; };
		7F1C9D862A7025D70098F407 /* UIView+addSubviews.swift */ = {isa = PBXFileReference; fileEncoding = 4; lastKnownFileType = sourcecode.swift; path = "UIView+addSubviews.swift"; sourceTree = "<group>"; };
		7F1C9D872A7025D70098F407 /* TopMostNavigationController.swift */ = {isa = PBXFileReference; fileEncoding = 4; lastKnownFileType = sourcecode.swift; path = TopMostNavigationController.swift; sourceTree = "<group>"; };
		7F1C9D882A7025D70098F407 /* ContainerBuilder.swift */ = {isa = PBXFileReference; fileEncoding = 4; lastKnownFileType = sourcecode.swift; path = ContainerBuilder.swift; sourceTree = "<group>"; };
		7F1C9D892A7025D70098F407 /* Average.swift */ = {isa = PBXFileReference; fileEncoding = 4; lastKnownFileType = sourcecode.swift; path = Average.swift; sourceTree = "<group>"; };
		7F1C9D8A2A7025D70098F407 /* MutableProgress.swift */ = {isa = PBXFileReference; fileEncoding = 4; lastKnownFileType = sourcecode.swift; path = MutableProgress.swift; sourceTree = "<group>"; };
		7F1C9D8B2A7025D70098F407 /* ImageView+BlurEffect.swift */ = {isa = PBXFileReference; fileEncoding = 4; lastKnownFileType = sourcecode.swift; path = "ImageView+BlurEffect.swift"; sourceTree = "<group>"; };
		7F1C9D8D2A7025D70098F407 /* ZoomTransitionController.swift */ = {isa = PBXFileReference; fileEncoding = 4; lastKnownFileType = sourcecode.swift; path = ZoomTransitionController.swift; sourceTree = "<group>"; };
		7F1C9D8E2A7025D70098F407 /* ZoomDismissalInteractionController.swift */ = {isa = PBXFileReference; fileEncoding = 4; lastKnownFileType = sourcecode.swift; path = ZoomDismissalInteractionController.swift; sourceTree = "<group>"; };
		7F1C9D8F2A7025D70098F407 /* ZoomAnimator.swift */ = {isa = PBXFileReference; fileEncoding = 4; lastKnownFileType = sourcecode.swift; path = ZoomAnimator.swift; sourceTree = "<group>"; };
		7F1C9D902A7025D70098F407 /* Assets.xcassets */ = {isa = PBXFileReference; lastKnownFileType = folder.assetcatalog; path = Assets.xcassets; sourceTree = "<group>"; };
		7F1C9D912A7025D70098F407 /* InteractiveImageViewCell.xib */ = {isa = PBXFileReference; fileEncoding = 4; lastKnownFileType = file.xib; path = InteractiveImageViewCell.xib; sourceTree = "<group>"; };
		7F1C9D932A7025D70098F407 /* Base */ = {isa = PBXFileReference; lastKnownFileType = file.storyboard; name = Base; path = Base.lproj/LaunchScreen.storyboard; sourceTree = "<group>"; };
		7F1C9D942A7025D70098F407 /* ListsImages.swift */ = {isa = PBXFileReference; fileEncoding = 4; lastKnownFileType = sourcecode.swift; path = ListsImages.swift; sourceTree = "<group>"; };
		7F1C9D952A7025D70098F407 /* Localizable.strings */ = {isa = PBXFileReference; fileEncoding = 4; lastKnownFileType = text.plist.strings; path = Localizable.strings; sourceTree = "<group>"; };
		7F1C9D962A7025D70098F407 /* InteractiveImageViewCell.swift */ = {isa = PBXFileReference; fileEncoding = 4; lastKnownFileType = sourcecode.swift; path = InteractiveImageViewCell.swift; sourceTree = "<group>"; };
		7F1C9D972A7025D70098F407 /* UICheckBox.swift */ = {isa = PBXFileReference; fileEncoding = 4; lastKnownFileType = sourcecode.swift; path = UICheckBox.swift; sourceTree = "<group>"; };
		7F1C9D982A7025D70098F407 /* AppDelegate.swift */ = {isa = PBXFileReference; fileEncoding = 4; lastKnownFileType = sourcecode.swift; path = AppDelegate.swift; sourceTree = "<group>"; };
		7F1C9D9A2A7025D70098F407 /* PathResolver.swift */ = {isa = PBXFileReference; fileEncoding = 4; lastKnownFileType = sourcecode.swift; path = PathResolver.swift; sourceTree = "<group>"; };
		7F1C9D9B2A7025D70098F407 /* UnsecureStorage.swift */ = {isa = PBXFileReference; fileEncoding = 4; lastKnownFileType = sourcecode.swift; path = UnsecureStorage.swift; sourceTree = "<group>"; };
		7F1C9D9C2A7025D70098F407 /* GalleryManager.swift */ = {isa = PBXFileReference; fileEncoding = 4; lastKnownFileType = sourcecode.swift; path = GalleryManager.swift; sourceTree = "<group>"; };
		7F1C9D9E2A7025D70098F407 /* SettingsKey.swift */ = {isa = PBXFileReference; fileEncoding = 4; lastKnownFileType = sourcecode.swift; path = SettingsKey.swift; sourceTree = "<group>"; };
		7F1C9D9F2A7025D70098F407 /* SettingsManager.swift */ = {isa = PBXFileReference; fileEncoding = 4; lastKnownFileType = sourcecode.swift; path = SettingsManager.swift; sourceTree = "<group>"; };
		7F1C9DA02A7025D70098F407 /* FileScannerManager.swift */ = {isa = PBXFileReference; fileEncoding = 4; lastKnownFileType = sourcecode.swift; path = FileScannerManager.swift; sourceTree = "<group>"; };
		7F1C9DA32A7025D70098F407 /* AlbumIndex.swift */ = {isa = PBXFileReference; fileEncoding = 4; lastKnownFileType = sourcecode.swift; path = AlbumIndex.swift; sourceTree = "<group>"; };
		7F1C9DA42A7025D70098F407 /* AlbumImage.swift */ = {isa = PBXFileReference; fileEncoding = 4; lastKnownFileType = sourcecode.swift; path = AlbumImage.swift; sourceTree = "<group>"; };
		7F1C9DA52A7025D70098F407 /* AlbumsMenuIndex.swift */ = {isa = PBXFileReference; fileEncoding = 4; lastKnownFileType = sourcecode.swift; path = AlbumsMenuIndex.swift; sourceTree = "<group>"; };
		7F1C9DA62A7025D70098F407 /* ImageResizer.swift */ = {isa = PBXFileReference; fileEncoding = 4; lastKnownFileType = sourcecode.swift; path = ImageResizer.swift; sourceTree = "<group>"; };
		7F1C9DA72A7025D70098F407 /* GalleryIndex.swift */ = {isa = PBXFileReference; fileEncoding = 4; lastKnownFileType = sourcecode.swift; path = GalleryIndex.swift; sourceTree = "<group>"; };
		7F1C9DAA2A7025D70098F407 /* SelectLibraryViewModel.swift */ = {isa = PBXFileReference; fileEncoding = 4; lastKnownFileType = sourcecode.swift; path = SelectLibraryViewModel.swift; sourceTree = "<group>"; };
		7F1C9DAB2A7025D70098F407 /* SelectLibraryView.swift */ = {isa = PBXFileReference; fileEncoding = 4; lastKnownFileType = sourcecode.swift; path = SelectLibraryView.swift; sourceTree = "<group>"; };
		7F1C9DAC2A7025D70098F407 /* SelectLibraryViewController.swift */ = {isa = PBXFileReference; fileEncoding = 4; lastKnownFileType = sourcecode.swift; path = SelectLibraryViewController.swift; sourceTree = "<group>"; };
		7F1C9DAD2A7025D70098F407 /* GalleryCell.swift */ = {isa = PBXFileReference; fileEncoding = 4; lastKnownFileType = sourcecode.swift; path = GalleryCell.swift; sourceTree = "<group>"; };
		7F1C9DAF2A7025D70098F407 /* AlbumsListView.swift */ = {isa = PBXFileReference; fileEncoding = 4; lastKnownFileType = sourcecode.swift; path = AlbumsListView.swift; sourceTree = "<group>"; };
		7F1C9DB02A7025D70098F407 /* AlbumsView.swift */ = {isa = PBXFileReference; fileEncoding = 4; lastKnownFileType = sourcecode.swift; path = AlbumsView.swift; sourceTree = "<group>"; };
		7F1C9DB22A7025D70098F407 /* PhotoDetailViewController.swift */ = {isa = PBXFileReference; fileEncoding = 4; lastKnownFileType = sourcecode.swift; path = PhotoDetailViewController.swift; sourceTree = "<group>"; };
		7F1C9DB32A7025D70098F407 /* PhotoDetailViewControllerSettings.swift */ = {isa = PBXFileReference; fileEncoding = 4; lastKnownFileType = sourcecode.swift; path = PhotoDetailViewControllerSettings.swift; sourceTree = "<group>"; };
		7F1C9DB42A7025D70098F407 /* PhotoDetailViewModel.swift */ = {isa = PBXFileReference; fileEncoding = 4; lastKnownFileType = sourcecode.swift; path = PhotoDetailViewModel.swift; sourceTree = "<group>"; };
		7F1C9DB52A7025D70098F407 /* PhotoDetailView.swift */ = {isa = PBXFileReference; fileEncoding = 4; lastKnownFileType = sourcecode.swift; path = PhotoDetailView.swift; sourceTree = "<group>"; };
		7F1C9DB72A7025D70098F407 /* SidebarSection.swift */ = {isa = PBXFileReference; fileEncoding = 4; lastKnownFileType = sourcecode.swift; path = SidebarSection.swift; sourceTree = "<group>"; };
		7F1C9DB82A7025D70098F407 /* SidebarViewModel.swift */ = {isa = PBXFileReference; fileEncoding = 4; lastKnownFileType = sourcecode.swift; path = SidebarViewModel.swift; sourceTree = "<group>"; };
		7F1C9DB92A7025D70098F407 /* SidebarItem.swift */ = {isa = PBXFileReference; fileEncoding = 4; lastKnownFileType = sourcecode.swift; path = SidebarItem.swift; sourceTree = "<group>"; };
		7F1C9DBA2A7025D70098F407 /* SidebarSections.swift */ = {isa = PBXFileReference; fileEncoding = 4; lastKnownFileType = sourcecode.swift; path = SidebarSections.swift; sourceTree = "<group>"; };
		7F1C9DBB2A7025D70098F407 /* SidebarView.swift */ = {isa = PBXFileReference; fileEncoding = 4; lastKnownFileType = sourcecode.swift; path = SidebarView.swift; sourceTree = "<group>"; };
		7F1C9DBC2A7025D70098F407 /* SidebarRouter.swift */ = {isa = PBXFileReference; fileEncoding = 4; lastKnownFileType = sourcecode.swift; path = SidebarRouter.swift; sourceTree = "<group>"; };
		7F1C9DBD2A7025D70098F407 /* SidebarViewController.swift */ = {isa = PBXFileReference; fileEncoding = 4; lastKnownFileType = sourcecode.swift; path = SidebarViewController.swift; sourceTree = "<group>"; };
		7F1C9DBF2A7025D70098F407 /* PhotoPropertiesViewController.swift */ = {isa = PBXFileReference; fileEncoding = 4; lastKnownFileType = sourcecode.swift; path = PhotoPropertiesViewController.swift; sourceTree = "<group>"; };
		7F1C9DC02A7025D70098F407 /* PhotoPropertiesViewModel.swift */ = {isa = PBXFileReference; fileEncoding = 4; lastKnownFileType = sourcecode.swift; path = PhotoPropertiesViewModel.swift; sourceTree = "<group>"; };
		7F1C9DC12A7025D70098F407 /* PhotoPropertiesView.swift */ = {isa = PBXFileReference; fileEncoding = 4; lastKnownFileType = sourcecode.swift; path = PhotoPropertiesView.swift; sourceTree = "<group>"; };
		7F1C9DC32A7025D70098F407 /* AlbumScreenRouter.swift */ = {isa = PBXFileReference; fileEncoding = 4; lastKnownFileType = sourcecode.swift; path = AlbumScreenRouter.swift; sourceTree = "<group>"; };
		7F1C9DC42A7025D70098F407 /* AlbumScreenViewModel.swift */ = {isa = PBXFileReference; fileEncoding = 4; lastKnownFileType = sourcecode.swift; path = AlbumScreenViewModel.swift; sourceTree = "<group>"; };
		7F1C9DC52A7025D70098F407 /* AlbumScreenViewController.swift */ = {isa = PBXFileReference; fileEncoding = 4; lastKnownFileType = sourcecode.swift; path = AlbumScreenViewController.swift; sourceTree = "<group>"; };
		7F1C9DC62A7025D70098F407 /* AlbumScreenCellFooter.swift */ = {isa = PBXFileReference; fileEncoding = 4; lastKnownFileType = sourcecode.swift; path = AlbumScreenCellFooter.swift; sourceTree = "<group>"; };
		7F1C9DC72A7025D70098F407 /* AlbumImageCell.swift */ = {isa = PBXFileReference; fileEncoding = 4; lastKnownFileType = sourcecode.swift; path = AlbumImageCell.swift; sourceTree = "<group>"; };
		7F1C9DC82A7025D70098F407 /* AlbumScreenModel.swift */ = {isa = PBXFileReference; fileEncoding = 4; lastKnownFileType = sourcecode.swift; path = AlbumScreenModel.swift; sourceTree = "<group>"; };
		7F1C9DC92A7025D70098F407 /* AlbumScreenView.swift */ = {isa = PBXFileReference; fileEncoding = 4; lastKnownFileType = sourcecode.swift; path = AlbumScreenView.swift; sourceTree = "<group>"; };
		7F1C9DCB2A7025D70098F407 /* AlbumListViewModel.swift */ = {isa = PBXFileReference; fileEncoding = 4; lastKnownFileType = sourcecode.swift; path = AlbumListViewModel.swift; sourceTree = "<group>"; };
		7F1C9DCC2A7025D70098F407 /* AlbumsListViewController.swift */ = {isa = PBXFileReference; fileEncoding = 4; lastKnownFileType = sourcecode.swift; path = AlbumsListViewController.swift; sourceTree = "<group>"; };
		7F1C9DCD2A7025D70098F407 /* Info.plist */ = {isa = PBXFileReference; fileEncoding = 4; lastKnownFileType = text.plist.xml; path = Info.plist; sourceTree = "<group>"; };
		7F1C9DCE2A7025D70098F407 /* SceneDelegate.swift */ = {isa = PBXFileReference; fileEncoding = 4; lastKnownFileType = sourcecode.swift; path = SceneDelegate.swift; sourceTree = "<group>"; };
		7F235DFA2585B73C007BD075 /* GalleryApp.app */ = {isa = PBXFileReference; explicitFileType = wrapper.application; includeInIndex = 0; path = GalleryApp.app; sourceTree = BUILT_PRODUCTS_DIR; };
		7F62EA7629056C3600FCD97F /* GalleryAppTests.xctest */ = {isa = PBXFileReference; explicitFileType = wrapper.cfbundle; includeInIndex = 0; path = GalleryAppTests.xctest; sourceTree = BUILT_PRODUCTS_DIR; };
		7F62EA7829056C3600FCD97F /* GalleryAppTests.swift */ = {isa = PBXFileReference; lastKnownFileType = sourcecode.swift; path = GalleryAppTests.swift; sourceTree = "<group>"; };
		7FDCEE722905741C00395F10 /* GalleryManagerTest.swift */ = {isa = PBXFileReference; lastKnownFileType = sourcecode.swift; path = GalleryManagerTest.swift; sourceTree = "<group>"; };
		983365A048FEB4408A91E89A /* Pods-GalleryApp.debug.xcconfig */ = {isa = PBXFileReference; includeInIndex = 1; lastKnownFileType = text.xcconfig; name = "Pods-GalleryApp.debug.xcconfig"; path = "Target Support Files/Pods-GalleryApp/Pods-GalleryApp.debug.xcconfig"; sourceTree = "<group>"; };
/* End PBXFileReference section */

/* Begin PBXFrameworksBuildPhase section */
		7F235DF72585B73C007BD075 /* Frameworks */ = {
			isa = PBXFrameworksBuildPhase;
			buildActionMask = 2147483647;
			files = (
				7FEDEA93284CD8AD001F40C0 /* SnapKit in Frameworks */,
				0D199F6FF2A10E82F9E22CE5 /* Pods_GalleryApp.framework in Frameworks */,
			);
			runOnlyForDeploymentPostprocessing = 0;
		};
		7F62EA7329056C3600FCD97F /* Frameworks */ = {
			isa = PBXFrameworksBuildPhase;
			buildActionMask = 2147483647;
			files = (
			);
			runOnlyForDeploymentPostprocessing = 0;
		};
/* End PBXFrameworksBuildPhase section */

/* Begin PBXGroup section */
		58EE590C8CD4A31706325B59 /* Pods */ = {
			isa = PBXGroup;
			children = (
				983365A048FEB4408A91E89A /* Pods-GalleryApp.debug.xcconfig */,
				11F848A477FFC4228499079E /* Pods-GalleryApp.release.xcconfig */,
			);
			path = Pods;
			sourceTree = "<group>";
		};
		7F1C9D7A2A7025D70098F407 /* GalleryApp */ = {
			isa = PBXGroup;
			children = (
				7F1C9D7B2A7025D70098F407 /* GalleryApp Localizations */,
				7F1C9D7D2A7025D70098F407 /* GalleryApp.entitlements */,
				7F1C9D7E2A7025D70098F407 /* Utilies */,
				7F1C9D902A7025D70098F407 /* Assets.xcassets */,
				7F1C9D912A7025D70098F407 /* InteractiveImageViewCell.xib */,
				7F1C9D922A7025D70098F407 /* LaunchScreen.storyboard */,
				7F1C9D942A7025D70098F407 /* ListsImages.swift */,
				7F1C9D952A7025D70098F407 /* Localizable.strings */,
				7F1C9D962A7025D70098F407 /* InteractiveImageViewCell.swift */,
				7F1C9D972A7025D70098F407 /* UICheckBox.swift */,
				7F1C9D982A7025D70098F407 /* AppDelegate.swift */,
				7F1C9D992A7025D70098F407 /* Data */,
				7F1C9DA12A7025D70098F407 /* Domain */,
				7F1C9DA82A7025D70098F407 /* Presentation */,
				7F1C9DCD2A7025D70098F407 /* Info.plist */,
				7F1C9DCE2A7025D70098F407 /* SceneDelegate.swift */,
			);
			path = GalleryApp;
			sourceTree = "<group>";
		};
		7F1C9D7B2A7025D70098F407 /* GalleryApp Localizations */ = {
			isa = PBXGroup;
			children = (
				7F1C9D7C2A7025D70098F407 /* en.xcloc */,
			);
			path = "GalleryApp Localizations";
			sourceTree = "<group>";
		};
		7F1C9D7E2A7025D70098F407 /* Utilies */ = {
			isa = PBXGroup;
			children = (
				7F1C9D7F2A7025D70098F407 /* Constants.swift */,
				7F1C9D802A7025D70098F407 /* UIViewController+Child.swift */,
				7F1C9D812A7025D70098F407 /* UIWindow+isLandscape.swift */,
				7F1C9D822A7025D70098F407 /* UIImage+roundedImage.swift */,
				7F1C9D832A7025D70098F407 /* ArrayExtension.swift */,
				7F1C9D842A7025D70098F407 /* EdgeInsets.swift */,
				7F1C9D852A7025D70098F407 /* UIImage+imageWidth.swift */,
				7F1C9D862A7025D70098F407 /* UIView+addSubviews.swift */,
				7F1C9D872A7025D70098F407 /* TopMostNavigationController.swift */,
				7F1C9D882A7025D70098F407 /* ContainerBuilder.swift */,
				7F1C9D892A7025D70098F407 /* Average.swift */,
				7F1C9D8A2A7025D70098F407 /* MutableProgress.swift */,
				7F1C9D8B2A7025D70098F407 /* ImageView+BlurEffect.swift */,
				7F1C9D8C2A7025D70098F407 /* ZoomAnimation */,
			);
			path = Utilies;
			sourceTree = "<group>";
		};
		7F1C9D8C2A7025D70098F407 /* ZoomAnimation */ = {
			isa = PBXGroup;
			children = (
				7F1C9D8D2A7025D70098F407 /* ZoomTransitionController.swift */,
				7F1C9D8E2A7025D70098F407 /* ZoomDismissalInteractionController.swift */,
				7F1C9D8F2A7025D70098F407 /* ZoomAnimator.swift */,
			);
			path = ZoomAnimation;
			sourceTree = "<group>";
		};
		7F1C9D992A7025D70098F407 /* Data */ = {
			isa = PBXGroup;
			children = (
				7F1C9D9A2A7025D70098F407 /* PathResolver.swift */,
				7F1C9D9B2A7025D70098F407 /* UnsecureStorage.swift */,
				7F1C9D9C2A7025D70098F407 /* GalleryManager.swift */,
				7F1C9D9D2A7025D70098F407 /* Enums */,
				7F1C9D9F2A7025D70098F407 /* SettingsManager.swift */,
				7F1C9DA02A7025D70098F407 /* FileScannerManager.swift */,
			);
			path = Data;
			sourceTree = "<group>";
		};
		7F1C9D9D2A7025D70098F407 /* Enums */ = {
			isa = PBXGroup;
			children = (
				7F1C9D9E2A7025D70098F407 /* SettingsKey.swift */,
			);
			path = Enums;
			sourceTree = "<group>";
		};
		7F1C9DA12A7025D70098F407 /* Domain */ = {
			isa = PBXGroup;
			children = (
				7F1C9DA22A7025D70098F407 /* Models */,
			);
			path = Domain;
			sourceTree = "<group>";
		};
		7F1C9DA22A7025D70098F407 /* Models */ = {
			isa = PBXGroup;
			children = (
				7F1C9DA32A7025D70098F407 /* AlbumIndex.swift */,
				7F1C9DA42A7025D70098F407 /* AlbumImage.swift */,
				7F1C9DA52A7025D70098F407 /* AlbumsMenuIndex.swift */,
				7F1C9DA62A7025D70098F407 /* ImageResizer.swift */,
				7F1C9DA72A7025D70098F407 /* GalleryIndex.swift */,
			);
			path = Models;
			sourceTree = "<group>";
		};
		7F1C9DA82A7025D70098F407 /* Presentation */ = {
			isa = PBXGroup;
			children = (
				7F1C9DA92A7025D70098F407 /* SelectLibrary */,
				7F1C9DAE2A7025D70098F407 /* AlbumList */,
				7F1C9DB12A7025D70098F407 /* PhotoDetail */,
				7F1C9DB62A7025D70098F407 /* MainSidebar */,
				7F1C9DBE2A7025D70098F407 /* PhotoProperties */,
				7F1C9DC22A7025D70098F407 /* AlbumScreen */,
				7F1C9DCA2A7025D70098F407 /* Albums */,
			);
			path = Presentation;
			sourceTree = "<group>";
		};
		7F1C9DA92A7025D70098F407 /* SelectLibrary */ = {
			isa = PBXGroup;
			children = (
				7F1C9DAA2A7025D70098F407 /* SelectLibraryViewModel.swift */,
				7F1C9DAB2A7025D70098F407 /* SelectLibraryView.swift */,
				7F1C9DAC2A7025D70098F407 /* SelectLibraryViewController.swift */,
				7F1C9DAD2A7025D70098F407 /* GalleryCell.swift */,
			);
			path = SelectLibrary;
			sourceTree = "<group>";
		};
		7F1C9DAE2A7025D70098F407 /* AlbumList */ = {
			isa = PBXGroup;
			children = (
				7F1C9DAF2A7025D70098F407 /* AlbumsListView.swift */,
				7F1C9DB02A7025D70098F407 /* AlbumsView.swift */,
			);
			path = AlbumList;
			sourceTree = "<group>";
		};
		7F1C9DB12A7025D70098F407 /* PhotoDetail */ = {
			isa = PBXGroup;
			children = (
				7F1C9DB22A7025D70098F407 /* PhotoDetailViewController.swift */,
				7F1C9DB32A7025D70098F407 /* PhotoDetailViewControllerSettings.swift */,
				7F1C9DB42A7025D70098F407 /* PhotoDetailViewModel.swift */,
				7F1C9DB52A7025D70098F407 /* PhotoDetailView.swift */,
			);
			path = PhotoDetail;
			sourceTree = "<group>";
		};
		7F1C9DB62A7025D70098F407 /* MainSidebar */ = {
			isa = PBXGroup;
			children = (
				7F1C9DB72A7025D70098F407 /* SidebarSection.swift */,
				7F1C9DB82A7025D70098F407 /* SidebarViewModel.swift */,
				7F1C9DB92A7025D70098F407 /* SidebarItem.swift */,
				7F1C9DBA2A7025D70098F407 /* SidebarSections.swift */,
				7F1C9DBB2A7025D70098F407 /* SidebarView.swift */,
				7F1C9DBC2A7025D70098F407 /* SidebarRouter.swift */,
				7F1C9DBD2A7025D70098F407 /* SidebarViewController.swift */,
			);
			path = MainSidebar;
			sourceTree = "<group>";
		};
		7F1C9DBE2A7025D70098F407 /* PhotoProperties */ = {
			isa = PBXGroup;
			children = (
				7F1C9DBF2A7025D70098F407 /* PhotoPropertiesViewController.swift */,
				7F1C9DC02A7025D70098F407 /* PhotoPropertiesViewModel.swift */,
				7F1C9DC12A7025D70098F407 /* PhotoPropertiesView.swift */,
			);
			path = PhotoProperties;
			sourceTree = "<group>";
		};
		7F1C9DC22A7025D70098F407 /* AlbumScreen */ = {
			isa = PBXGroup;
			children = (
				7F1C9DC32A7025D70098F407 /* AlbumScreenRouter.swift */,
				7F1C9DC42A7025D70098F407 /* AlbumScreenViewModel.swift */,
				7F1C9DC52A7025D70098F407 /* AlbumScreenViewController.swift */,
				7F1C9DC62A7025D70098F407 /* AlbumScreenCellFooter.swift */,
				7F1C9DC72A7025D70098F407 /* AlbumImageCell.swift */,
				7F1C9DC82A7025D70098F407 /* AlbumScreenModel.swift */,
				7F1C9DC92A7025D70098F407 /* AlbumScreenView.swift */,
			);
			path = AlbumScreen;
			sourceTree = "<group>";
		};
		7F1C9DCA2A7025D70098F407 /* Albums */ = {
			isa = PBXGroup;
			children = (
				7F1C9DCB2A7025D70098F407 /* AlbumListViewModel.swift */,
				7F1C9DCC2A7025D70098F407 /* AlbumsListViewController.swift */,
			);
			path = Albums;
			sourceTree = "<group>";
		};
		7F235DF12585B73C007BD075 = {
			isa = PBXGroup;
			children = (
				7F1C9D7A2A7025D70098F407 /* GalleryApp */,
				7F62EA7729056C3600FCD97F /* GalleryAppTests */,
				7F235DFB2585B73C007BD075 /* Products */,
				58EE590C8CD4A31706325B59 /* Pods */,
				963F046D509C9F702CD50C74 /* Frameworks */,
			);
			sourceTree = "<group>";
		};
		7F235DFB2585B73C007BD075 /* Products */ = {
			isa = PBXGroup;
			children = (
				7F235DFA2585B73C007BD075 /* GalleryApp.app */,
				7F62EA7629056C3600FCD97F /* GalleryAppTests.xctest */,
			);
			name = Products;
			sourceTree = "<group>";
		};
		7F62EA7729056C3600FCD97F /* GalleryAppTests */ = {
			isa = PBXGroup;
			children = (
				7F62EA7829056C3600FCD97F /* GalleryAppTests.swift */,
				7FDCEE722905741C00395F10 /* GalleryManagerTest.swift */,
			);
			path = GalleryAppTests;
			sourceTree = "<group>";
		};
		963F046D509C9F702CD50C74 /* Frameworks */ = {
			isa = PBXGroup;
			children = (
				63BE12233158C7EF023B0479 /* Pods_GalleryApp.framework */,
			);
			name = Frameworks;
			sourceTree = "<group>";
		};
/* End PBXGroup section */

/* Begin PBXNativeTarget section */
		7F235DF92585B73C007BD075 /* GalleryApp */ = {
			isa = PBXNativeTarget;
			buildConfigurationList = 7F235E0E2585B73F007BD075 /* Build configuration list for PBXNativeTarget "GalleryApp" */;
			buildPhases = (
				BFDBD09DFC125C48A93EBCD7 /* [CP] Check Pods Manifest.lock */,
				7F6F67282818B01A000AA747 /* [CP] Swiftlint */,
				7F235DF62585B73C007BD075 /* Sources */,
				7F235DF72585B73C007BD075 /* Frameworks */,
				7F235DF82585B73C007BD075 /* Resources */,
				076E638B26D725A11D79D366 /* [CP] Embed Pods Frameworks */,
			);
			buildRules = (
			);
			dependencies = (
			);
			name = GalleryApp;
			packageProductDependencies = (
				7FEDEA92284CD8AD001F40C0 /* SnapKit */,
			);
			productName = GalleryApp;
			productReference = 7F235DFA2585B73C007BD075 /* GalleryApp.app */;
			productType = "com.apple.product-type.application";
		};
		7F62EA7529056C3600FCD97F /* GalleryAppTests */ = {
			isa = PBXNativeTarget;
			buildConfigurationList = 7F62EA7C29056C3600FCD97F /* Build configuration list for PBXNativeTarget "GalleryAppTests" */;
			buildPhases = (
				7F62EA7229056C3600FCD97F /* Sources */,
				7F62EA7329056C3600FCD97F /* Frameworks */,
				7F62EA7429056C3600FCD97F /* Resources */,
			);
			buildRules = (
			);
			dependencies = (
				7F62EA7B29056C3600FCD97F /* PBXTargetDependency */,
			);
			name = GalleryAppTests;
			productName = GalleryAppTests;
			productReference = 7F62EA7629056C3600FCD97F /* GalleryAppTests.xctest */;
			productType = "com.apple.product-type.bundle.unit-test";
		};
/* End PBXNativeTarget section */

/* Begin PBXProject section */
		7F235DF22585B73C007BD075 /* Project object */ = {
			isa = PBXProject;
			attributes = {
				LastSwiftUpdateCheck = 1400;
				LastUpgradeCheck = 1220;
				TargetAttributes = {
					7F235DF92585B73C007BD075 = {
						CreatedOnToolsVersion = 12.2;
					};
					7F62EA7529056C3600FCD97F = {
						CreatedOnToolsVersion = 14.0.1;
						TestTargetID = 7F235DF92585B73C007BD075;
					};
				};
			};
			buildConfigurationList = 7F235DF52585B73C007BD075 /* Build configuration list for PBXProject "GalleryApp" */;
			compatibilityVersion = "Xcode 9.3";
			developmentRegion = en;
			hasScannedForEncodings = 0;
			knownRegions = (
				en,
				Base,
			);
			mainGroup = 7F235DF12585B73C007BD075;
			packageReferences = (
				7FEDEA91284CD8AD001F40C0 /* XCRemoteSwiftPackageReference "SnapKit" */,
			);
			productRefGroup = 7F235DFB2585B73C007BD075 /* Products */;
			projectDirPath = "";
			projectRoot = "";
			targets = (
				7F235DF92585B73C007BD075 /* GalleryApp */,
				7F62EA7529056C3600FCD97F /* GalleryAppTests */,
			);
		};
/* End PBXProject section */

/* Begin PBXResourcesBuildPhase section */
		7F235DF82585B73C007BD075 /* Resources */ = {
			isa = PBXResourcesBuildPhase;
			buildActionMask = 2147483647;
			files = (
				7F1C9DE42A7025D70098F407 /* Localizable.strings in Resources */,
				7F1C9DE02A7025D70098F407 /* Assets.xcassets in Resources */,
				7F1C9DE22A7025D70098F407 /* LaunchScreen.storyboard in Resources */,
				7F1C9DE12A7025D70098F407 /* InteractiveImageViewCell.xib in Resources */,
				7F1C9DCF2A7025D70098F407 /* en.xcloc in Resources */,
			);
			runOnlyForDeploymentPostprocessing = 0;
		};
		7F62EA7429056C3600FCD97F /* Resources */ = {
			isa = PBXResourcesBuildPhase;
			buildActionMask = 2147483647;
			files = (
			);
			runOnlyForDeploymentPostprocessing = 0;
		};
/* End PBXResourcesBuildPhase section */

/* Begin PBXShellScriptBuildPhase section */
		076E638B26D725A11D79D366 /* [CP] Embed Pods Frameworks */ = {
			isa = PBXShellScriptBuildPhase;
			buildActionMask = 2147483647;
			files = (
			);
			inputFileListPaths = (
				"${PODS_ROOT}/Target Support Files/Pods-GalleryApp/Pods-GalleryApp-frameworks-${CONFIGURATION}-input-files.xcfilelist",
			);
			name = "[CP] Embed Pods Frameworks";
			outputFileListPaths = (
				"${PODS_ROOT}/Target Support Files/Pods-GalleryApp/Pods-GalleryApp-frameworks-${CONFIGURATION}-output-files.xcfilelist",
			);
			runOnlyForDeploymentPostprocessing = 0;
			shellPath = /bin/sh;
			shellScript = "\"${PODS_ROOT}/Target Support Files/Pods-GalleryApp/Pods-GalleryApp-frameworks.sh\"\n";
			showEnvVarsInLog = 0;
		};
		7F6F67282818B01A000AA747 /* [CP] Swiftlint */ = {
			isa = PBXShellScriptBuildPhase;
			buildActionMask = 2147483647;
			files = (
			);
			inputFileListPaths = (
			);
			inputPaths = (
			);
			name = "[CP] Swiftlint";
			outputFileListPaths = (
			);
			outputPaths = (
			);
			runOnlyForDeploymentPostprocessing = 0;
			shellPath = /bin/sh;
			shellScript = "# ${PODS_ROOT}/SwiftLint/swiftlint\n";
		};
		BFDBD09DFC125C48A93EBCD7 /* [CP] Check Pods Manifest.lock */ = {
			isa = PBXShellScriptBuildPhase;
			buildActionMask = 2147483647;
			files = (
			);
			inputFileListPaths = (
			);
			inputPaths = (
				"${PODS_PODFILE_DIR_PATH}/Podfile.lock",
				"${PODS_ROOT}/Manifest.lock",
			);
			name = "[CP] Check Pods Manifest.lock";
			outputFileListPaths = (
			);
			outputPaths = (
				"$(DERIVED_FILE_DIR)/Pods-GalleryApp-checkManifestLockResult.txt",
			);
			runOnlyForDeploymentPostprocessing = 0;
			shellPath = /bin/sh;
			shellScript = "diff \"${PODS_PODFILE_DIR_PATH}/Podfile.lock\" \"${PODS_ROOT}/Manifest.lock\" > /dev/null\nif [ $? != 0 ] ; then\n    # print error to STDERR\n    echo \"error: The sandbox is not in sync with the Podfile.lock. Run 'pod install' or update your CocoaPods installation.\" >&2\n    exit 1\nfi\n# This output is used by Xcode 'outputs' to avoid re-running this script phase.\necho \"SUCCESS\" > \"${SCRIPT_OUTPUT_FILE_0}\"\n";
			showEnvVarsInLog = 0;
		};
/* End PBXShellScriptBuildPhase section */

/* Begin PBXSourcesBuildPhase section */
		7F235DF62585B73C007BD075 /* Sources */ = {
			isa = PBXSourcesBuildPhase;
			buildActionMask = 2147483647;
			files = (
				7F1C9DD82A7025D70098F407 /* TopMostNavigationController.swift in Sources */,
				7F1C9DF62A7025D70098F407 /* GalleryCell.swift in Sources */,
				7F1C9DE82A7025D70098F407 /* PathResolver.swift in Sources */,
				7F1C9DD72A7025D70098F407 /* UIView+addSubviews.swift in Sources */,
				7F1C9E0F2A7025D70098F407 /* AlbumsListViewController.swift in Sources */,
				7F1C9DFE2A7025D70098F407 /* SidebarViewModel.swift in Sources */,
				7F1C9E042A7025D70098F407 /* PhotoPropertiesViewController.swift in Sources */,
				7F1C9DFF2A7025D70098F407 /* SidebarItem.swift in Sources */,
				7F1C9DE92A7025D70098F407 /* UnsecureStorage.swift in Sources */,
				7F1C9E072A7025D70098F407 /* AlbumScreenRouter.swift in Sources */,
				7F1C9E0C2A7025D70098F407 /* AlbumScreenModel.swift in Sources */,
				7F1C9DEA2A7025D70098F407 /* GalleryManager.swift in Sources */,
				7F1C9E062A7025D70098F407 /* PhotoPropertiesView.swift in Sources */,
				7F1C9E022A7025D70098F407 /* SidebarRouter.swift in Sources */,
				7F1C9DF72A7025D70098F407 /* AlbumsListView.swift in Sources */,
				7F1C9DF22A7025D70098F407 /* GalleryIndex.swift in Sources */,
				7F1C9DFC2A7025D70098F407 /* PhotoDetailView.swift in Sources */,
				7F1C9DD42A7025D70098F407 /* ArrayExtension.swift in Sources */,
				7F1C9DDC2A7025D70098F407 /* ImageView+BlurEffect.swift in Sources */,
				7F1C9E112A7025D70098F407 /* SceneDelegate.swift in Sources */,
				7F1C9DD02A7025D70098F407 /* Constants.swift in Sources */,
				7F1C9E002A7025D70098F407 /* SidebarSections.swift in Sources */,
				7F1C9E0E2A7025D70098F407 /* AlbumListViewModel.swift in Sources */,
				7F1C9DD52A7025D70098F407 /* EdgeInsets.swift in Sources */,
				7F1C9DDE2A7025D70098F407 /* ZoomDismissalInteractionController.swift in Sources */,
				7F1C9DE62A7025D70098F407 /* UICheckBox.swift in Sources */,
				7F1C9DFB2A7025D70098F407 /* PhotoDetailViewModel.swift in Sources */,
				7F1C9E012A7025D70098F407 /* SidebarView.swift in Sources */,
				7F1C9E092A7025D70098F407 /* AlbumScreenViewController.swift in Sources */,
				7F1C9DEF2A7025D70098F407 /* AlbumImage.swift in Sources */,
				7F1C9E0A2A7025D70098F407 /* AlbumScreenCellFooter.swift in Sources */,
				7F1C9E0B2A7025D70098F407 /* AlbumImageCell.swift in Sources */,
				7F1C9DE72A7025D70098F407 /* AppDelegate.swift in Sources */,
				7F1C9DED2A7025D70098F407 /* FileScannerManager.swift in Sources */,
				7F1C9DE32A7025D70098F407 /* ListsImages.swift in Sources */,
				7F1C9E082A7025D70098F407 /* AlbumScreenViewModel.swift in Sources */,
				7F1C9DD32A7025D70098F407 /* UIImage+roundedImage.swift in Sources */,
				7F1C9DEE2A7025D70098F407 /* AlbumIndex.swift in Sources */,
				7F1C9DF92A7025D70098F407 /* PhotoDetailViewController.swift in Sources */,
				7F1C9DE52A7025D70098F407 /* InteractiveImageViewCell.swift in Sources */,
				7F1C9DD62A7025D70098F407 /* UIImage+imageWidth.swift in Sources */,
				7F1C9DD92A7025D70098F407 /* ContainerBuilder.swift in Sources */,
				7F1C9E032A7025D70098F407 /* SidebarViewController.swift in Sources */,
				7F1C9DF42A7025D70098F407 /* SelectLibraryView.swift in Sources */,
				7F1C9DF52A7025D70098F407 /* SelectLibraryViewController.swift in Sources */,
				7F1C9DD12A7025D70098F407 /* UIViewController+Child.swift in Sources */,
				7F1C9DD22A7025D70098F407 /* UIWindow+isLandscape.swift in Sources */,
				7F1C9DFD2A7025D70098F407 /* SidebarSection.swift in Sources */,
				7F1C9DF12A7025D70098F407 /* ImageResizer.swift in Sources */,
				7F1C9DFA2A7025D70098F407 /* PhotoDetailViewControllerSettings.swift in Sources */,
				7F1C9E052A7025D70098F407 /* PhotoPropertiesViewModel.swift in Sources */,
				7F1C9DF32A7025D70098F407 /* SelectLibraryViewModel.swift in Sources */,
				7F1C9DDA2A7025D70098F407 /* Average.swift in Sources */,
				7F1C9DDF2A7025D70098F407 /* ZoomAnimator.swift in Sources */,
				7F1C9DF02A7025D70098F407 /* AlbumsMenuIndex.swift in Sources */,
				7F1C9DEC2A7025D70098F407 /* SettingsManager.swift in Sources */,
				7F1C9DDB2A7025D70098F407 /* MutableProgress.swift in Sources */,
				7F1C9E0D2A7025D70098F407 /* AlbumScreenView.swift in Sources */,
				7F1C9DF82A7025D70098F407 /* AlbumsView.swift in Sources */,
				7F1C9DEB2A7025D70098F407 /* SettingsKey.swift in Sources */,
				7F1C9DDD2A7025D70098F407 /* ZoomTransitionController.swift in Sources */,
			);
			runOnlyForDeploymentPostprocessing = 0;
		};
		7F62EA7229056C3600FCD97F /* Sources */ = {
			isa = PBXSourcesBuildPhase;
			buildActionMask = 2147483647;
			files = (
				7FDCEE732905741C00395F10 /* GalleryManagerTest.swift in Sources */,
				7F62EA7929056C3600FCD97F /* GalleryAppTests.swift in Sources */,
			);
			runOnlyForDeploymentPostprocessing = 0;
		};
/* End PBXSourcesBuildPhase section */

/* Begin PBXTargetDependency section */
		7F62EA7B29056C3600FCD97F /* PBXTargetDependency */ = {
			isa = PBXTargetDependency;
			target = 7F235DF92585B73C007BD075 /* GalleryApp */;
			targetProxy = 7F62EA7A29056C3600FCD97F /* PBXContainerItemProxy */;
		};
/* End PBXTargetDependency section */

/* Begin PBXVariantGroup section */
		7F1C9D922A7025D70098F407 /* LaunchScreen.storyboard */ = {
			isa = PBXVariantGroup;
			children = (
				7F1C9D932A7025D70098F407 /* Base */,
			);
			name = LaunchScreen.storyboard;
			sourceTree = "<group>";
		};
/* End PBXVariantGroup section */

/* Begin XCBuildConfiguration section */
		7F235E0C2585B73F007BD075 /* Debug */ = {
			isa = XCBuildConfiguration;
			buildSettings = {
				ALWAYS_SEARCH_USER_PATHS = NO;
				CLANG_ANALYZER_NONNULL = YES;
				CLANG_ANALYZER_NUMBER_OBJECT_CONVERSION = YES_AGGRESSIVE;
				CLANG_CXX_LANGUAGE_STANDARD = "gnu++14";
				CLANG_CXX_LIBRARY = "libc++";
				CLANG_ENABLE_MODULES = YES;
				CLANG_ENABLE_OBJC_ARC = YES;
				CLANG_ENABLE_OBJC_WEAK = YES;
				CLANG_WARN_BLOCK_CAPTURE_AUTORELEASING = YES;
				CLANG_WARN_BOOL_CONVERSION = YES;
				CLANG_WARN_COMMA = YES;
				CLANG_WARN_CONSTANT_CONVERSION = YES;
				CLANG_WARN_DEPRECATED_OBJC_IMPLEMENTATIONS = YES;
				CLANG_WARN_DIRECT_OBJC_ISA_USAGE = YES_ERROR;
				CLANG_WARN_DOCUMENTATION_COMMENTS = YES;
				CLANG_WARN_EMPTY_BODY = YES;
				CLANG_WARN_ENUM_CONVERSION = YES;
				CLANG_WARN_INFINITE_RECURSION = YES;
				CLANG_WARN_INT_CONVERSION = YES;
				CLANG_WARN_NON_LITERAL_NULL_CONVERSION = YES;
				CLANG_WARN_OBJC_IMPLICIT_RETAIN_SELF = YES;
				CLANG_WARN_OBJC_LITERAL_CONVERSION = YES;
				CLANG_WARN_OBJC_ROOT_CLASS = YES_ERROR;
				CLANG_WARN_QUOTED_INCLUDE_IN_FRAMEWORK_HEADER = YES;
				CLANG_WARN_RANGE_LOOP_ANALYSIS = YES;
				CLANG_WARN_STRICT_PROTOTYPES = YES;
				CLANG_WARN_SUSPICIOUS_MOVE = YES;
				CLANG_WARN_UNGUARDED_AVAILABILITY = YES_AGGRESSIVE;
				CLANG_WARN_UNREACHABLE_CODE = YES;
				CLANG_WARN__DUPLICATE_METHOD_MATCH = YES;
				COPY_PHASE_STRIP = NO;
				DEBUG_INFORMATION_FORMAT = dwarf;
				ENABLE_STRICT_OBJC_MSGSEND = YES;
				ENABLE_TESTABILITY = YES;
				GCC_C_LANGUAGE_STANDARD = gnu11;
				GCC_DYNAMIC_NO_PIC = NO;
				GCC_NO_COMMON_BLOCKS = YES;
				GCC_OPTIMIZATION_LEVEL = 0;
				GCC_PREPROCESSOR_DEFINITIONS = (
					"DEBUG=1",
					"$(inherited)",
				);
				GCC_WARN_64_TO_32_BIT_CONVERSION = YES;
				GCC_WARN_ABOUT_RETURN_TYPE = YES_ERROR;
				GCC_WARN_UNDECLARED_SELECTOR = YES;
				GCC_WARN_UNINITIALIZED_AUTOS = YES_AGGRESSIVE;
				GCC_WARN_UNUSED_FUNCTION = YES;
				GCC_WARN_UNUSED_VARIABLE = YES;
				IPHONEOS_DEPLOYMENT_TARGET = 15.0;
				MTL_ENABLE_DEBUG_INFO = INCLUDE_SOURCE;
				MTL_FAST_MATH = YES;
				ONLY_ACTIVE_ARCH = YES;
				SDKROOT = iphoneos;
				SWIFT_ACTIVE_COMPILATION_CONDITIONS = DEBUG;
				SWIFT_OPTIMIZATION_LEVEL = "-Onone";
				SWIFT_VERSION = "";
			};
			name = Debug;
		};
		7F235E0D2585B73F007BD075 /* Release */ = {
			isa = XCBuildConfiguration;
			buildSettings = {
				ALWAYS_SEARCH_USER_PATHS = NO;
				CLANG_ANALYZER_NONNULL = YES;
				CLANG_ANALYZER_NUMBER_OBJECT_CONVERSION = YES_AGGRESSIVE;
				CLANG_CXX_LANGUAGE_STANDARD = "gnu++14";
				CLANG_CXX_LIBRARY = "libc++";
				CLANG_ENABLE_MODULES = YES;
				CLANG_ENABLE_OBJC_ARC = YES;
				CLANG_ENABLE_OBJC_WEAK = YES;
				CLANG_WARN_BLOCK_CAPTURE_AUTORELEASING = YES;
				CLANG_WARN_BOOL_CONVERSION = YES;
				CLANG_WARN_COMMA = YES;
				CLANG_WARN_CONSTANT_CONVERSION = YES;
				CLANG_WARN_DEPRECATED_OBJC_IMPLEMENTATIONS = YES;
				CLANG_WARN_DIRECT_OBJC_ISA_USAGE = YES_ERROR;
				CLANG_WARN_DOCUMENTATION_COMMENTS = YES;
				CLANG_WARN_EMPTY_BODY = YES;
				CLANG_WARN_ENUM_CONVERSION = YES;
				CLANG_WARN_INFINITE_RECURSION = YES;
				CLANG_WARN_INT_CONVERSION = YES;
				CLANG_WARN_NON_LITERAL_NULL_CONVERSION = YES;
				CLANG_WARN_OBJC_IMPLICIT_RETAIN_SELF = YES;
				CLANG_WARN_OBJC_LITERAL_CONVERSION = YES;
				CLANG_WARN_OBJC_ROOT_CLASS = YES_ERROR;
				CLANG_WARN_QUOTED_INCLUDE_IN_FRAMEWORK_HEADER = YES;
				CLANG_WARN_RANGE_LOOP_ANALYSIS = YES;
				CLANG_WARN_STRICT_PROTOTYPES = YES;
				CLANG_WARN_SUSPICIOUS_MOVE = YES;
				CLANG_WARN_UNGUARDED_AVAILABILITY = YES_AGGRESSIVE;
				CLANG_WARN_UNREACHABLE_CODE = YES;
				CLANG_WARN__DUPLICATE_METHOD_MATCH = YES;
				COPY_PHASE_STRIP = NO;
				DEBUG_INFORMATION_FORMAT = "dwarf-with-dsym";
				ENABLE_NS_ASSERTIONS = NO;
				ENABLE_STRICT_OBJC_MSGSEND = YES;
				GCC_C_LANGUAGE_STANDARD = gnu11;
				GCC_NO_COMMON_BLOCKS = YES;
				GCC_WARN_64_TO_32_BIT_CONVERSION = YES;
				GCC_WARN_ABOUT_RETURN_TYPE = YES_ERROR;
				GCC_WARN_UNDECLARED_SELECTOR = YES;
				GCC_WARN_UNINITIALIZED_AUTOS = YES_AGGRESSIVE;
				GCC_WARN_UNUSED_FUNCTION = YES;
				GCC_WARN_UNUSED_VARIABLE = YES;
				IPHONEOS_DEPLOYMENT_TARGET = 15.0;
				MTL_ENABLE_DEBUG_INFO = NO;
				MTL_FAST_MATH = YES;
				SDKROOT = iphoneos;
				SWIFT_COMPILATION_MODE = wholemodule;
				SWIFT_OPTIMIZATION_LEVEL = "-O";
				SWIFT_VERSION = "";
				VALIDATE_PRODUCT = YES;
			};
			name = Release;
		};
		7F235E0F2585B73F007BD075 /* Debug */ = {
			isa = XCBuildConfiguration;
			baseConfigurationReference = 983365A048FEB4408A91E89A /* Pods-GalleryApp.debug.xcconfig */;
			buildSettings = {
				ASSETCATALOG_COMPILER_APPICON_NAME = AppIcon;
				ASSETCATALOG_COMPILER_GLOBAL_ACCENT_COLOR_NAME = AccentColor;
				ASSETCATALOG_COMPILER_INCLUDE_ALL_APPICON_ASSETS = YES;
				CODE_SIGN_ENTITLEMENTS = GalleryApp/GalleryApp.entitlements;
				CODE_SIGN_STYLE = Automatic;
				DEVELOPMENT_TEAM = 3HV23S92WL;
				FRAMEWORK_SEARCH_PATHS = (
					"$(inherited)",
					"$(PROJECT_DIR)",
				);
				INFOPLIST_FILE = GalleryApp/Info.plist;
				INFOPLIST_KEY_CFBundleDisplayName = iGallery;
				IPHONEOS_DEPLOYMENT_TARGET = 16.0;
				LD_RUNPATH_SEARCH_PATHS = (
					"$(inherited)",
					"@executable_path/Frameworks",
				);
				MARKETING_VERSION = 0.1;
				PRODUCT_BUNDLE_IDENTIFIER = com.pazderka.GalleryApp;
				PRODUCT_NAME = "$(TARGET_NAME)";
				SUPPORTED_PLATFORMS = "iphoneos iphonesimulator";
				SUPPORTS_MACCATALYST = NO;
				SUPPORTS_MAC_DESIGNED_FOR_IPHONE_IPAD = YES;
				SWIFT_VERSION = 5.0;
				TARGETED_DEVICE_FAMILY = "1,2";
			};
			name = Debug;
		};
		7F235E102585B73F007BD075 /* Release */ = {
			isa = XCBuildConfiguration;
			baseConfigurationReference = 11F848A477FFC4228499079E /* Pods-GalleryApp.release.xcconfig */;
			buildSettings = {
				ASSETCATALOG_COMPILER_APPICON_NAME = AppIcon;
				ASSETCATALOG_COMPILER_GLOBAL_ACCENT_COLOR_NAME = AccentColor;
				ASSETCATALOG_COMPILER_INCLUDE_ALL_APPICON_ASSETS = YES;
				CODE_SIGN_ENTITLEMENTS = GalleryApp/GalleryApp.entitlements;
				CODE_SIGN_STYLE = Automatic;
				DEVELOPMENT_TEAM = 3HV23S92WL;
				FRAMEWORK_SEARCH_PATHS = (
					"$(inherited)",
					"$(PROJECT_DIR)",
				);
				INFOPLIST_FILE = GalleryApp/Info.plist;
				INFOPLIST_KEY_CFBundleDisplayName = iGallery;
				IPHONEOS_DEPLOYMENT_TARGET = 16.0;
				LD_RUNPATH_SEARCH_PATHS = (
					"$(inherited)",
					"@executable_path/Frameworks",
				);
				MARKETING_VERSION = 0.1;
				PRODUCT_BUNDLE_IDENTIFIER = com.pazderka.GalleryApp;
				PRODUCT_NAME = "$(TARGET_NAME)";
				SUPPORTED_PLATFORMS = "iphoneos iphonesimulator";
				SUPPORTS_MACCATALYST = NO;
				SUPPORTS_MAC_DESIGNED_FOR_IPHONE_IPAD = YES;
				SWIFT_VERSION = 5.0;
				TARGETED_DEVICE_FAMILY = "1,2";
			};
			name = Release;
		};
		7F62EA7D29056C3600FCD97F /* Debug */ = {
			isa = XCBuildConfiguration;
			buildSettings = {
				ALWAYS_EMBED_SWIFT_STANDARD_LIBRARIES = YES;
				BUNDLE_LOADER = "$(TEST_HOST)";
				CLANG_CXX_LANGUAGE_STANDARD = "gnu++20";
				CODE_SIGN_STYLE = Automatic;
				CURRENT_PROJECT_VERSION = 1;
				DEVELOPMENT_TEAM = 3HV23S92WL;
				FRAMEWORK_SEARCH_PATHS = (
					"$(inherited)",
					"$(PROJECT_DIR)",
				);
				GENERATE_INFOPLIST_FILE = YES;
				IPHONEOS_DEPLOYMENT_TARGET = 16.0;
				MACOSX_DEPLOYMENT_TARGET = 12.3;
				MARKETING_VERSION = 1.0;
				PRODUCT_BUNDLE_IDENTIFIER = com.pazderka.GalleryAppTests;
				PRODUCT_NAME = "$(TARGET_NAME)";
				SDKROOT = auto;
				SUPPORTED_PLATFORMS = "iphoneos iphonesimulator macosx";
				SWIFT_EMIT_LOC_STRINGS = NO;
				SWIFT_VERSION = 5.0;
				TARGETED_DEVICE_FAMILY = "1,2";
				TEST_HOST = "$(BUILT_PRODUCTS_DIR)/GalleryApp.app/$(BUNDLE_EXECUTABLE_FOLDER_PATH)/GalleryApp";
			};
			name = Debug;
		};
		7F62EA7E29056C3600FCD97F /* Release */ = {
			isa = XCBuildConfiguration;
			buildSettings = {
				ALWAYS_EMBED_SWIFT_STANDARD_LIBRARIES = YES;
				BUNDLE_LOADER = "$(TEST_HOST)";
				CLANG_CXX_LANGUAGE_STANDARD = "gnu++20";
				CODE_SIGN_STYLE = Automatic;
				CURRENT_PROJECT_VERSION = 1;
				DEVELOPMENT_TEAM = 3HV23S92WL;
				FRAMEWORK_SEARCH_PATHS = (
					"$(inherited)",
					"$(PROJECT_DIR)",
				);
				GENERATE_INFOPLIST_FILE = YES;
				IPHONEOS_DEPLOYMENT_TARGET = 16.0;
				MACOSX_DEPLOYMENT_TARGET = 12.3;
				MARKETING_VERSION = 1.0;
				PRODUCT_BUNDLE_IDENTIFIER = com.pazderka.GalleryAppTests;
				PRODUCT_NAME = "$(TARGET_NAME)";
				SDKROOT = auto;
				SUPPORTED_PLATFORMS = "iphoneos iphonesimulator macosx";
				SWIFT_EMIT_LOC_STRINGS = NO;
				SWIFT_VERSION = 5.0;
				TARGETED_DEVICE_FAMILY = "1,2";
				TEST_HOST = "$(BUILT_PRODUCTS_DIR)/GalleryApp.app/$(BUNDLE_EXECUTABLE_FOLDER_PATH)/GalleryApp";
			};
			name = Release;
		};
/* End XCBuildConfiguration section */

/* Begin XCConfigurationList section */
		7F235DF52585B73C007BD075 /* Build configuration list for PBXProject "GalleryApp" */ = {
			isa = XCConfigurationList;
			buildConfigurations = (
				7F235E0C2585B73F007BD075 /* Debug */,
				7F235E0D2585B73F007BD075 /* Release */,
			);
			defaultConfigurationIsVisible = 0;
			defaultConfigurationName = Release;
		};
		7F235E0E2585B73F007BD075 /* Build configuration list for PBXNativeTarget "GalleryApp" */ = {
			isa = XCConfigurationList;
			buildConfigurations = (
				7F235E0F2585B73F007BD075 /* Debug */,
				7F235E102585B73F007BD075 /* Release */,
			);
			defaultConfigurationIsVisible = 0;
			defaultConfigurationName = Release;
		};
		7F62EA7C29056C3600FCD97F /* Build configuration list for PBXNativeTarget "GalleryAppTests" */ = {
			isa = XCConfigurationList;
			buildConfigurations = (
				7F62EA7D29056C3600FCD97F /* Debug */,
				7F62EA7E29056C3600FCD97F /* Release */,
			);
			defaultConfigurationIsVisible = 0;
			defaultConfigurationName = Release;
		};
/* End XCConfigurationList section */

/* Begin XCRemoteSwiftPackageReference section */
		7FEDEA91284CD8AD001F40C0 /* XCRemoteSwiftPackageReference "SnapKit" */ = {
			isa = XCRemoteSwiftPackageReference;
			repositoryURL = "https://github.com/SnapKit/SnapKit.git";
			requirement = {
				branch = develop;
				kind = branch;
			};
		};
/* End XCRemoteSwiftPackageReference section */

/* Begin XCSwiftPackageProductDependency section */
		7FEDEA92284CD8AD001F40C0 /* SnapKit */ = {
			isa = XCSwiftPackageProductDependency;
			package = 7FEDEA91284CD8AD001F40C0 /* XCRemoteSwiftPackageReference "SnapKit" */;
			productName = SnapKit;
		};
/* End XCSwiftPackageProductDependency section */
	};
	rootObject = 7F235DF22585B73C007BD075 /* Project object */;
}
